
Microsoft Visual Studio Solution File, Format Version 12.00
# Visual Studio Version 17
VisualStudioVersion = 17.0.31903.59
MinimumVisualStudioVersion = 10.0.40219.1
Project("{2150E333-8FDC-42A3-9474-1A3956D46DE8}") = "src", "src", "{6967A61C-9635-4066-82F0-596DD8ABDF1D}"
EndProject
Project("{2150E333-8FDC-42A3-9474-1A3956D46DE8}") = "Solution Items", "Solution Items", "{FDDB03A6-E41D-4179-BDD3-BE4889DA6284}"
	ProjectSection(SolutionItems) = preProject
		.editorconfig = .editorconfig
		.gitignore = .gitignore
		global.json = global.json
		Makefile = Makefile
		nuget.config = nuget.config
		Taskfile.yml = Taskfile.yml
	EndProjectSection
EndProject
Project("{2150E333-8FDC-42A3-9474-1A3956D46DE8}") = "Shared Kernel", "Shared Kernel", "{368DC489-458A-4B26-A2B0-DAAD0D30CC8E}"
EndProject
Project("{2150E333-8FDC-42A3-9474-1A3956D46DE8}") = "Blueprint Service", "Blueprint Service", "{02C2C0AE-9138-45C6-BBAC-051BAE422F6D}"
EndProject
Project("{FAE04EC0-301F-11D3-BF4B-00C04F79EFBC}") = "PlatformKernel.Entity", "src\shared-kernel\PlatformKernel.Entity\PlatformKernel.Entity.csproj", "{0BC4064A-EE16-4841-A22B-4ACC77E482E8}"
EndProject
Project("{FAE04EC0-301F-11D3-BF4B-00C04F79EFBC}") = "PlatformKernel.ServiceDefaults", "src\shared-kernel\PlatformKernel.ServiceDefaults\PlatformKernel.ServiceDefaults.csproj", "{006A0E8A-C508-4D28-967F-9D7FE6E3167F}"
EndProject
Project("{FAE04EC0-301F-11D3-BF4B-00C04F79EFBC}") = "PlatformKernel.Hangfire", "src\shared-kernel\PlatformKernel.Hangfire\PlatformKernel.Hangfire.csproj", "{FCA716EA-608A-4EF5-BE07-A334E064DF72}"
EndProject
Project("{FAE04EC0-301F-11D3-BF4B-00C04F79EFBC}") = "PlatformKernel.MassTransit", "src\shared-kernel\PlatformKernel.MassTransit\PlatformKernel.MassTransit.csproj", "{EA9CCC3F-8D8B-4378-8A2F-8DAF6AAA8C82}"
EndProject
Project("{FAE04EC0-301F-11D3-BF4B-00C04F79EFBC}") = "PlatformKernel.Pagination", "src\shared-kernel\PlatformKernel.Pagination\PlatformKernel.Pagination.csproj", "{E03FD2DE-ECE2-4ED1-966F-473ACAFE0D02}"
EndProject
Project("{FAE04EC0-301F-11D3-BF4B-00C04F79EFBC}") = "PlatformKernel.Serilog", "src\shared-kernel\PlatformKernel.Serilog\PlatformKernel.Serilog.csproj", "{EE662357-A6E9-465B-AEF5-2DFFDE492AAD}"
EndProject
Project("{FAE04EC0-301F-11D3-BF4B-00C04F79EFBC}") = "PlatformKernel.Grpc", "src\shared-kernel\PlatformKernel.Grpc\PlatformKernel.Grpc.csproj", "{095C478C-5C86-4423-8E13-F516D37C1EA3}"
EndProject
Project("{FAE04EC0-301F-11D3-BF4B-00C04F79EFBC}") = "PlatformKernel.SysException", "src\shared-kernel\PlatformKernel.SysException\PlatformKernel.SysException.csproj", "{000F5F39-7245-48E5-B06D-73440DD769FB}"
EndProject
Project("{FAE04EC0-301F-11D3-BF4B-00C04F79EFBC}") = "PlatformKernel.ApplicationShared", "src\shared-kernel\PlatformKernel.ApplicationShared\PlatformKernel.ApplicationShared.csproj", "{9123AF70-A6F7-428E-8506-0AA1CE4CC2AF}"
EndProject
Project("{FAE04EC0-301F-11D3-BF4B-00C04F79EFBC}") = "PlatformKernel.Sentry", "src\shared-kernel\PlatformKernel.Sentry\PlatformKernel.Sentry.csproj", "{711E311B-66F3-4CF3-B33F-393D9EDDAE12}"
EndProject
Project("{FAE04EC0-301F-11D3-BF4B-00C04F79EFBC}") = "PlatformKernel.Specification", "src\shared-kernel\PlatformKernel.Specification\PlatformKernel.Specification.csproj", "{DC057012-F802-46B1-92E7-17F8B2937A90}"
EndProject
Project("{FAE04EC0-301F-11D3-BF4B-00C04F79EFBC}") = "PlatformKernel.UnitOfWork", "src\shared-kernel\PlatformKernel.UnitOfWork\PlatformKernel.UnitOfWork.csproj", "{0E324CD4-0052-4B0B-95ED-54BBED0CECC7}"
EndProject
Project("{FAE04EC0-301F-11D3-BF4B-00C04F79EFBC}") = "PlatformKernel.Cache", "src\shared-kernel\PlatformKernel.Cache\PlatformKernel.Cache.csproj", "{32C99D40-0D20-47C2-80C0-6DDC2EEECB4C}"
EndProject
Project("{FAE04EC0-301F-11D3-BF4B-00C04F79EFBC}") = "PlatformKernel.IntegrationEvent", "src\shared-kernel\PlatformKernel.IntegrationEvent\PlatformKernel.IntegrationEvent.csproj", "{E62C1A7A-44EF-4B74-B6FC-7A1237072965}"
EndProject
Project("{FAE04EC0-301F-11D3-BF4B-00C04F79EFBC}") = "PlatformKernel.Service.DbMigration", "src\blueprint-service\PlatformKernel.Service.DbMigration\PlatformKernel.Service.DbMigration.csproj", "{56439202-BA1F-46CB-B3AF-ACAC2489DF31}"
EndProject
Project("{FAE04EC0-301F-11D3-BF4B-00C04F79EFBC}") = "PlatformKernel.Service.Base.Application", "src\blueprint-service\PlatformKernel.Service.Base.Application\PlatformKernel.Service.Base.Application.csproj", "{2139D496-ABD2-44D9-B336-C63CF6C3BDF4}"
EndProject
Project("{FAE04EC0-301F-11D3-BF4B-00C04F79EFBC}") = "PlatformKernel.Service.Application", "src\blueprint-service\PlatformKernel.Service.Application\PlatformKernel.Service.Application.csproj", "{D713752A-2962-42B9-AA22-B5B7DBE2B08F}"
EndProject
Project("{FAE04EC0-301F-11D3-BF4B-00C04F79EFBC}") = "PlatformKernel.Service.WebApi", "src\blueprint-service\PlatformKernel.Service.WebApi\PlatformKernel.Service.WebApi.csproj", "{99131F73-E8BC-485D-B5B1-97E6F822CC33}"
EndProject
Project("{FAE04EC0-301F-11D3-BF4B-00C04F79EFBC}") = "PlatformKernel.Service.WebApi.Application", "src\blueprint-service\PlatformKernel.Service.WebApi.Application\PlatformKernel.Service.WebApi.Application.csproj", "{B1CC497A-6149-4229-A522-751A1F129A55}"
EndProject
Global
	GlobalSection(SolutionConfigurationPlatforms) = preSolution
		Debug|Any CPU = Debug|Any CPU
		Release|Any CPU = Release|Any CPU
	EndGlobalSection
	GlobalSection(SolutionProperties) = preSolution
		HideSolutionNode = FALSE
	EndGlobalSection
	GlobalSection(NestedProjects) = preSolution
		{368DC489-458A-4B26-A2B0-DAAD0D30CC8E} = {6967A61C-9635-4066-82F0-596DD8ABDF1D}
		{02C2C0AE-9138-45C6-BBAC-051BAE422F6D} = {6967A61C-9635-4066-82F0-596DD8ABDF1D}
		{0BC4064A-EE16-4841-A22B-4ACC77E482E8} = {368DC489-458A-4B26-A2B0-DAAD0D30CC8E}
		{006A0E8A-C508-4D28-967F-9D7FE6E3167F} = {368DC489-458A-4B26-A2B0-DAAD0D30CC8E}
		{FCA716EA-608A-4EF5-BE07-A334E064DF72} = {368DC489-458A-4B26-A2B0-DAAD0D30CC8E}
		{EA9CCC3F-8D8B-4378-8A2F-8DAF6AAA8C82} = {368DC489-458A-4B26-A2B0-DAAD0D30CC8E}
		{E03FD2DE-ECE2-4ED1-966F-473ACAFE0D02} = {368DC489-458A-4B26-A2B0-DAAD0D30CC8E}
		{EE662357-A6E9-465B-AEF5-2DFFDE492AAD} = {368DC489-458A-4B26-A2B0-DAAD0D30CC8E}
		{095C478C-5C86-4423-8E13-F516D37C1EA3} = {368DC489-458A-4B26-A2B0-DAAD0D30CC8E}
		{000F5F39-7245-48E5-B06D-73440DD769FB} = {368DC489-458A-4B26-A2B0-DAAD0D30CC8E}
		{9123AF70-A6F7-428E-8506-0AA1CE4CC2AF} = {368DC489-458A-4B26-A2B0-DAAD0D30CC8E}
		{711E311B-66F3-4CF3-B33F-393D9EDDAE12} = {368DC489-458A-4B26-A2B0-DAAD0D30CC8E}
		{DC057012-F802-46B1-92E7-17F8B2937A90} = {368DC489-458A-4B26-A2B0-DAAD0D30CC8E}
		{0E324CD4-0052-4B0B-95ED-54BBED0CECC7} = {368DC489-458A-4B26-A2B0-DAAD0D30CC8E}
		{32C99D40-0D20-47C2-80C0-6DDC2EEECB4C} = {368DC489-458A-4B26-A2B0-DAAD0D30CC8E}
		{E62C1A7A-44EF-4B74-B6FC-7A1237072965} = {368DC489-458A-4B26-A2B0-DAAD0D30CC8E}
		{56439202-BA1F-46CB-B3AF-ACAC2489DF31} = {02C2C0AE-9138-45C6-BBAC-051BAE422F6D}
		{2139D496-ABD2-44D9-B336-C63CF6C3BDF4} = {02C2C0AE-9138-45C6-BBAC-051BAE422F6D}
		{D713752A-2962-42B9-AA22-B5B7DBE2B08F} = {02C2C0AE-9138-45C6-BBAC-051BAE422F6D}
		{99131F73-E8BC-485D-B5B1-97E6F822CC33} = {02C2C0AE-9138-45C6-BBAC-051BAE422F6D}
		{B1CC497A-6149-4229-A522-751A1F129A55} = {02C2C0AE-9138-45C6-BBAC-051BAE422F6D}
	EndGlobalSection
	GlobalSection(ProjectConfigurationPlatforms) = postSolution
		{0BC4064A-EE16-4841-A22B-4ACC77E482E8}.Debug|Any CPU.ActiveCfg = Debug|Any CPU
		{0BC4064A-EE16-4841-A22B-4ACC77E482E8}.Debug|Any CPU.Build.0 = Debug|Any CPU
		{0BC4064A-EE16-4841-A22B-4ACC77E482E8}.Release|Any CPU.ActiveCfg = Release|Any CPU
		{0BC4064A-EE16-4841-A22B-4ACC77E482E8}.Release|Any CPU.Build.0 = Release|Any CPU
		{006A0E8A-C508-4D28-967F-9D7FE6E3167F}.Debug|Any CPU.ActiveCfg = Debug|Any CPU
		{006A0E8A-C508-4D28-967F-9D7FE6E3167F}.Debug|Any CPU.Build.0 = Debug|Any CPU
		{006A0E8A-C508-4D28-967F-9D7FE6E3167F}.Release|Any CPU.ActiveCfg = Release|Any CPU
		{006A0E8A-C508-4D28-967F-9D7FE6E3167F}.Release|Any CPU.Build.0 = Release|Any CPU
		{FCA716EA-608A-4EF5-BE07-A334E064DF72}.Debug|Any CPU.ActiveCfg = Debug|Any CPU
		{FCA716EA-608A-4EF5-BE07-A334E064DF72}.Debug|Any CPU.Build.0 = Debug|Any CPU
		{FCA716EA-608A-4EF5-BE07-A334E064DF72}.Release|Any CPU.ActiveCfg = Release|Any CPU
		{FCA716EA-608A-4EF5-BE07-A334E064DF72}.Release|Any CPU.Build.0 = Release|Any CPU
		{EA9CCC3F-8D8B-4378-8A2F-8DAF6AAA8C82}.Debug|Any CPU.ActiveCfg = Debug|Any CPU
		{EA9CCC3F-8D8B-4378-8A2F-8DAF6AAA8C82}.Debug|Any CPU.Build.0 = Debug|Any CPU
		{EA9CCC3F-8D8B-4378-8A2F-8DAF6AAA8C82}.Release|Any CPU.ActiveCfg = Release|Any CPU
		{EA9CCC3F-8D8B-4378-8A2F-8DAF6AAA8C82}.Release|Any CPU.Build.0 = Release|Any CPU
		{E03FD2DE-ECE2-4ED1-966F-473ACAFE0D02}.Debug|Any CPU.ActiveCfg = Debug|Any CPU
		{E03FD2DE-ECE2-4ED1-966F-473ACAFE0D02}.Debug|Any CPU.Build.0 = Debug|Any CPU
		{E03FD2DE-ECE2-4ED1-966F-473ACAFE0D02}.Release|Any CPU.ActiveCfg = Release|Any CPU
		{E03FD2DE-ECE2-4ED1-966F-473ACAFE0D02}.Release|Any CPU.Build.0 = Release|Any CPU
		{EE662357-A6E9-465B-AEF5-2DFFDE492AAD}.Debug|Any CPU.ActiveCfg = Debug|Any CPU
		{EE662357-A6E9-465B-AEF5-2DFFDE492AAD}.Debug|Any CPU.Build.0 = Debug|Any CPU
		{EE662357-A6E9-465B-AEF5-2DFFDE492AAD}.Release|Any CPU.ActiveCfg = Release|Any CPU
		{EE662357-A6E9-465B-AEF5-2DFFDE492AAD}.Release|Any CPU.Build.0 = Release|Any CPU
		{095C478C-5C86-4423-8E13-F516D37C1EA3}.Debug|Any CPU.ActiveCfg = Debug|Any CPU
		{095C478C-5C86-4423-8E13-F516D37C1EA3}.Debug|Any CPU.Build.0 = Debug|Any CPU
		{095C478C-5C86-4423-8E13-F516D37C1EA3}.Release|Any CPU.ActiveCfg = Release|Any CPU
		{095C478C-5C86-4423-8E13-F516D37C1EA3}.Release|Any CPU.Build.0 = Release|Any CPU
		{000F5F39-7245-48E5-B06D-73440DD769FB}.Debug|Any CPU.ActiveCfg = Debug|Any CPU
		{000F5F39-7245-48E5-B06D-73440DD769FB}.Debug|Any CPU.Build.0 = Debug|Any CPU
		{000F5F39-7245-48E5-B06D-73440DD769FB}.Release|Any CPU.ActiveCfg = Release|Any CPU
		{000F5F39-7245-48E5-B06D-73440DD769FB}.Release|Any CPU.Build.0 = Release|Any CPU
		{9123AF70-A6F7-428E-8506-0AA1CE4CC2AF}.Debug|Any CPU.ActiveCfg = Debug|Any CPU
		{9123AF70-A6F7-428E-8506-0AA1CE4CC2AF}.Debug|Any CPU.Build.0 = Debug|Any CPU
		{9123AF70-A6F7-428E-8506-0AA1CE4CC2AF}.Release|Any CPU.ActiveCfg = Release|Any CPU
		{9123AF70-A6F7-428E-8506-0AA1CE4CC2AF}.Release|Any CPU.Build.0 = Release|Any CPU
		{711E311B-66F3-4CF3-B33F-393D9EDDAE12}.Debug|Any CPU.ActiveCfg = Debug|Any CPU
		{711E311B-66F3-4CF3-B33F-393D9EDDAE12}.Debug|Any CPU.Build.0 = Debug|Any CPU
		{711E311B-66F3-4CF3-B33F-393D9EDDAE12}.Release|Any CPU.ActiveCfg = Release|Any CPU
		{711E311B-66F3-4CF3-B33F-393D9EDDAE12}.Release|Any CPU.Build.0 = Release|Any CPU
		{DC057012-F802-46B1-92E7-17F8B2937A90}.Debug|Any CPU.ActiveCfg = Debug|Any CPU
		{DC057012-F802-46B1-92E7-17F8B2937A90}.Debug|Any CPU.Build.0 = Debug|Any CPU
		{DC057012-F802-46B1-92E7-17F8B2937A90}.Release|Any CPU.ActiveCfg = Release|Any CPU
		{DC057012-F802-46B1-92E7-17F8B2937A90}.Release|Any CPU.Build.0 = Release|Any CPU
		{0E324CD4-0052-4B0B-95ED-54BBED0CECC7}.Debug|Any CPU.ActiveCfg = Debug|Any CPU
		{0E324CD4-0052-4B0B-95ED-54BBED0CECC7}.Debug|Any CPU.Build.0 = Debug|Any CPU
		{0E324CD4-0052-4B0B-95ED-54BBED0CECC7}.Release|Any CPU.ActiveCfg = Release|Any CPU
		{0E324CD4-0052-4B0B-95ED-54BBED0CECC7}.Release|Any CPU.Build.0 = Release|Any CPU
		{32C99D40-0D20-47C2-80C0-6DDC2EEECB4C}.Debug|Any CPU.ActiveCfg = Debug|Any CPU
		{32C99D40-0D20-47C2-80C0-6DDC2EEECB4C}.Debug|Any CPU.Build.0 = Debug|Any CPU
		{32C99D40-0D20-47C2-80C0-6DDC2EEECB4C}.Release|Any CPU.ActiveCfg = Release|Any CPU
		{32C99D40-0D20-47C2-80C0-6DDC2EEECB4C}.Release|Any CPU.Build.0 = Release|Any CPU
		{E62C1A7A-44EF-4B74-B6FC-7A1237072965}.Debug|Any CPU.ActiveCfg = Debug|Any CPU
		{E62C1A7A-44EF-4B74-B6FC-7A1237072965}.Debug|Any CPU.Build.0 = Debug|Any CPU
		{E62C1A7A-44EF-4B74-B6FC-7A1237072965}.Release|Any CPU.ActiveCfg = Release|Any CPU
		{E62C1A7A-44EF-4B74-B6FC-7A1237072965}.Release|Any CPU.Build.0 = Release|Any CPU
		{56439202-BA1F-46CB-B3AF-ACAC2489DF31}.Debug|Any CPU.ActiveCfg = Debug|Any CPU
		{56439202-BA1F-46CB-B3AF-ACAC2489DF31}.Debug|Any CPU.Build.0 = Debug|Any CPU
		{56439202-BA1F-46CB-B3AF-ACAC2489DF31}.Release|Any CPU.ActiveCfg = Release|Any CPU
		{56439202-BA1F-46CB-B3AF-ACAC2489DF31}.Release|Any CPU.Build.0 = Release|Any CPU
		{2139D496-ABD2-44D9-B336-C63CF6C3BDF4}.Debug|Any CPU.ActiveCfg = Debug|Any CPU
		{2139D496-ABD2-44D9-B336-C63CF6C3BDF4}.Debug|Any CPU.Build.0 = Debug|Any CPU
		{2139D496-ABD2-44D9-B336-C63CF6C3BDF4}.Release|Any CPU.ActiveCfg = Release|Any CPU
		{2139D496-ABD2-44D9-B336-C63CF6C3BDF4}.Release|Any CPU.Build.0 = Release|Any CPU
		{D713752A-2962-42B9-AA22-B5B7DBE2B08F}.Debug|Any CPU.ActiveCfg = Debug|Any CPU
		{D713752A-2962-42B9-AA22-B5B7DBE2B08F}.Debug|Any CPU.Build.0 = Debug|Any CPU
		{D713752A-2962-42B9-AA22-B5B7DBE2B08F}.Release|Any CPU.ActiveCfg = Release|Any CPU
		{D713752A-2962-42B9-AA22-B5B7DBE2B08F}.Release|Any CPU.Build.0 = Release|Any CPU
		{99131F73-E8BC-485D-B5B1-97E6F822CC33}.Debug|Any CPU.ActiveCfg = Debug|Any CPU
		{99131F73-E8BC-485D-B5B1-97E6F822CC33}.Debug|Any CPU.Build.0 = Debug|Any CPU
		{99131F73-E8BC-485D-B5B1-97E6F822CC33}.Release|Any CPU.ActiveCfg = Release|Any CPU
		{99131F73-E8BC-485D-B5B1-97E6F822CC33}.Release|Any CPU.Build.0 = Release|Any CPU
		{B1CC497A-6149-4229-A522-751A1F129A55}.Debug|Any CPU.ActiveCfg = Debug|Any CPU
		{B1CC497A-6149-4229-A522-751A1F129A55}.Debug|Any CPU.Build.0 = Debug|Any CPU
		{B1CC497A-6149-4229-A522-751A1F129A55}.Release|Any CPU.ActiveCfg = Release|Any CPU
		{B1CC497A-6149-4229-A522-751A1F129A55}.Release|Any CPU.Build.0 = Release|Any CPU
	EndGlobalSection
EndGlobal
