
Microsoft Visual Studio Solution File, Format Version 12.00
# Visual Studio Version 17
VisualStudioVersion = 17.0.31903.59
MinimumVisualStudioVersion = 10.0.40219.1
Project("{2150E333-8FDC-42A3-9474-1A3956D46DE8}") = "src", "src", "{6967A61C-9635-4066-82F0-596DD8ABDF1D}"
EndProject
Project("{2150E333-8FDC-42A3-9474-1A3956D46DE8}") = "Solution Items", "Solution Items", "{FDDB03A6-E41D-4179-BDD3-BE4889DA6284}"
	ProjectSection(SolutionItems) = preProject
		.editorconfig = .editorconfig
		.gitignore = .gitignore
		global.json = global.json
		Makefile = Makefile
		nuget.config = nuget.config
		Taskfile.yml = Taskfile.yml
	EndProjectSection
EndProject
Project("{2150E333-8FDC-42A3-9474-1A3956D46DE8}") = "Shared Kernel", "Shared Kernel", "{368DC489-458A-4B26-A2B0-DAAD0D30CC8E}"
EndProject
Project("{FAE04EC0-301F-11D3-BF4B-00C04F79EFBC}") = "SharedKernel.Entity", "src\shared-kernel\SharedKernel.Entity\SharedKernel.Entity.csproj", "{0BC4064A-EE16-4841-A22B-4ACC77E482E8}"
EndProject
Project("{FAE04EC0-301F-11D3-BF4B-00C04F79EFBC}") = "SharedKernel.ServiceDefaults", "src\shared-kernel\SharedKernel.ServiceDefaults\SharedKernel.ServiceDefaults.csproj", "{006A0E8A-C508-4D28-967F-9D7FE6E3167F}"
EndProject
Project("{FAE04EC0-301F-11D3-BF4B-00C04F79EFBC}") = "SharedKernel.Hangfire", "src\shared-kernel\SharedKernel.Hangfire\SharedKernel.Hangfire.csproj", "{FCA716EA-608A-4EF5-BE07-A334E064DF72}"
EndProject
Project("{FAE04EC0-301F-11D3-BF4B-00C04F79EFBC}") = "SharedKernel.MassTransit", "src\shared-kernel\SharedKernel.MassTransit\SharedKernel.MassTransit.csproj", "{EA9CCC3F-8D8B-4378-8A2F-8DAF6AAA8C82}"
EndProject
Project("{FAE04EC0-301F-11D3-BF4B-00C04F79EFBC}") = "SharedKernel.Pagination", "src\shared-kernel\SharedKernel.Pagination\SharedKernel.Pagination.csproj", "{E03FD2DE-ECE2-4ED1-966F-473ACAFE0D02}"
EndProject
Project("{FAE04EC0-301F-11D3-BF4B-00C04F79EFBC}") = "SharedKernel.Serilog", "src\shared-kernel\SharedKernel.Serilog\SharedKernel.Serilog.csproj", "{EE662357-A6E9-465B-AEF5-2DFFDE492AAD}"
EndProject
Project("{FAE04EC0-301F-11D3-BF4B-00C04F79EFBC}") = "SharedKernel.Grpc", "src\shared-kernel\SharedKernel.Grpc\SharedKernel.Grpc.csproj", "{095C478C-5C86-4423-8E13-F516D37C1EA3}"
EndProject
Project("{FAE04EC0-301F-11D3-BF4B-00C04F79EFBC}") = "SharedKernel.Exception", "src\shared-kernel\SharedKernel.Exception\SharedKernel.Exception.csproj", "{000F5F39-7245-48E5-B06D-73440DD769FB}"
EndProject
Project("{FAE04EC0-301F-11D3-BF4B-00C04F79EFBC}") = "SharedKernel.AppShared", "src\shared-kernel\SharedKernel.AppShared\SharedKernel.AppShared.csproj", "{9123AF70-A6F7-428E-8506-0AA1CE4CC2AF}"
EndProject
Project("{FAE04EC0-301F-11D3-BF4B-00C04F79EFBC}") = "SharedKernel.Sentry", "src\shared-kernel\SharedKernel.Sentry\SharedKernel.Sentry.csproj", "{711E311B-66F3-4CF3-B33F-393D9EDDAE12}"
EndProject
Project("{FAE04EC0-301F-11D3-BF4B-00C04F79EFBC}") = "SharedKernel.Specification", "src\shared-kernel\SharedKernel.Specification\SharedKernel.Specification.csproj", "{DC057012-F802-46B1-92E7-17F8B2937A90}"
EndProject
Project("{FAE04EC0-301F-11D3-BF4B-00C04F79EFBC}") = "SharedKernel.UnitOfWork", "src\shared-kernel\SharedKernel.UnitOfWork\SharedKernel.UnitOfWork.csproj", "{0E324CD4-0052-4B0B-95ED-54BBED0CECC7}"
EndProject
Project("{FAE04EC0-301F-11D3-BF4B-00C04F79EFBC}") = "SharedKernel.Cache", "src\shared-kernel\SharedKernel.Cache\SharedKernel.Cache.csproj", "{32C99D40-0D20-47C2-80C0-6DDC2EEECB4C}"
EndProject
Project("{FAE04EC0-301F-11D3-BF4B-00C04F79EFBC}") = "SharedKernel.IntegrationEvent", "src\shared-kernel\SharedKernel.IntegrationEvent\SharedKernel.IntegrationEvent.csproj", "{E62C1A7A-44EF-4B74-B6FC-7A1237072965}"
EndProject
Project("{FAE04EC0-301F-11D3-BF4B-00C04F79EFBC}") = "SharedKernel.CQRS", "src\shared-kernel\SharedKernel.CQRS\SharedKernel.CQRS.csproj", "{E9364554-7664-48FE-B2A2-9239F98CE7B5}"
EndProject
Project("{FAE04EC0-301F-11D3-BF4B-00C04F79EFBC}") = "SharedKernel.RepositoryBase", "src\shared-kernel\SharedKernel.RepositoryBase\SharedKernel.RepositoryBase.csproj", "{ED53A157-F363-408F-89C1-A0B8308100E8}"
EndProject
Project("{FAE04EC0-301F-11D3-BF4B-00C04F79EFBC}") = "SharedKernel.ServiceBase", "src\shared-kernel\SharedKernel.ServiceBase\SharedKernel.ServiceBase.csproj", "{899B627B-BC25-4FD8-98B2-DF181EA30FD4}"
EndProject
Project("{FAE04EC0-301F-11D3-BF4B-00C04F79EFBC}") = "DependencyAudit", "dependency-audit\DependencyAudit.csproj", "{94FAAD46-029B-4B06-B934-70F69F82367B}"
EndProject
Project("{2150E333-8FDC-42A3-9474-1A3956D46DE8}") = "shared-kernel", "shared-kernel", "{38E63413-9111-AB22-3D9A-6F19D9CDBB1D}"
EndProject
Project("{FAE04EC0-301F-11D3-BF4B-00C04F79EFBC}") = "SharedKernel.MassTransit.Test", "src\shared-kernel\SharedKernel.MassTransit.Test\SharedKernel.MassTransit.Test.csproj", "{DB2E2F1C-A2FA-47E8-891F-66CEC2C99DFC}"
EndProject
Project("{FAE04EC0-301F-11D3-BF4B-00C04F79EFBC}") = "SharedKernel.AppShared.Test", "src\shared-kernel\SharedKernel.AppShared.Test\SharedKernel.AppShared.Test.csproj", "{826A4AA2-BCA5-480F-AF54-033EA9DCB2C9}"
EndProject
Project("{FAE04EC0-301F-11D3-BF4B-00C04F79EFBC}") = "SharedKernel.Cache.Test", "src\shared-kernel\SharedKernel.Cache.Test\SharedKernel.Cache.Test.csproj", "{F51056B3-05C3-4F88-8DD1-A552FF10806C}"
EndProject
Project("{FAE04EC0-301F-11D3-BF4B-00C04F79EFBC}") = "SharedKernel.CQRS.Test", "src\shared-kernel\SharedKernel.CQRS.Test\SharedKernel.CQRS.Test.csproj", "{5FF22ACA-9E78-4328-A869-C67DAEA66235}"
EndProject
Project("{FAE04EC0-301F-11D3-BF4B-00C04F79EFBC}") = "SharedKernel.Entity.Test", "src\shared-kernel\SharedKernel.Entity.Test\SharedKernel.Entity.Test.csproj", "{AEEE5B28-D147-46A7-9FA8-2B84D6690EC2}"
EndProject
Project("{FAE04EC0-301F-11D3-BF4B-00C04F79EFBC}") = "SharedKernel.Exception.Test", "src\shared-kernel\SharedKernel.Exception.Test\SharedKernel.Exception.Test.csproj", "{240B4912-A81F-4355-A1AF-8570E3CFE178}"
EndProject
Project("{FAE04EC0-301F-11D3-BF4B-00C04F79EFBC}") = "SharedKernel.Grpc.Test", "src\shared-kernel\SharedKernel.Grpc.Test\SharedKernel.Grpc.Test.csproj", "{D3FD0C56-8748-4870-9C93-1B95AC81E0B1}"
EndProject
Project("{FAE04EC0-301F-11D3-BF4B-00C04F79EFBC}") = "SharedKernel.Hangfire.Test", "src\shared-kernel\SharedKernel.Hangfire.Test\SharedKernel.Hangfire.Test.csproj", "{39132D82-B210-44D1-8989-150059E09044}"
EndProject
Project("{FAE04EC0-301F-11D3-BF4B-00C04F79EFBC}") = "SharedKernel.IntegrationEvent.Test", "src\shared-kernel\SharedKernel.IntegrationEvent.Test\SharedKernel.IntegrationEvent.Test.csproj", "{2F930114-ABB2-4426-BCE7-B74494FB2CF6}"
EndProject
Project("{FAE04EC0-301F-11D3-BF4B-00C04F79EFBC}") = "SharedKernel.Pagination.Test", "src\shared-kernel\SharedKernel.Pagination.Test\SharedKernel.Pagination.Test.csproj", "{0AB6342C-24CC-41AA-BC28-01D69FEF6216}"
EndProject
Project("{FAE04EC0-301F-11D3-BF4B-00C04F79EFBC}") = "SharedKernel.RepositoryBase.Test", "src\shared-kernel\SharedKernel.RepositoryBase.Test\SharedKernel.RepositoryBase.Test.csproj", "{1399A6B7-095D-4A8D-8BC3-383CB215AB60}"
EndProject
Project("{FAE04EC0-301F-11D3-BF4B-00C04F79EFBC}") = "SharedKernel.Sentry.Test", "src\shared-kernel\SharedKernel.Sentry.Test\SharedKernel.Sentry.Test.csproj", "{A9E67CA8-50D2-4243-BCD8-F8A7BD54AA6E}"
EndProject
Project("{FAE04EC0-301F-11D3-BF4B-00C04F79EFBC}") = "SharedKernel.Serilog.Test", "src\shared-kernel\SharedKernel.Serilog.Test\SharedKernel.Serilog.Test.csproj", "{65F8E8DF-AF83-45C5-B1F9-08D4FB64B428}"
EndProject
Project("{FAE04EC0-301F-11D3-BF4B-00C04F79EFBC}") = "SharedKernel.ServiceBase.Test", "src\shared-kernel\SharedKernel.ServiceBase.Test\SharedKernel.ServiceBase.Test.csproj", "{3E7F154D-5F6C-4B43-8622-5333502C282F}"
EndProject
Project("{FAE04EC0-301F-11D3-BF4B-00C04F79EFBC}") = "SharedKernel.ServiceDefaults.Test", "src\shared-kernel\SharedKernel.ServiceDefaults.Test\SharedKernel.ServiceDefaults.Test.csproj", "{564E79FA-DF08-441F-8983-3584E7F74556}"
EndProject
Project("{FAE04EC0-301F-11D3-BF4B-00C04F79EFBC}") = "SharedKernel.Specification.Test", "src\shared-kernel\SharedKernel.Specification.Test\SharedKernel.Specification.Test.csproj", "{20DCFB5B-890D-436A-BF16-1DA602E38E51}"
EndProject
Project("{FAE04EC0-301F-11D3-BF4B-00C04F79EFBC}") = "SharedKernel.UnitOfWork.Test", "src\shared-kernel\SharedKernel.UnitOfWork.Test\SharedKernel.UnitOfWork.Test.csproj", "{0ABBB14B-1558-480D-8507-A5E3DD1C17EA}"
EndProject
Project("{FAE04EC0-301F-11D3-BF4B-00C04F79EFBC}") = "SharedKernel.ElasticSearch", "src\shared-kernel\SharedKernel.ElasticSearch\SharedKernel.ElasticSearch.csproj", "{635F8764-60C4-4D29-B6E1-2772842E75D1}"
EndProject
Project("{FAE04EC0-301F-11D3-BF4B-00C04F79EFBC}") = "SharedKernel.ElasticSearch.Test", "src\shared-kernel\SharedKernel.ElasticSearch.Test\SharedKernel.ElasticSearch.Test.csproj", "{F07B908A-EDAE-4663-A6E2-13085884B69B}"
EndProject
Global
	GlobalSection(SolutionConfigurationPlatforms) = preSolution
		Debug|Any CPU = Debug|Any CPU
		Debug|x64 = Debug|x64
		Debug|x86 = Debug|x86
		Release|Any CPU = Release|Any CPU
		Release|x64 = Release|x64
		Release|x86 = Release|x86
	EndGlobalSection
	GlobalSection(ProjectConfigurationPlatforms) = postSolution
		{0BC4064A-EE16-4841-A22B-4ACC77E482E8}.Debug|Any CPU.ActiveCfg = Debug|Any CPU
		{0BC4064A-EE16-4841-A22B-4ACC77E482E8}.Debug|Any CPU.Build.0 = Debug|Any CPU
		{0BC4064A-EE16-4841-A22B-4ACC77E482E8}.Debug|x64.ActiveCfg = Debug|Any CPU
		{0BC4064A-EE16-4841-A22B-4ACC77E482E8}.Debug|x64.Build.0 = Debug|Any CPU
		{0BC4064A-EE16-4841-A22B-4ACC77E482E8}.Debug|x86.ActiveCfg = Debug|Any CPU
		{0BC4064A-EE16-4841-A22B-4ACC77E482E8}.Debug|x86.Build.0 = Debug|Any CPU
		{0BC4064A-EE16-4841-A22B-4ACC77E482E8}.Release|Any CPU.ActiveCfg = Release|Any CPU
		{0BC4064A-EE16-4841-A22B-4ACC77E482E8}.Release|Any CPU.Build.0 = Release|Any CPU
		{0BC4064A-EE16-4841-A22B-4ACC77E482E8}.Release|x64.ActiveCfg = Release|Any CPU
		{0BC4064A-EE16-4841-A22B-4ACC77E482E8}.Release|x64.Build.0 = Release|Any CPU
		{0BC4064A-EE16-4841-A22B-4ACC77E482E8}.Release|x86.ActiveCfg = Release|Any CPU
		{0BC4064A-EE16-4841-A22B-4ACC77E482E8}.Release|x86.Build.0 = Release|Any CPU
		{006A0E8A-C508-4D28-967F-9D7FE6E3167F}.Debug|Any CPU.ActiveCfg = Debug|Any CPU
		{006A0E8A-C508-4D28-967F-9D7FE6E3167F}.Debug|Any CPU.Build.0 = Debug|Any CPU
		{006A0E8A-C508-4D28-967F-9D7FE6E3167F}.Debug|x64.ActiveCfg = Debug|Any CPU
		{006A0E8A-C508-4D28-967F-9D7FE6E3167F}.Debug|x64.Build.0 = Debug|Any CPU
		{006A0E8A-C508-4D28-967F-9D7FE6E3167F}.Debug|x86.ActiveCfg = Debug|Any CPU
		{006A0E8A-C508-4D28-967F-9D7FE6E3167F}.Debug|x86.Build.0 = Debug|Any CPU
		{006A0E8A-C508-4D28-967F-9D7FE6E3167F}.Release|Any CPU.ActiveCfg = Release|Any CPU
		{006A0E8A-C508-4D28-967F-9D7FE6E3167F}.Release|Any CPU.Build.0 = Release|Any CPU
		{006A0E8A-C508-4D28-967F-9D7FE6E3167F}.Release|x64.ActiveCfg = Release|Any CPU
		{006A0E8A-C508-4D28-967F-9D7FE6E3167F}.Release|x64.Build.0 = Release|Any CPU
		{006A0E8A-C508-4D28-967F-9D7FE6E3167F}.Release|x86.ActiveCfg = Release|Any CPU
		{006A0E8A-C508-4D28-967F-9D7FE6E3167F}.Release|x86.Build.0 = Release|Any CPU
		{FCA716EA-608A-4EF5-BE07-A334E064DF72}.Debug|Any CPU.ActiveCfg = Debug|Any CPU
		{FCA716EA-608A-4EF5-BE07-A334E064DF72}.Debug|Any CPU.Build.0 = Debug|Any CPU
		{FCA716EA-608A-4EF5-BE07-A334E064DF72}.Debug|x64.ActiveCfg = Debug|Any CPU
		{FCA716EA-608A-4EF5-BE07-A334E064DF72}.Debug|x64.Build.0 = Debug|Any CPU
		{FCA716EA-608A-4EF5-BE07-A334E064DF72}.Debug|x86.ActiveCfg = Debug|Any CPU
		{FCA716EA-608A-4EF5-BE07-A334E064DF72}.Debug|x86.Build.0 = Debug|Any CPU
		{FCA716EA-608A-4EF5-BE07-A334E064DF72}.Release|Any CPU.ActiveCfg = Release|Any CPU
		{FCA716EA-608A-4EF5-BE07-A334E064DF72}.Release|Any CPU.Build.0 = Release|Any CPU
		{FCA716EA-608A-4EF5-BE07-A334E064DF72}.Release|x64.ActiveCfg = Release|Any CPU
		{FCA716EA-608A-4EF5-BE07-A334E064DF72}.Release|x64.Build.0 = Release|Any CPU
		{FCA716EA-608A-4EF5-BE07-A334E064DF72}.Release|x86.ActiveCfg = Release|Any CPU
		{FCA716EA-608A-4EF5-BE07-A334E064DF72}.Release|x86.Build.0 = Release|Any CPU
		{EA9CCC3F-8D8B-4378-8A2F-8DAF6AAA8C82}.Debug|Any CPU.ActiveCfg = Debug|Any CPU
		{EA9CCC3F-8D8B-4378-8A2F-8DAF6AAA8C82}.Debug|Any CPU.Build.0 = Debug|Any CPU
		{EA9CCC3F-8D8B-4378-8A2F-8DAF6AAA8C82}.Debug|x64.ActiveCfg = Debug|Any CPU
		{EA9CCC3F-8D8B-4378-8A2F-8DAF6AAA8C82}.Debug|x64.Build.0 = Debug|Any CPU
		{EA9CCC3F-8D8B-4378-8A2F-8DAF6AAA8C82}.Debug|x86.ActiveCfg = Debug|Any CPU
		{EA9CCC3F-8D8B-4378-8A2F-8DAF6AAA8C82}.Debug|x86.Build.0 = Debug|Any CPU
		{EA9CCC3F-8D8B-4378-8A2F-8DAF6AAA8C82}.Release|Any CPU.ActiveCfg = Release|Any CPU
		{EA9CCC3F-8D8B-4378-8A2F-8DAF6AAA8C82}.Release|Any CPU.Build.0 = Release|Any CPU
		{EA9CCC3F-8D8B-4378-8A2F-8DAF6AAA8C82}.Release|x64.ActiveCfg = Release|Any CPU
		{EA9CCC3F-8D8B-4378-8A2F-8DAF6AAA8C82}.Release|x64.Build.0 = Release|Any CPU
		{EA9CCC3F-8D8B-4378-8A2F-8DAF6AAA8C82}.Release|x86.ActiveCfg = Release|Any CPU
		{EA9CCC3F-8D8B-4378-8A2F-8DAF6AAA8C82}.Release|x86.Build.0 = Release|Any CPU
		{E03FD2DE-ECE2-4ED1-966F-473ACAFE0D02}.Debug|Any CPU.ActiveCfg = Debug|Any CPU
		{E03FD2DE-ECE2-4ED1-966F-473ACAFE0D02}.Debug|Any CPU.Build.0 = Debug|Any CPU
		{E03FD2DE-ECE2-4ED1-966F-473ACAFE0D02}.Debug|x64.ActiveCfg = Debug|Any CPU
		{E03FD2DE-ECE2-4ED1-966F-473ACAFE0D02}.Debug|x64.Build.0 = Debug|Any CPU
		{E03FD2DE-ECE2-4ED1-966F-473ACAFE0D02}.Debug|x86.ActiveCfg = Debug|Any CPU
		{E03FD2DE-ECE2-4ED1-966F-473ACAFE0D02}.Debug|x86.Build.0 = Debug|Any CPU
		{E03FD2DE-ECE2-4ED1-966F-473ACAFE0D02}.Release|Any CPU.ActiveCfg = Release|Any CPU
		{E03FD2DE-ECE2-4ED1-966F-473ACAFE0D02}.Release|Any CPU.Build.0 = Release|Any CPU
		{E03FD2DE-ECE2-4ED1-966F-473ACAFE0D02}.Release|x64.ActiveCfg = Release|Any CPU
		{E03FD2DE-ECE2-4ED1-966F-473ACAFE0D02}.Release|x64.Build.0 = Release|Any CPU
		{E03FD2DE-ECE2-4ED1-966F-473ACAFE0D02}.Release|x86.ActiveCfg = Release|Any CPU
		{E03FD2DE-ECE2-4ED1-966F-473ACAFE0D02}.Release|x86.Build.0 = Release|Any CPU
		{EE662357-A6E9-465B-AEF5-2DFFDE492AAD}.Debug|Any CPU.ActiveCfg = Debug|Any CPU
		{EE662357-A6E9-465B-AEF5-2DFFDE492AAD}.Debug|Any CPU.Build.0 = Debug|Any CPU
		{EE662357-A6E9-465B-AEF5-2DFFDE492AAD}.Debug|x64.ActiveCfg = Debug|Any CPU
		{EE662357-A6E9-465B-AEF5-2DFFDE492AAD}.Debug|x64.Build.0 = Debug|Any CPU
		{EE662357-A6E9-465B-AEF5-2DFFDE492AAD}.Debug|x86.ActiveCfg = Debug|Any CPU
		{EE662357-A6E9-465B-AEF5-2DFFDE492AAD}.Debug|x86.Build.0 = Debug|Any CPU
		{EE662357-A6E9-465B-AEF5-2DFFDE492AAD}.Release|Any CPU.ActiveCfg = Release|Any CPU
		{EE662357-A6E9-465B-AEF5-2DFFDE492AAD}.Release|Any CPU.Build.0 = Release|Any CPU
		{EE662357-A6E9-465B-AEF5-2DFFDE492AAD}.Release|x64.ActiveCfg = Release|Any CPU
		{EE662357-A6E9-465B-AEF5-2DFFDE492AAD}.Release|x64.Build.0 = Release|Any CPU
		{EE662357-A6E9-465B-AEF5-2DFFDE492AAD}.Release|x86.ActiveCfg = Release|Any CPU
		{EE662357-A6E9-465B-AEF5-2DFFDE492AAD}.Release|x86.Build.0 = Release|Any CPU
		{095C478C-5C86-4423-8E13-F516D37C1EA3}.Debug|Any CPU.ActiveCfg = Debug|Any CPU
		{095C478C-5C86-4423-8E13-F516D37C1EA3}.Debug|Any CPU.Build.0 = Debug|Any CPU
		{095C478C-5C86-4423-8E13-F516D37C1EA3}.Debug|x64.ActiveCfg = Debug|Any CPU
		{095C478C-5C86-4423-8E13-F516D37C1EA3}.Debug|x64.Build.0 = Debug|Any CPU
		{095C478C-5C86-4423-8E13-F516D37C1EA3}.Debug|x86.ActiveCfg = Debug|Any CPU
		{095C478C-5C86-4423-8E13-F516D37C1EA3}.Debug|x86.Build.0 = Debug|Any CPU
		{095C478C-5C86-4423-8E13-F516D37C1EA3}.Release|Any CPU.ActiveCfg = Release|Any CPU
		{095C478C-5C86-4423-8E13-F516D37C1EA3}.Release|Any CPU.Build.0 = Release|Any CPU
		{095C478C-5C86-4423-8E13-F516D37C1EA3}.Release|x64.ActiveCfg = Release|Any CPU
		{095C478C-5C86-4423-8E13-F516D37C1EA3}.Release|x64.Build.0 = Release|Any CPU
		{095C478C-5C86-4423-8E13-F516D37C1EA3}.Release|x86.ActiveCfg = Release|Any CPU
		{095C478C-5C86-4423-8E13-F516D37C1EA3}.Release|x86.Build.0 = Release|Any CPU
		{000F5F39-7245-48E5-B06D-73440DD769FB}.Debug|Any CPU.ActiveCfg = Debug|Any CPU
		{000F5F39-7245-48E5-B06D-73440DD769FB}.Debug|Any CPU.Build.0 = Debug|Any CPU
		{000F5F39-7245-48E5-B06D-73440DD769FB}.Debug|x64.ActiveCfg = Debug|Any CPU
		{000F5F39-7245-48E5-B06D-73440DD769FB}.Debug|x64.Build.0 = Debug|Any CPU
		{000F5F39-7245-48E5-B06D-73440DD769FB}.Debug|x86.ActiveCfg = Debug|Any CPU
		{000F5F39-7245-48E5-B06D-73440DD769FB}.Debug|x86.Build.0 = Debug|Any CPU
		{000F5F39-7245-48E5-B06D-73440DD769FB}.Release|Any CPU.ActiveCfg = Release|Any CPU
		{000F5F39-7245-48E5-B06D-73440DD769FB}.Release|Any CPU.Build.0 = Release|Any CPU
		{000F5F39-7245-48E5-B06D-73440DD769FB}.Release|x64.ActiveCfg = Release|Any CPU
		{000F5F39-7245-48E5-B06D-73440DD769FB}.Release|x64.Build.0 = Release|Any CPU
		{000F5F39-7245-48E5-B06D-73440DD769FB}.Release|x86.ActiveCfg = Release|Any CPU
		{000F5F39-7245-48E5-B06D-73440DD769FB}.Release|x86.Build.0 = Release|Any CPU
		{9123AF70-A6F7-428E-8506-0AA1CE4CC2AF}.Debug|Any CPU.ActiveCfg = Debug|Any CPU
		{9123AF70-A6F7-428E-8506-0AA1CE4CC2AF}.Debug|Any CPU.Build.0 = Debug|Any CPU
		{9123AF70-A6F7-428E-8506-0AA1CE4CC2AF}.Debug|x64.ActiveCfg = Debug|Any CPU
		{9123AF70-A6F7-428E-8506-0AA1CE4CC2AF}.Debug|x64.Build.0 = Debug|Any CPU
		{9123AF70-A6F7-428E-8506-0AA1CE4CC2AF}.Debug|x86.ActiveCfg = Debug|Any CPU
		{9123AF70-A6F7-428E-8506-0AA1CE4CC2AF}.Debug|x86.Build.0 = Debug|Any CPU
		{9123AF70-A6F7-428E-8506-0AA1CE4CC2AF}.Release|Any CPU.ActiveCfg = Release|Any CPU
		{9123AF70-A6F7-428E-8506-0AA1CE4CC2AF}.Release|Any CPU.Build.0 = Release|Any CPU
		{9123AF70-A6F7-428E-8506-0AA1CE4CC2AF}.Release|x64.ActiveCfg = Release|Any CPU
		{9123AF70-A6F7-428E-8506-0AA1CE4CC2AF}.Release|x64.Build.0 = Release|Any CPU
		{9123AF70-A6F7-428E-8506-0AA1CE4CC2AF}.Release|x86.ActiveCfg = Release|Any CPU
		{9123AF70-A6F7-428E-8506-0AA1CE4CC2AF}.Release|x86.Build.0 = Release|Any CPU
		{711E311B-66F3-4CF3-B33F-393D9EDDAE12}.Debug|Any CPU.ActiveCfg = Debug|Any CPU
		{711E311B-66F3-4CF3-B33F-393D9EDDAE12}.Debug|Any CPU.Build.0 = Debug|Any CPU
		{711E311B-66F3-4CF3-B33F-393D9EDDAE12}.Debug|x64.ActiveCfg = Debug|Any CPU
		{711E311B-66F3-4CF3-B33F-393D9EDDAE12}.Debug|x64.Build.0 = Debug|Any CPU
		{711E311B-66F3-4CF3-B33F-393D9EDDAE12}.Debug|x86.ActiveCfg = Debug|Any CPU
		{711E311B-66F3-4CF3-B33F-393D9EDDAE12}.Debug|x86.Build.0 = Debug|Any CPU
		{711E311B-66F3-4CF3-B33F-393D9EDDAE12}.Release|Any CPU.ActiveCfg = Release|Any CPU
		{711E311B-66F3-4CF3-B33F-393D9EDDAE12}.Release|Any CPU.Build.0 = Release|Any CPU
		{711E311B-66F3-4CF3-B33F-393D9EDDAE12}.Release|x64.ActiveCfg = Release|Any CPU
		{711E311B-66F3-4CF3-B33F-393D9EDDAE12}.Release|x64.Build.0 = Release|Any CPU
		{711E311B-66F3-4CF3-B33F-393D9EDDAE12}.Release|x86.ActiveCfg = Release|Any CPU
		{711E311B-66F3-4CF3-B33F-393D9EDDAE12}.Release|x86.Build.0 = Release|Any CPU
		{DC057012-F802-46B1-92E7-17F8B2937A90}.Debug|Any CPU.ActiveCfg = Debug|Any CPU
		{DC057012-F802-46B1-92E7-17F8B2937A90}.Debug|Any CPU.Build.0 = Debug|Any CPU
		{DC057012-F802-46B1-92E7-17F8B2937A90}.Debug|x64.ActiveCfg = Debug|Any CPU
		{DC057012-F802-46B1-92E7-17F8B2937A90}.Debug|x64.Build.0 = Debug|Any CPU
		{DC057012-F802-46B1-92E7-17F8B2937A90}.Debug|x86.ActiveCfg = Debug|Any CPU
		{DC057012-F802-46B1-92E7-17F8B2937A90}.Debug|x86.Build.0 = Debug|Any CPU
		{DC057012-F802-46B1-92E7-17F8B2937A90}.Release|Any CPU.ActiveCfg = Release|Any CPU
		{DC057012-F802-46B1-92E7-17F8B2937A90}.Release|Any CPU.Build.0 = Release|Any CPU
		{DC057012-F802-46B1-92E7-17F8B2937A90}.Release|x64.ActiveCfg = Release|Any CPU
		{DC057012-F802-46B1-92E7-17F8B2937A90}.Release|x64.Build.0 = Release|Any CPU
		{DC057012-F802-46B1-92E7-17F8B2937A90}.Release|x86.ActiveCfg = Release|Any CPU
		{DC057012-F802-46B1-92E7-17F8B2937A90}.Release|x86.Build.0 = Release|Any CPU
		{0E324CD4-0052-4B0B-95ED-54BBED0CECC7}.Debug|Any CPU.ActiveCfg = Debug|Any CPU
		{0E324CD4-0052-4B0B-95ED-54BBED0CECC7}.Debug|Any CPU.Build.0 = Debug|Any CPU
		{0E324CD4-0052-4B0B-95ED-54BBED0CECC7}.Debug|x64.ActiveCfg = Debug|Any CPU
		{0E324CD4-0052-4B0B-95ED-54BBED0CECC7}.Debug|x64.Build.0 = Debug|Any CPU
		{0E324CD4-0052-4B0B-95ED-54BBED0CECC7}.Debug|x86.ActiveCfg = Debug|Any CPU
		{0E324CD4-0052-4B0B-95ED-54BBED0CECC7}.Debug|x86.Build.0 = Debug|Any CPU
		{0E324CD4-0052-4B0B-95ED-54BBED0CECC7}.Release|Any CPU.ActiveCfg = Release|Any CPU
		{0E324CD4-0052-4B0B-95ED-54BBED0CECC7}.Release|Any CPU.Build.0 = Release|Any CPU
		{0E324CD4-0052-4B0B-95ED-54BBED0CECC7}.Release|x64.ActiveCfg = Release|Any CPU
		{0E324CD4-0052-4B0B-95ED-54BBED0CECC7}.Release|x64.Build.0 = Release|Any CPU
		{0E324CD4-0052-4B0B-95ED-54BBED0CECC7}.Release|x86.ActiveCfg = Release|Any CPU
		{0E324CD4-0052-4B0B-95ED-54BBED0CECC7}.Release|x86.Build.0 = Release|Any CPU
		{32C99D40-0D20-47C2-80C0-6DDC2EEECB4C}.Debug|Any CPU.ActiveCfg = Debug|Any CPU
		{32C99D40-0D20-47C2-80C0-6DDC2EEECB4C}.Debug|Any CPU.Build.0 = Debug|Any CPU
		{32C99D40-0D20-47C2-80C0-6DDC2EEECB4C}.Debug|x64.ActiveCfg = Debug|Any CPU
		{32C99D40-0D20-47C2-80C0-6DDC2EEECB4C}.Debug|x64.Build.0 = Debug|Any CPU
		{32C99D40-0D20-47C2-80C0-6DDC2EEECB4C}.Debug|x86.ActiveCfg = Debug|Any CPU
		{32C99D40-0D20-47C2-80C0-6DDC2EEECB4C}.Debug|x86.Build.0 = Debug|Any CPU
		{32C99D40-0D20-47C2-80C0-6DDC2EEECB4C}.Release|Any CPU.ActiveCfg = Release|Any CPU
		{32C99D40-0D20-47C2-80C0-6DDC2EEECB4C}.Release|Any CPU.Build.0 = Release|Any CPU
		{32C99D40-0D20-47C2-80C0-6DDC2EEECB4C}.Release|x64.ActiveCfg = Release|Any CPU
		{32C99D40-0D20-47C2-80C0-6DDC2EEECB4C}.Release|x64.Build.0 = Release|Any CPU
		{32C99D40-0D20-47C2-80C0-6DDC2EEECB4C}.Release|x86.ActiveCfg = Release|Any CPU
		{32C99D40-0D20-47C2-80C0-6DDC2EEECB4C}.Release|x86.Build.0 = Release|Any CPU
		{E62C1A7A-44EF-4B74-B6FC-7A1237072965}.Debug|Any CPU.ActiveCfg = Debug|Any CPU
		{E62C1A7A-44EF-4B74-B6FC-7A1237072965}.Debug|Any CPU.Build.0 = Debug|Any CPU
		{E62C1A7A-44EF-4B74-B6FC-7A1237072965}.Debug|x64.ActiveCfg = Debug|Any CPU
		{E62C1A7A-44EF-4B74-B6FC-7A1237072965}.Debug|x64.Build.0 = Debug|Any CPU
		{E62C1A7A-44EF-4B74-B6FC-7A1237072965}.Debug|x86.ActiveCfg = Debug|Any CPU
		{E62C1A7A-44EF-4B74-B6FC-7A1237072965}.Debug|x86.Build.0 = Debug|Any CPU
		{E62C1A7A-44EF-4B74-B6FC-7A1237072965}.Release|Any CPU.ActiveCfg = Release|Any CPU
		{E62C1A7A-44EF-4B74-B6FC-7A1237072965}.Release|Any CPU.Build.0 = Release|Any CPU
		{E62C1A7A-44EF-4B74-B6FC-7A1237072965}.Release|x64.ActiveCfg = Release|Any CPU
		{E62C1A7A-44EF-4B74-B6FC-7A1237072965}.Release|x64.Build.0 = Release|Any CPU
		{E62C1A7A-44EF-4B74-B6FC-7A1237072965}.Release|x86.ActiveCfg = Release|Any CPU
		{E62C1A7A-44EF-4B74-B6FC-7A1237072965}.Release|x86.Build.0 = Release|Any CPU
		{E9364554-7664-48FE-B2A2-9239F98CE7B5}.Debug|Any CPU.ActiveCfg = Debug|Any CPU
		{E9364554-7664-48FE-B2A2-9239F98CE7B5}.Debug|Any CPU.Build.0 = Debug|Any CPU
		{E9364554-7664-48FE-B2A2-9239F98CE7B5}.Debug|x64.ActiveCfg = Debug|Any CPU
		{E9364554-7664-48FE-B2A2-9239F98CE7B5}.Debug|x64.Build.0 = Debug|Any CPU
		{E9364554-7664-48FE-B2A2-9239F98CE7B5}.Debug|x86.ActiveCfg = Debug|Any CPU
		{E9364554-7664-48FE-B2A2-9239F98CE7B5}.Debug|x86.Build.0 = Debug|Any CPU
		{E9364554-7664-48FE-B2A2-9239F98CE7B5}.Release|Any CPU.ActiveCfg = Release|Any CPU
		{E9364554-7664-48FE-B2A2-9239F98CE7B5}.Release|Any CPU.Build.0 = Release|Any CPU
		{E9364554-7664-48FE-B2A2-9239F98CE7B5}.Release|x64.ActiveCfg = Release|Any CPU
		{E9364554-7664-48FE-B2A2-9239F98CE7B5}.Release|x64.Build.0 = Release|Any CPU
		{E9364554-7664-48FE-B2A2-9239F98CE7B5}.Release|x86.ActiveCfg = Release|Any CPU
		{E9364554-7664-48FE-B2A2-9239F98CE7B5}.Release|x86.Build.0 = Release|Any CPU
		{ED53A157-F363-408F-89C1-A0B8308100E8}.Debug|Any CPU.ActiveCfg = Debug|Any CPU
		{ED53A157-F363-408F-89C1-A0B8308100E8}.Debug|Any CPU.Build.0 = Debug|Any CPU
		{ED53A157-F363-408F-89C1-A0B8308100E8}.Debug|x64.ActiveCfg = Debug|Any CPU
		{ED53A157-F363-408F-89C1-A0B8308100E8}.Debug|x64.Build.0 = Debug|Any CPU
		{ED53A157-F363-408F-89C1-A0B8308100E8}.Debug|x86.ActiveCfg = Debug|Any CPU
		{ED53A157-F363-408F-89C1-A0B8308100E8}.Debug|x86.Build.0 = Debug|Any CPU
		{ED53A157-F363-408F-89C1-A0B8308100E8}.Release|Any CPU.ActiveCfg = Release|Any CPU
		{ED53A157-F363-408F-89C1-A0B8308100E8}.Release|Any CPU.Build.0 = Release|Any CPU
		{ED53A157-F363-408F-89C1-A0B8308100E8}.Release|x64.ActiveCfg = Release|Any CPU
		{ED53A157-F363-408F-89C1-A0B8308100E8}.Release|x64.Build.0 = Release|Any CPU
		{ED53A157-F363-408F-89C1-A0B8308100E8}.Release|x86.ActiveCfg = Release|Any CPU
		{ED53A157-F363-408F-89C1-A0B8308100E8}.Release|x86.Build.0 = Release|Any CPU
		{899B627B-BC25-4FD8-98B2-DF181EA30FD4}.Debug|Any CPU.ActiveCfg = Debug|Any CPU
		{899B627B-BC25-4FD8-98B2-DF181EA30FD4}.Debug|Any CPU.Build.0 = Debug|Any CPU
		{899B627B-BC25-4FD8-98B2-DF181EA30FD4}.Debug|x64.ActiveCfg = Debug|Any CPU
		{899B627B-BC25-4FD8-98B2-DF181EA30FD4}.Debug|x64.Build.0 = Debug|Any CPU
		{899B627B-BC25-4FD8-98B2-DF181EA30FD4}.Debug|x86.ActiveCfg = Debug|Any CPU
		{899B627B-BC25-4FD8-98B2-DF181EA30FD4}.Debug|x86.Build.0 = Debug|Any CPU
		{899B627B-BC25-4FD8-98B2-DF181EA30FD4}.Release|Any CPU.ActiveCfg = Release|Any CPU
		{899B627B-BC25-4FD8-98B2-DF181EA30FD4}.Release|Any CPU.Build.0 = Release|Any CPU
		{899B627B-BC25-4FD8-98B2-DF181EA30FD4}.Release|x64.ActiveCfg = Release|Any CPU
		{899B627B-BC25-4FD8-98B2-DF181EA30FD4}.Release|x64.Build.0 = Release|Any CPU
		{899B627B-BC25-4FD8-98B2-DF181EA30FD4}.Release|x86.ActiveCfg = Release|Any CPU
		{899B627B-BC25-4FD8-98B2-DF181EA30FD4}.Release|x86.Build.0 = Release|Any CPU
		{94FAAD46-029B-4B06-B934-70F69F82367B}.Debug|Any CPU.ActiveCfg = Debug|Any CPU
		{94FAAD46-029B-4B06-B934-70F69F82367B}.Debug|Any CPU.Build.0 = Debug|Any CPU
		{94FAAD46-029B-4B06-B934-70F69F82367B}.Debug|x64.ActiveCfg = Debug|Any CPU
		{94FAAD46-029B-4B06-B934-70F69F82367B}.Debug|x64.Build.0 = Debug|Any CPU
		{94FAAD46-029B-4B06-B934-70F69F82367B}.Debug|x86.ActiveCfg = Debug|Any CPU
		{94FAAD46-029B-4B06-B934-70F69F82367B}.Debug|x86.Build.0 = Debug|Any CPU
		{94FAAD46-029B-4B06-B934-70F69F82367B}.Release|Any CPU.ActiveCfg = Release|Any CPU
		{94FAAD46-029B-4B06-B934-70F69F82367B}.Release|Any CPU.Build.0 = Release|Any CPU
		{94FAAD46-029B-4B06-B934-70F69F82367B}.Release|x64.ActiveCfg = Release|Any CPU
		{94FAAD46-029B-4B06-B934-70F69F82367B}.Release|x64.Build.0 = Release|Any CPU
		{94FAAD46-029B-4B06-B934-70F69F82367B}.Release|x86.ActiveCfg = Release|Any CPU
		{94FAAD46-029B-4B06-B934-70F69F82367B}.Release|x86.Build.0 = Release|Any CPU
		{DB2E2F1C-A2FA-47E8-891F-66CEC2C99DFC}.Debug|Any CPU.ActiveCfg = Debug|Any CPU
		{DB2E2F1C-A2FA-47E8-891F-66CEC2C99DFC}.Debug|Any CPU.Build.0 = Debug|Any CPU
		{DB2E2F1C-A2FA-47E8-891F-66CEC2C99DFC}.Debug|x64.ActiveCfg = Debug|Any CPU
		{DB2E2F1C-A2FA-47E8-891F-66CEC2C99DFC}.Debug|x64.Build.0 = Debug|Any CPU
		{DB2E2F1C-A2FA-47E8-891F-66CEC2C99DFC}.Debug|x86.ActiveCfg = Debug|Any CPU
		{DB2E2F1C-A2FA-47E8-891F-66CEC2C99DFC}.Debug|x86.Build.0 = Debug|Any CPU
		{DB2E2F1C-A2FA-47E8-891F-66CEC2C99DFC}.Release|Any CPU.ActiveCfg = Release|Any CPU
		{DB2E2F1C-A2FA-47E8-891F-66CEC2C99DFC}.Release|Any CPU.Build.0 = Release|Any CPU
		{DB2E2F1C-A2FA-47E8-891F-66CEC2C99DFC}.Release|x64.ActiveCfg = Release|Any CPU
		{DB2E2F1C-A2FA-47E8-891F-66CEC2C99DFC}.Release|x64.Build.0 = Release|Any CPU
		{DB2E2F1C-A2FA-47E8-891F-66CEC2C99DFC}.Release|x86.ActiveCfg = Release|Any CPU
		{DB2E2F1C-A2FA-47E8-891F-66CEC2C99DFC}.Release|x86.Build.0 = Release|Any CPU
		{826A4AA2-BCA5-480F-AF54-033EA9DCB2C9}.Debug|Any CPU.ActiveCfg = Debug|Any CPU
		{826A4AA2-BCA5-480F-AF54-033EA9DCB2C9}.Debug|Any CPU.Build.0 = Debug|Any CPU
		{826A4AA2-BCA5-480F-AF54-033EA9DCB2C9}.Debug|x64.ActiveCfg = Debug|Any CPU
		{826A4AA2-BCA5-480F-AF54-033EA9DCB2C9}.Debug|x64.Build.0 = Debug|Any CPU
		{826A4AA2-BCA5-480F-AF54-033EA9DCB2C9}.Debug|x86.ActiveCfg = Debug|Any CPU
		{826A4AA2-BCA5-480F-AF54-033EA9DCB2C9}.Debug|x86.Build.0 = Debug|Any CPU
		{826A4AA2-BCA5-480F-AF54-033EA9DCB2C9}.Release|Any CPU.ActiveCfg = Release|Any CPU
		{826A4AA2-BCA5-480F-AF54-033EA9DCB2C9}.Release|Any CPU.Build.0 = Release|Any CPU
		{826A4AA2-BCA5-480F-AF54-033EA9DCB2C9}.Release|x64.ActiveCfg = Release|Any CPU
		{826A4AA2-BCA5-480F-AF54-033EA9DCB2C9}.Release|x64.Build.0 = Release|Any CPU
		{826A4AA2-BCA5-480F-AF54-033EA9DCB2C9}.Release|x86.ActiveCfg = Release|Any CPU
		{826A4AA2-BCA5-480F-AF54-033EA9DCB2C9}.Release|x86.Build.0 = Release|Any CPU
		{F51056B3-05C3-4F88-8DD1-A552FF10806C}.Debug|Any CPU.ActiveCfg = Debug|Any CPU
		{F51056B3-05C3-4F88-8DD1-A552FF10806C}.Debug|Any CPU.Build.0 = Debug|Any CPU
		{F51056B3-05C3-4F88-8DD1-A552FF10806C}.Debug|x64.ActiveCfg = Debug|Any CPU
		{F51056B3-05C3-4F88-8DD1-A552FF10806C}.Debug|x64.Build.0 = Debug|Any CPU
		{F51056B3-05C3-4F88-8DD1-A552FF10806C}.Debug|x86.ActiveCfg = Debug|Any CPU
		{F51056B3-05C3-4F88-8DD1-A552FF10806C}.Debug|x86.Build.0 = Debug|Any CPU
		{F51056B3-05C3-4F88-8DD1-A552FF10806C}.Release|Any CPU.ActiveCfg = Release|Any CPU
		{F51056B3-05C3-4F88-8DD1-A552FF10806C}.Release|Any CPU.Build.0 = Release|Any CPU
		{F51056B3-05C3-4F88-8DD1-A552FF10806C}.Release|x64.ActiveCfg = Release|Any CPU
		{F51056B3-05C3-4F88-8DD1-A552FF10806C}.Release|x64.Build.0 = Release|Any CPU
		{F51056B3-05C3-4F88-8DD1-A552FF10806C}.Release|x86.ActiveCfg = Release|Any CPU
		{F51056B3-05C3-4F88-8DD1-A552FF10806C}.Release|x86.Build.0 = Release|Any CPU
		{5FF22ACA-9E78-4328-A869-C67DAEA66235}.Debug|Any CPU.ActiveCfg = Debug|Any CPU
		{5FF22ACA-9E78-4328-A869-C67DAEA66235}.Debug|Any CPU.Build.0 = Debug|Any CPU
		{5FF22ACA-9E78-4328-A869-C67DAEA66235}.Debug|x64.ActiveCfg = Debug|Any CPU
		{5FF22ACA-9E78-4328-A869-C67DAEA66235}.Debug|x64.Build.0 = Debug|Any CPU
		{5FF22ACA-9E78-4328-A869-C67DAEA66235}.Debug|x86.ActiveCfg = Debug|Any CPU
		{5FF22ACA-9E78-4328-A869-C67DAEA66235}.Debug|x86.Build.0 = Debug|Any CPU
		{5FF22ACA-9E78-4328-A869-C67DAEA66235}.Release|Any CPU.ActiveCfg = Release|Any CPU
		{5FF22ACA-9E78-4328-A869-C67DAEA66235}.Release|Any CPU.Build.0 = Release|Any CPU
		{5FF22ACA-9E78-4328-A869-C67DAEA66235}.Release|x64.ActiveCfg = Release|Any CPU
		{5FF22ACA-9E78-4328-A869-C67DAEA66235}.Release|x64.Build.0 = Release|Any CPU
		{5FF22ACA-9E78-4328-A869-C67DAEA66235}.Release|x86.ActiveCfg = Release|Any CPU
		{5FF22ACA-9E78-4328-A869-C67DAEA66235}.Release|x86.Build.0 = Release|Any CPU
		{AEEE5B28-D147-46A7-9FA8-2B84D6690EC2}.Debug|Any CPU.ActiveCfg = Debug|Any CPU
		{AEEE5B28-D147-46A7-9FA8-2B84D6690EC2}.Debug|Any CPU.Build.0 = Debug|Any CPU
		{AEEE5B28-D147-46A7-9FA8-2B84D6690EC2}.Debug|x64.ActiveCfg = Debug|Any CPU
		{AEEE5B28-D147-46A7-9FA8-2B84D6690EC2}.Debug|x64.Build.0 = Debug|Any CPU
		{AEEE5B28-D147-46A7-9FA8-2B84D6690EC2}.Debug|x86.ActiveCfg = Debug|Any CPU
		{AEEE5B28-D147-46A7-9FA8-2B84D6690EC2}.Debug|x86.Build.0 = Debug|Any CPU
		{AEEE5B28-D147-46A7-9FA8-2B84D6690EC2}.Release|Any CPU.ActiveCfg = Release|Any CPU
		{AEEE5B28-D147-46A7-9FA8-2B84D6690EC2}.Release|Any CPU.Build.0 = Release|Any CPU
		{AEEE5B28-D147-46A7-9FA8-2B84D6690EC2}.Release|x64.ActiveCfg = Release|Any CPU
		{AEEE5B28-D147-46A7-9FA8-2B84D6690EC2}.Release|x64.Build.0 = Release|Any CPU
		{AEEE5B28-D147-46A7-9FA8-2B84D6690EC2}.Release|x86.ActiveCfg = Release|Any CPU
		{AEEE5B28-D147-46A7-9FA8-2B84D6690EC2}.Release|x86.Build.0 = Release|Any CPU
		{240B4912-A81F-4355-A1AF-8570E3CFE178}.Debug|Any CPU.ActiveCfg = Debug|Any CPU
		{240B4912-A81F-4355-A1AF-8570E3CFE178}.Debug|Any CPU.Build.0 = Debug|Any CPU
		{240B4912-A81F-4355-A1AF-8570E3CFE178}.Debug|x64.ActiveCfg = Debug|Any CPU
		{240B4912-A81F-4355-A1AF-8570E3CFE178}.Debug|x64.Build.0 = Debug|Any CPU
		{240B4912-A81F-4355-A1AF-8570E3CFE178}.Debug|x86.ActiveCfg = Debug|Any CPU
		{240B4912-A81F-4355-A1AF-8570E3CFE178}.Debug|x86.Build.0 = Debug|Any CPU
		{240B4912-A81F-4355-A1AF-8570E3CFE178}.Release|Any CPU.ActiveCfg = Release|Any CPU
		{240B4912-A81F-4355-A1AF-8570E3CFE178}.Release|Any CPU.Build.0 = Release|Any CPU
		{240B4912-A81F-4355-A1AF-8570E3CFE178}.Release|x64.ActiveCfg = Release|Any CPU
		{240B4912-A81F-4355-A1AF-8570E3CFE178}.Release|x64.Build.0 = Release|Any CPU
		{240B4912-A81F-4355-A1AF-8570E3CFE178}.Release|x86.ActiveCfg = Release|Any CPU
		{240B4912-A81F-4355-A1AF-8570E3CFE178}.Release|x86.Build.0 = Release|Any CPU
		{D3FD0C56-8748-4870-9C93-1B95AC81E0B1}.Debug|Any CPU.ActiveCfg = Debug|Any CPU
		{D3FD0C56-8748-4870-9C93-1B95AC81E0B1}.Debug|Any CPU.Build.0 = Debug|Any CPU
		{D3FD0C56-8748-4870-9C93-1B95AC81E0B1}.Debug|x64.ActiveCfg = Debug|Any CPU
		{D3FD0C56-8748-4870-9C93-1B95AC81E0B1}.Debug|x64.Build.0 = Debug|Any CPU
		{D3FD0C56-8748-4870-9C93-1B95AC81E0B1}.Debug|x86.ActiveCfg = Debug|Any CPU
		{D3FD0C56-8748-4870-9C93-1B95AC81E0B1}.Debug|x86.Build.0 = Debug|Any CPU
		{D3FD0C56-8748-4870-9C93-1B95AC81E0B1}.Release|Any CPU.ActiveCfg = Release|Any CPU
		{D3FD0C56-8748-4870-9C93-1B95AC81E0B1}.Release|Any CPU.Build.0 = Release|Any CPU
		{D3FD0C56-8748-4870-9C93-1B95AC81E0B1}.Release|x64.ActiveCfg = Release|Any CPU
		{D3FD0C56-8748-4870-9C93-1B95AC81E0B1}.Release|x64.Build.0 = Release|Any CPU
		{D3FD0C56-8748-4870-9C93-1B95AC81E0B1}.Release|x86.ActiveCfg = Release|Any CPU
		{D3FD0C56-8748-4870-9C93-1B95AC81E0B1}.Release|x86.Build.0 = Release|Any CPU
		{39132D82-B210-44D1-8989-150059E09044}.Debug|Any CPU.ActiveCfg = Debug|Any CPU
		{39132D82-B210-44D1-8989-150059E09044}.Debug|Any CPU.Build.0 = Debug|Any CPU
		{39132D82-B210-44D1-8989-150059E09044}.Debug|x64.ActiveCfg = Debug|Any CPU
		{39132D82-B210-44D1-8989-150059E09044}.Debug|x64.Build.0 = Debug|Any CPU
		{39132D82-B210-44D1-8989-150059E09044}.Debug|x86.ActiveCfg = Debug|Any CPU
		{39132D82-B210-44D1-8989-150059E09044}.Debug|x86.Build.0 = Debug|Any CPU
		{39132D82-B210-44D1-8989-150059E09044}.Release|Any CPU.ActiveCfg = Release|Any CPU
		{39132D82-B210-44D1-8989-150059E09044}.Release|Any CPU.Build.0 = Release|Any CPU
		{39132D82-B210-44D1-8989-150059E09044}.Release|x64.ActiveCfg = Release|Any CPU
		{39132D82-B210-44D1-8989-150059E09044}.Release|x64.Build.0 = Release|Any CPU
		{39132D82-B210-44D1-8989-150059E09044}.Release|x86.ActiveCfg = Release|Any CPU
		{39132D82-B210-44D1-8989-150059E09044}.Release|x86.Build.0 = Release|Any CPU
		{2F930114-ABB2-4426-BCE7-B74494FB2CF6}.Debug|Any CPU.ActiveCfg = Debug|Any CPU
		{2F930114-ABB2-4426-BCE7-B74494FB2CF6}.Debug|Any CPU.Build.0 = Debug|Any CPU
		{2F930114-ABB2-4426-BCE7-B74494FB2CF6}.Debug|x64.ActiveCfg = Debug|Any CPU
		{2F930114-ABB2-4426-BCE7-B74494FB2CF6}.Debug|x64.Build.0 = Debug|Any CPU
		{2F930114-ABB2-4426-BCE7-B74494FB2CF6}.Debug|x86.ActiveCfg = Debug|Any CPU
		{2F930114-ABB2-4426-BCE7-B74494FB2CF6}.Debug|x86.Build.0 = Debug|Any CPU
		{2F930114-ABB2-4426-BCE7-B74494FB2CF6}.Release|Any CPU.ActiveCfg = Release|Any CPU
		{2F930114-ABB2-4426-BCE7-B74494FB2CF6}.Release|Any CPU.Build.0 = Release|Any CPU
		{2F930114-ABB2-4426-BCE7-B74494FB2CF6}.Release|x64.ActiveCfg = Release|Any CPU
		{2F930114-ABB2-4426-BCE7-B74494FB2CF6}.Release|x64.Build.0 = Release|Any CPU
		{2F930114-ABB2-4426-BCE7-B74494FB2CF6}.Release|x86.ActiveCfg = Release|Any CPU
		{2F930114-ABB2-4426-BCE7-B74494FB2CF6}.Release|x86.Build.0 = Release|Any CPU
		{0AB6342C-24CC-41AA-BC28-01D69FEF6216}.Debug|Any CPU.ActiveCfg = Debug|Any CPU
		{0AB6342C-24CC-41AA-BC28-01D69FEF6216}.Debug|Any CPU.Build.0 = Debug|Any CPU
		{0AB6342C-24CC-41AA-BC28-01D69FEF6216}.Debug|x64.ActiveCfg = Debug|Any CPU
		{0AB6342C-24CC-41AA-BC28-01D69FEF6216}.Debug|x64.Build.0 = Debug|Any CPU
		{0AB6342C-24CC-41AA-BC28-01D69FEF6216}.Debug|x86.ActiveCfg = Debug|Any CPU
		{0AB6342C-24CC-41AA-BC28-01D69FEF6216}.Debug|x86.Build.0 = Debug|Any CPU
		{0AB6342C-24CC-41AA-BC28-01D69FEF6216}.Release|Any CPU.ActiveCfg = Release|Any CPU
		{0AB6342C-24CC-41AA-BC28-01D69FEF6216}.Release|Any CPU.Build.0 = Release|Any CPU
		{0AB6342C-24CC-41AA-BC28-01D69FEF6216}.Release|x64.ActiveCfg = Release|Any CPU
		{0AB6342C-24CC-41AA-BC28-01D69FEF6216}.Release|x64.Build.0 = Release|Any CPU
		{0AB6342C-24CC-41AA-BC28-01D69FEF6216}.Release|x86.ActiveCfg = Release|Any CPU
		{0AB6342C-24CC-41AA-BC28-01D69FEF6216}.Release|x86.Build.0 = Release|Any CPU
		{1399A6B7-095D-4A8D-8BC3-383CB215AB60}.Debug|Any CPU.ActiveCfg = Debug|Any CPU
		{1399A6B7-095D-4A8D-8BC3-383CB215AB60}.Debug|Any CPU.Build.0 = Debug|Any CPU
		{1399A6B7-095D-4A8D-8BC3-383CB215AB60}.Debug|x64.ActiveCfg = Debug|Any CPU
		{1399A6B7-095D-4A8D-8BC3-383CB215AB60}.Debug|x64.Build.0 = Debug|Any CPU
		{1399A6B7-095D-4A8D-8BC3-383CB215AB60}.Debug|x86.ActiveCfg = Debug|Any CPU
		{1399A6B7-095D-4A8D-8BC3-383CB215AB60}.Debug|x86.Build.0 = Debug|Any CPU
		{1399A6B7-095D-4A8D-8BC3-383CB215AB60}.Release|Any CPU.ActiveCfg = Release|Any CPU
		{1399A6B7-095D-4A8D-8BC3-383CB215AB60}.Release|Any CPU.Build.0 = Release|Any CPU
		{1399A6B7-095D-4A8D-8BC3-383CB215AB60}.Release|x64.ActiveCfg = Release|Any CPU
		{1399A6B7-095D-4A8D-8BC3-383CB215AB60}.Release|x64.Build.0 = Release|Any CPU
		{1399A6B7-095D-4A8D-8BC3-383CB215AB60}.Release|x86.ActiveCfg = Release|Any CPU
		{1399A6B7-095D-4A8D-8BC3-383CB215AB60}.Release|x86.Build.0 = Release|Any CPU
		{A9E67CA8-50D2-4243-BCD8-F8A7BD54AA6E}.Debug|Any CPU.ActiveCfg = Debug|Any CPU
		{A9E67CA8-50D2-4243-BCD8-F8A7BD54AA6E}.Debug|Any CPU.Build.0 = Debug|Any CPU
		{A9E67CA8-50D2-4243-BCD8-F8A7BD54AA6E}.Debug|x64.ActiveCfg = Debug|Any CPU
		{A9E67CA8-50D2-4243-BCD8-F8A7BD54AA6E}.Debug|x64.Build.0 = Debug|Any CPU
		{A9E67CA8-50D2-4243-BCD8-F8A7BD54AA6E}.Debug|x86.ActiveCfg = Debug|Any CPU
		{A9E67CA8-50D2-4243-BCD8-F8A7BD54AA6E}.Debug|x86.Build.0 = Debug|Any CPU
		{A9E67CA8-50D2-4243-BCD8-F8A7BD54AA6E}.Release|Any CPU.ActiveCfg = Release|Any CPU
		{A9E67CA8-50D2-4243-BCD8-F8A7BD54AA6E}.Release|Any CPU.Build.0 = Release|Any CPU
		{A9E67CA8-50D2-4243-BCD8-F8A7BD54AA6E}.Release|x64.ActiveCfg = Release|Any CPU
		{A9E67CA8-50D2-4243-BCD8-F8A7BD54AA6E}.Release|x64.Build.0 = Release|Any CPU
		{A9E67CA8-50D2-4243-BCD8-F8A7BD54AA6E}.Release|x86.ActiveCfg = Release|Any CPU
		{A9E67CA8-50D2-4243-BCD8-F8A7BD54AA6E}.Release|x86.Build.0 = Release|Any CPU
		{65F8E8DF-AF83-45C5-B1F9-08D4FB64B428}.Debug|Any CPU.ActiveCfg = Debug|Any CPU
		{65F8E8DF-AF83-45C5-B1F9-08D4FB64B428}.Debug|Any CPU.Build.0 = Debug|Any CPU
		{65F8E8DF-AF83-45C5-B1F9-08D4FB64B428}.Debug|x64.ActiveCfg = Debug|Any CPU
		{65F8E8DF-AF83-45C5-B1F9-08D4FB64B428}.Debug|x64.Build.0 = Debug|Any CPU
		{65F8E8DF-AF83-45C5-B1F9-08D4FB64B428}.Debug|x86.ActiveCfg = Debug|Any CPU
		{65F8E8DF-AF83-45C5-B1F9-08D4FB64B428}.Debug|x86.Build.0 = Debug|Any CPU
		{65F8E8DF-AF83-45C5-B1F9-08D4FB64B428}.Release|Any CPU.ActiveCfg = Release|Any CPU
		{65F8E8DF-AF83-45C5-B1F9-08D4FB64B428}.Release|Any CPU.Build.0 = Release|Any CPU
		{65F8E8DF-AF83-45C5-B1F9-08D4FB64B428}.Release|x64.ActiveCfg = Release|Any CPU
		{65F8E8DF-AF83-45C5-B1F9-08D4FB64B428}.Release|x64.Build.0 = Release|Any CPU
		{65F8E8DF-AF83-45C5-B1F9-08D4FB64B428}.Release|x86.ActiveCfg = Release|Any CPU
		{65F8E8DF-AF83-45C5-B1F9-08D4FB64B428}.Release|x86.Build.0 = Release|Any CPU
		{3E7F154D-5F6C-4B43-8622-5333502C282F}.Debug|Any CPU.ActiveCfg = Debug|Any CPU
		{3E7F154D-5F6C-4B43-8622-5333502C282F}.Debug|Any CPU.Build.0 = Debug|Any CPU
		{3E7F154D-5F6C-4B43-8622-5333502C282F}.Debug|x64.ActiveCfg = Debug|Any CPU
		{3E7F154D-5F6C-4B43-8622-5333502C282F}.Debug|x64.Build.0 = Debug|Any CPU
		{3E7F154D-5F6C-4B43-8622-5333502C282F}.Debug|x86.ActiveCfg = Debug|Any CPU
		{3E7F154D-5F6C-4B43-8622-5333502C282F}.Debug|x86.Build.0 = Debug|Any CPU
		{3E7F154D-5F6C-4B43-8622-5333502C282F}.Release|Any CPU.ActiveCfg = Release|Any CPU
		{3E7F154D-5F6C-4B43-8622-5333502C282F}.Release|Any CPU.Build.0 = Release|Any CPU
		{3E7F154D-5F6C-4B43-8622-5333502C282F}.Release|x64.ActiveCfg = Release|Any CPU
		{3E7F154D-5F6C-4B43-8622-5333502C282F}.Release|x64.Build.0 = Release|Any CPU
		{3E7F154D-5F6C-4B43-8622-5333502C282F}.Release|x86.ActiveCfg = Release|Any CPU
		{3E7F154D-5F6C-4B43-8622-5333502C282F}.Release|x86.Build.0 = Release|Any CPU
		{564E79FA-DF08-441F-8983-3584E7F74556}.Debug|Any CPU.ActiveCfg = Debug|Any CPU
		{564E79FA-DF08-441F-8983-3584E7F74556}.Debug|Any CPU.Build.0 = Debug|Any CPU
		{564E79FA-DF08-441F-8983-3584E7F74556}.Debug|x64.ActiveCfg = Debug|Any CPU
		{564E79FA-DF08-441F-8983-3584E7F74556}.Debug|x64.Build.0 = Debug|Any CPU
		{564E79FA-DF08-441F-8983-3584E7F74556}.Debug|x86.ActiveCfg = Debug|Any CPU
		{564E79FA-DF08-441F-8983-3584E7F74556}.Debug|x86.Build.0 = Debug|Any CPU
		{564E79FA-DF08-441F-8983-3584E7F74556}.Release|Any CPU.ActiveCfg = Release|Any CPU
		{564E79FA-DF08-441F-8983-3584E7F74556}.Release|Any CPU.Build.0 = Release|Any CPU
		{564E79FA-DF08-441F-8983-3584E7F74556}.Release|x64.ActiveCfg = Release|Any CPU
		{564E79FA-DF08-441F-8983-3584E7F74556}.Release|x64.Build.0 = Release|Any CPU
		{564E79FA-DF08-441F-8983-3584E7F74556}.Release|x86.ActiveCfg = Release|Any CPU
		{564E79FA-DF08-441F-8983-3584E7F74556}.Release|x86.Build.0 = Release|Any CPU
		{20DCFB5B-890D-436A-BF16-1DA602E38E51}.Debug|Any CPU.ActiveCfg = Debug|Any CPU
		{20DCFB5B-890D-436A-BF16-1DA602E38E51}.Debug|Any CPU.Build.0 = Debug|Any CPU
		{20DCFB5B-890D-436A-BF16-1DA602E38E51}.Debug|x64.ActiveCfg = Debug|Any CPU
		{20DCFB5B-890D-436A-BF16-1DA602E38E51}.Debug|x64.Build.0 = Debug|Any CPU
		{20DCFB5B-890D-436A-BF16-1DA602E38E51}.Debug|x86.ActiveCfg = Debug|Any CPU
		{20DCFB5B-890D-436A-BF16-1DA602E38E51}.Debug|x86.Build.0 = Debug|Any CPU
		{20DCFB5B-890D-436A-BF16-1DA602E38E51}.Release|Any CPU.ActiveCfg = Release|Any CPU
		{20DCFB5B-890D-436A-BF16-1DA602E38E51}.Release|Any CPU.Build.0 = Release|Any CPU
		{20DCFB5B-890D-436A-BF16-1DA602E38E51}.Release|x64.ActiveCfg = Release|Any CPU
		{20DCFB5B-890D-436A-BF16-1DA602E38E51}.Release|x64.Build.0 = Release|Any CPU
		{20DCFB5B-890D-436A-BF16-1DA602E38E51}.Release|x86.ActiveCfg = Release|Any CPU
		{20DCFB5B-890D-436A-BF16-1DA602E38E51}.Release|x86.Build.0 = Release|Any CPU
		{0ABBB14B-1558-480D-8507-A5E3DD1C17EA}.Debug|Any CPU.ActiveCfg = Debug|Any CPU
		{0ABBB14B-1558-480D-8507-A5E3DD1C17EA}.Debug|Any CPU.Build.0 = Debug|Any CPU
		{0ABBB14B-1558-480D-8507-A5E3DD1C17EA}.Debug|x64.ActiveCfg = Debug|Any CPU
		{0ABBB14B-1558-480D-8507-A5E3DD1C17EA}.Debug|x64.Build.0 = Debug|Any CPU
		{0ABBB14B-1558-480D-8507-A5E3DD1C17EA}.Debug|x86.ActiveCfg = Debug|Any CPU
		{0ABBB14B-1558-480D-8507-A5E3DD1C17EA}.Debug|x86.Build.0 = Debug|Any CPU
		{0ABBB14B-1558-480D-8507-A5E3DD1C17EA}.Release|Any CPU.ActiveCfg = Release|Any CPU
		{0ABBB14B-1558-480D-8507-A5E3DD1C17EA}.Release|Any CPU.Build.0 = Release|Any CPU
		{0ABBB14B-1558-480D-8507-A5E3DD1C17EA}.Release|x64.ActiveCfg = Release|Any CPU
		{0ABBB14B-1558-480D-8507-A5E3DD1C17EA}.Release|x64.Build.0 = Release|Any CPU
		{0ABBB14B-1558-480D-8507-A5E3DD1C17EA}.Release|x86.ActiveCfg = Release|Any CPU
		{0ABBB14B-1558-480D-8507-A5E3DD1C17EA}.Release|x86.Build.0 = Release|Any CPU
		{635F8764-60C4-4D29-B6E1-2772842E75D1}.Debug|Any CPU.ActiveCfg = Debug|Any CPU
		{635F8764-60C4-4D29-B6E1-2772842E75D1}.Debug|Any CPU.Build.0 = Debug|Any CPU
		{635F8764-60C4-4D29-B6E1-2772842E75D1}.Debug|x64.ActiveCfg = Debug|Any CPU
		{635F8764-60C4-4D29-B6E1-2772842E75D1}.Debug|x64.Build.0 = Debug|Any CPU
		{635F8764-60C4-4D29-B6E1-2772842E75D1}.Debug|x86.ActiveCfg = Debug|Any CPU
		{635F8764-60C4-4D29-B6E1-2772842E75D1}.Debug|x86.Build.0 = Debug|Any CPU
		{635F8764-60C4-4D29-B6E1-2772842E75D1}.Release|Any CPU.ActiveCfg = Release|Any CPU
		{635F8764-60C4-4D29-B6E1-2772842E75D1}.Release|Any CPU.Build.0 = Release|Any CPU
		{635F8764-60C4-4D29-B6E1-2772842E75D1}.Release|x64.ActiveCfg = Release|Any CPU
		{635F8764-60C4-4D29-B6E1-2772842E75D1}.Release|x64.Build.0 = Release|Any CPU
		{635F8764-60C4-4D29-B6E1-2772842E75D1}.Release|x86.ActiveCfg = Release|Any CPU
		{635F8764-60C4-4D29-B6E1-2772842E75D1}.Release|x86.Build.0 = Release|Any CPU
		{F07B908A-EDAE-4663-A6E2-13085884B69B}.Debug|Any CPU.ActiveCfg = Debug|Any CPU
		{F07B908A-EDAE-4663-A6E2-13085884B69B}.Debug|Any CPU.Build.0 = Debug|Any CPU
		{F07B908A-EDAE-4663-A6E2-13085884B69B}.Debug|x64.ActiveCfg = Debug|Any CPU
		{F07B908A-EDAE-4663-A6E2-13085884B69B}.Debug|x64.Build.0 = Debug|Any CPU
		{F07B908A-EDAE-4663-A6E2-13085884B69B}.Debug|x86.ActiveCfg = Debug|Any CPU
		{F07B908A-EDAE-4663-A6E2-13085884B69B}.Debug|x86.Build.0 = Debug|Any CPU
		{F07B908A-EDAE-4663-A6E2-13085884B69B}.Release|Any CPU.ActiveCfg = Release|Any CPU
		{F07B908A-EDAE-4663-A6E2-13085884B69B}.Release|Any CPU.Build.0 = Release|Any CPU
		{F07B908A-EDAE-4663-A6E2-13085884B69B}.Release|x64.ActiveCfg = Release|Any CPU
		{F07B908A-EDAE-4663-A6E2-13085884B69B}.Release|x64.Build.0 = Release|Any CPU
		{F07B908A-EDAE-4663-A6E2-13085884B69B}.Release|x86.ActiveCfg = Release|Any CPU
		{F07B908A-EDAE-4663-A6E2-13085884B69B}.Release|x86.Build.0 = Release|Any CPU
	EndGlobalSection
	GlobalSection(SolutionProperties) = preSolution
		HideSolutionNode = FALSE
	EndGlobalSection
	GlobalSection(NestedProjects) = preSolution
		{368DC489-458A-4B26-A2B0-DAAD0D30CC8E} = {6967A61C-9635-4066-82F0-596DD8ABDF1D}
		{0BC4064A-EE16-4841-A22B-4ACC77E482E8} = {368DC489-458A-4B26-A2B0-DAAD0D30CC8E}
		{006A0E8A-C508-4D28-967F-9D7FE6E3167F} = {368DC489-458A-4B26-A2B0-DAAD0D30CC8E}
		{FCA716EA-608A-4EF5-BE07-A334E064DF72} = {368DC489-458A-4B26-A2B0-DAAD0D30CC8E}
		{EA9CCC3F-8D8B-4378-8A2F-8DAF6AAA8C82} = {368DC489-458A-4B26-A2B0-DAAD0D30CC8E}
		{E03FD2DE-ECE2-4ED1-966F-473ACAFE0D02} = {368DC489-458A-4B26-A2B0-DAAD0D30CC8E}
		{EE662357-A6E9-465B-AEF5-2DFFDE492AAD} = {368DC489-458A-4B26-A2B0-DAAD0D30CC8E}
		{095C478C-5C86-4423-8E13-F516D37C1EA3} = {368DC489-458A-4B26-A2B0-DAAD0D30CC8E}
		{000F5F39-7245-48E5-B06D-73440DD769FB} = {368DC489-458A-4B26-A2B0-DAAD0D30CC8E}
		{9123AF70-A6F7-428E-8506-0AA1CE4CC2AF} = {368DC489-458A-4B26-A2B0-DAAD0D30CC8E}
		{711E311B-66F3-4CF3-B33F-393D9EDDAE12} = {368DC489-458A-4B26-A2B0-DAAD0D30CC8E}
		{DC057012-F802-46B1-92E7-17F8B2937A90} = {368DC489-458A-4B26-A2B0-DAAD0D30CC8E}
		{0E324CD4-0052-4B0B-95ED-54BBED0CECC7} = {368DC489-458A-4B26-A2B0-DAAD0D30CC8E}
		{32C99D40-0D20-47C2-80C0-6DDC2EEECB4C} = {368DC489-458A-4B26-A2B0-DAAD0D30CC8E}
		{E62C1A7A-44EF-4B74-B6FC-7A1237072965} = {368DC489-458A-4B26-A2B0-DAAD0D30CC8E}
		{E9364554-7664-48FE-B2A2-9239F98CE7B5} = {368DC489-458A-4B26-A2B0-DAAD0D30CC8E}
		{ED53A157-F363-408F-89C1-A0B8308100E8} = {368DC489-458A-4B26-A2B0-DAAD0D30CC8E}
		{899B627B-BC25-4FD8-98B2-DF181EA30FD4} = {368DC489-458A-4B26-A2B0-DAAD0D30CC8E}
		{38E63413-9111-AB22-3D9A-6F19D9CDBB1D} = {6967A61C-9635-4066-82F0-596DD8ABDF1D}
		{DB2E2F1C-A2FA-47E8-891F-66CEC2C99DFC} = {38E63413-9111-AB22-3D9A-6F19D9CDBB1D}
		{826A4AA2-BCA5-480F-AF54-033EA9DCB2C9} = {38E63413-9111-AB22-3D9A-6F19D9CDBB1D}
		{F51056B3-05C3-4F88-8DD1-A552FF10806C} = {38E63413-9111-AB22-3D9A-6F19D9CDBB1D}
		{5FF22ACA-9E78-4328-A869-C67DAEA66235} = {38E63413-9111-AB22-3D9A-6F19D9CDBB1D}
		{AEEE5B28-D147-46A7-9FA8-2B84D6690EC2} = {38E63413-9111-AB22-3D9A-6F19D9CDBB1D}
		{240B4912-A81F-4355-A1AF-8570E3CFE178} = {38E63413-9111-AB22-3D9A-6F19D9CDBB1D}
		{D3FD0C56-8748-4870-9C93-1B95AC81E0B1} = {38E63413-9111-AB22-3D9A-6F19D9CDBB1D}
		{39132D82-B210-44D1-8989-150059E09044} = {38E63413-9111-AB22-3D9A-6F19D9CDBB1D}
		{2F930114-ABB2-4426-BCE7-B74494FB2CF6} = {38E63413-9111-AB22-3D9A-6F19D9CDBB1D}
		{0AB6342C-24CC-41AA-BC28-01D69FEF6216} = {38E63413-9111-AB22-3D9A-6F19D9CDBB1D}
		{1399A6B7-095D-4A8D-8BC3-383CB215AB60} = {38E63413-9111-AB22-3D9A-6F19D9CDBB1D}
		{A9E67CA8-50D2-4243-BCD8-F8A7BD54AA6E} = {38E63413-9111-AB22-3D9A-6F19D9CDBB1D}
		{65F8E8DF-AF83-45C5-B1F9-08D4FB64B428} = {38E63413-9111-AB22-3D9A-6F19D9CDBB1D}
		{3E7F154D-5F6C-4B43-8622-5333502C282F} = {38E63413-9111-AB22-3D9A-6F19D9CDBB1D}
		{564E79FA-DF08-441F-8983-3584E7F74556} = {38E63413-9111-AB22-3D9A-6F19D9CDBB1D}
		{20DCFB5B-890D-436A-BF16-1DA602E38E51} = {38E63413-9111-AB22-3D9A-6F19D9CDBB1D}
		{0ABBB14B-1558-480D-8507-A5E3DD1C17EA} = {38E63413-9111-AB22-3D9A-6F19D9CDBB1D}
		{635F8764-60C4-4D29-B6E1-2772842E75D1} = {38E63413-9111-AB22-3D9A-6F19D9CDBB1D}
		{F07B908A-EDAE-4663-A6E2-13085884B69B} = {38E63413-9111-AB22-3D9A-6F19D9CDBB1D}
	EndGlobalSection
EndGlobal
