
Microsoft Visual Studio Solution File, Format Version 12.00
# Visual Studio Version 17
VisualStudioVersion = 17.0.31903.59
MinimumVisualStudioVersion = 10.0.40219.1
Project("{2150E333-8FDC-42A3-9474-1A3956D46DE8}") = "src", "src", "{6967A61C-9635-4066-82F0-596DD8ABDF1D}"
EndProject
Project("{2150E333-8FDC-42A3-9474-1A3956D46DE8}") = "Solution Items", "Solution Items", "{FDDB03A6-E41D-4179-BDD3-BE4889DA6284}"
	ProjectSection(SolutionItems) = preProject
		.editorconfig = .editorconfig
		.gitignore = .gitignore
		global.json = global.json
		Makefile = Makefile
		nuget.config = nuget.config
		Taskfile.yml = Taskfile.yml
	EndProjectSection
EndProject
Project("{2150E333-8FDC-42A3-9474-1A3956D46DE8}") = "Shared Kernel", "Shared Kernel", "{368DC489-458A-4B26-A2B0-DAAD0D30CC8E}"
EndProject
Project("{FAE04EC0-301F-11D3-BF4B-00C04F79EFBC}") = "SharedKernel.Entity", "src\shared-kernel\SharedKernel.Entity\SharedKernel.Entity.csproj", "{0BC4064A-EE16-4841-A22B-4ACC77E482E8}"
EndProject
Project("{FAE04EC0-301F-11D3-BF4B-00C04F79EFBC}") = "SharedKernel.ServiceDefaults", "src\shared-kernel\SharedKernel.ServiceDefaults\SharedKernel.ServiceDefaults.csproj", "{006A0E8A-C508-4D28-967F-9D7FE6E3167F}"
EndProject
Project("{FAE04EC0-301F-11D3-BF4B-00C04F79EFBC}") = "SharedKernel.Hangfire", "src\shared-kernel\SharedKernel.Hangfire\SharedKernel.Hangfire.csproj", "{FCA716EA-608A-4EF5-BE07-A334E064DF72}"
EndProject
Project("{FAE04EC0-301F-11D3-BF4B-00C04F79EFBC}") = "SharedKernel.MassTransit", "src\shared-kernel\SharedKernel.MassTransit\SharedKernel.MassTransit.csproj", "{EA9CCC3F-8D8B-4378-8A2F-8DAF6AAA8C82}"
EndProject
Project("{FAE04EC0-301F-11D3-BF4B-00C04F79EFBC}") = "SharedKernel.Pagination", "src\shared-kernel\SharedKernel.Pagination\SharedKernel.Pagination.csproj", "{E03FD2DE-ECE2-4ED1-966F-473ACAFE0D02}"
EndProject
Project("{FAE04EC0-301F-11D3-BF4B-00C04F79EFBC}") = "SharedKernel.Serilog", "src\shared-kernel\SharedKernel.Serilog\SharedKernel.Serilog.csproj", "{EE662357-A6E9-465B-AEF5-2DFFDE492AAD}"
EndProject
Project("{FAE04EC0-301F-11D3-BF4B-00C04F79EFBC}") = "SharedKernel.Grpc", "src\shared-kernel\SharedKernel.Grpc\SharedKernel.Grpc.csproj", "{095C478C-5C86-4423-8E13-F516D37C1EA3}"
EndProject
Project("{FAE04EC0-301F-11D3-BF4B-00C04F79EFBC}") = "SharedKernel.Exception", "src\shared-kernel\SharedKernel.Exception\SharedKernel.Exception.csproj", "{000F5F39-7245-48E5-B06D-73440DD769FB}"
EndProject
Project("{FAE04EC0-301F-11D3-BF4B-00C04F79EFBC}") = "SharedKernel.AppShared", "src\shared-kernel\SharedKernel.AppShared\SharedKernel.AppShared.csproj", "{9123AF70-A6F7-428E-8506-0AA1CE4CC2AF}"
EndProject
Project("{FAE04EC0-301F-11D3-BF4B-00C04F79EFBC}") = "SharedKernel.Sentry", "src\shared-kernel\SharedKernel.Sentry\SharedKernel.Sentry.csproj", "{711E311B-66F3-4CF3-B33F-393D9EDDAE12}"
EndProject
Project("{FAE04EC0-301F-11D3-BF4B-00C04F79EFBC}") = "SharedKernel.Specification", "src\shared-kernel\SharedKernel.Specification\SharedKernel.Specification.csproj", "{DC057012-F802-46B1-92E7-17F8B2937A90}"
EndProject
Project("{FAE04EC0-301F-11D3-BF4B-00C04F79EFBC}") = "SharedKernel.UnitOfWork", "src\shared-kernel\SharedKernel.UnitOfWork\SharedKernel.UnitOfWork.csproj", "{0E324CD4-0052-4B0B-95ED-54BBED0CECC7}"
EndProject
Project("{FAE04EC0-301F-11D3-BF4B-00C04F79EFBC}") = "SharedKernel.Cache", "src\shared-kernel\SharedKernel.Cache\SharedKernel.Cache.csproj", "{32C99D40-0D20-47C2-80C0-6DDC2EEECB4C}"
EndProject
Project("{FAE04EC0-301F-11D3-BF4B-00C04F79EFBC}") = "SharedKernel.IntegrationEvent", "src\shared-kernel\SharedKernel.IntegrationEvent\SharedKernel.IntegrationEvent.csproj", "{E62C1A7A-44EF-4B74-B6FC-7A1237072965}"
EndProject
Project("{FAE04EC0-301F-11D3-BF4B-00C04F79EFBC}") = "SharedKernel.CQRS", "src\shared-kernel\SharedKernel.CQRS\SharedKernel.CQRS.csproj", "{E9364554-7664-48FE-B2A2-9239F98CE7B5}"
EndProject
Project("{FAE04EC0-301F-11D3-BF4B-00C04F79EFBC}") = "SharedKernel.RepositoryBase", "src\shared-kernel\SharedKernel.RepositoryBase\SharedKernel.RepositoryBase.csproj", "{ED53A157-F363-408F-89C1-A0B8308100E8}"
EndProject
Project("{FAE04EC0-301F-11D3-BF4B-00C04F79EFBC}") = "SharedKernel.ServiceBase", "src\shared-kernel\SharedKernel.ServiceBase\SharedKernel.ServiceBase.csproj", "{899B627B-BC25-4FD8-98B2-DF181EA30FD4}"
EndProject
Project("{FAE04EC0-301F-11D3-BF4B-00C04F79EFBC}") = "DependencyAudit", "dependency-audit\DependencyAudit.csproj", "{94FAAD46-029B-4B06-B934-70F69F82367B}"
EndProject
Project("{2150E333-8FDC-42A3-9474-1A3956D46DE8}") = "TimeScaleDb", "TimeScaleDb", "{C2C9F786-EE5A-04C1-9031-CD07D3143267}"
EndProject
Project("{FAE04EC0-301F-11D3-BF4B-00C04F79EFBC}") = "PlatformKernel.TimescaleDbDemo.Tests", "src\sample\timescaledb-demo\PlatformKernel.TimescaleDbDemo.Tests\PlatformKernel.TimescaleDbDemo.Tests.csproj", "{6D09BF9F-2DB3-47B6-809B-D825FE34578D}"
EndProject
Project("{FAE04EC0-301F-11D3-BF4B-00C04F79EFBC}") = "PlatformKernel.TimescaleDbDemo", "src\sample\timescaledb-demo\PlatformKernel.TimescaleDbDemo\PlatformKernel.TimescaleDbDemo.csproj", "{FEF0CD34-9208-4AA1-8B9B-36D589565E3C}"
EndProject
Project("{FAE04EC0-301F-11D3-BF4B-00C04F79EFBC}") = "SharedKernel.ElasticSearch", "src\shared-kernel\SharedKernel.ElasticSearch\SharedKernel.ElasticSearch.csproj", "{E94AA1CB-4191-4C66-8C1B-31526FF93C67}"
EndProject
Project("{FAE04EC0-301F-11D3-BF4B-00C04F79EFBC}") = "PlatformKernel.TimescaleDbDemo.AppHost", "src\sample\timescaledb-demo\PlatformKernel.TimescaleDbDemo.AppHost\PlatformKernel.TimescaleDbDemo.AppHost.csproj", "{9EDF53D4-ADD9-481A-A0B5-A0F9CA0612B0}"
EndProject
Project("{FAE04EC0-301F-11D3-BF4B-00C04F79EFBC}") = "SharedKernel.Rebus", "src\shared-kernel\SharedKernel.Rebus\SharedKernel.Rebus.csproj", "{B09C53A7-188E-4B71-B694-92F6824657E0}"
EndProject
Project("{FAE04EC0-301F-11D3-BF4B-00C04F79EFBC}") = "SharedKernel.BulkInsert", "src\shared-kernel\SharedKernel.BulkInsert\SharedKernel.BulkInsert.csproj", "{9AADFA92-0EB9-4446-9E03-138048AF2A50}"
EndProject
Project("{FAE04EC0-301F-11D3-BF4B-00C04F79EFBC}") = "SharedKernel.BulkInsertPipeline", "src\shared-kernel\SharedKernel.BulkInsertPipeline\SharedKernel.BulkInsertPipeline.csproj", "{623B18C9-19C3-43E0-BBC7-6D6C5368C105}"
EndProject
Project("{FAE04EC0-301F-11D3-BF4B-00C04F79EFBC}") = "SharedKernel.BulkInsertPipeline.Test", "src\shared-kernel\SharedKernel.BulkInsertPipeline.Test\SharedKernel.BulkInsertPipeline.Test.csproj", "{E21622BA-4563-471E-A8A2-E78108A40AC1}"
EndProject
Project("{FAE04EC0-301F-11D3-BF4B-00C04F79EFBC}") = "SharedKernel.BulkInsert.Test.Service", "src\shared-kernel\SharedKernel.BulkInsert.Test.Service\SharedKernel.BulkInsert.Test.Service.csproj", "{DFC58FE1-925D-4344-9B7A-4DE995795579}"
EndProject
Project("{FAE04EC0-301F-11D3-BF4B-00C04F79EFBC}") = "SharedKernel.BulkInsertPipeline.Test.Service", "src\shared-kernel\SharedKernel.BulkInsertPipeline.Test.Service\SharedKernel.BulkInsertPipeline.Test.Service.csproj", "{AFF3EA1A-FF0D-4059-BBD4-E6F6D2056B83}"
EndProject
Project("{FAE04EC0-301F-11D3-BF4B-00C04F79EFBC}") = "SharedKernel.WorkflowEngineElsa", "src\shared-kernel\SharedKernel.WorkflowEngineElsa\SharedKernel.WorkflowEngineElsa.csproj", "{CCD16302-3DBE-46D2-A98E-BB9C738E24A1}"
EndProject
Project("{FAE04EC0-301F-11D3-BF4B-00C04F79EFBC}") = "SharedKernel.FirebaseNotification", "src\shared-kernel\SharedKernel.FirebaseNotification\SharedKernel.FirebaseNotification.csproj", "{21176DC7-9B64-4496-9E39-F0EB2A4C1D8C}"
EndProject
Project("{FAE04EC0-301F-11D3-BF4B-00C04F79EFBC}") = "SharedKernel.FirebaseNotification.Test.Service", "src\shared-kernel\SharedKernel.FirebaseNotification.Test.Service\SharedKernel.FirebaseNotification.Test.Service.csproj", "{B59630D9-60BA-4EEB-BFE2-E84F0D2D72B1}"
EndProject
Project("{FAE04EC0-301F-11D3-BF4B-00C04F79EFBC}") = "SharedKernel.TickerQ", "src\shared-kernel\SharedKernel.TickerQ\SharedKernel.TickerQ.csproj", "{6D2B26E1-AAE1-4482-B3FA-4DD4D31E9A9C}"
EndProject
Project("{FAE04EC0-301F-11D3-BF4B-00C04F79EFBC}") = "SharedKernel.TickerQ.Test", "src\shared-kernel\SharedKernel.TickerQ.Test\SharedKernel.TickerQ.Test.csproj", "{59D4A1D0-AF15-41F1-B463-ECCF264B9773}"
EndProject
Project("{FAE04EC0-301F-11D3-BF4B-00C04F79EFBC}") = "SharedKernel.AuditLogging", "src\shared-kernel\SharedKernel.AuditLogging\SharedKernel.AuditLogging.csproj", "{16C29799-B06C-4D3F-8D63-43DD05CD9E67}"
EndProject
Project("{FAE04EC0-301F-11D3-BF4B-00C04F79EFBC}") = "SharedKernel.AuditLogging.Test", "src\shared-kernel\SharedKernel.AuditLogging.Test\SharedKernel.AuditLogging.Test.csproj", "{1C65656C-E756-4BA3-9C53-15DCA082976A}"
EndProject
Project("{FAE04EC0-301F-11D3-BF4B-00C04F79EFBC}") = "SharedKernel.AuditLogging.Distributed", "src\shared-kernel\SharedKernel.AuditLogging.Distributed\SharedKernel.AuditLogging.Distributed.csproj", "{A4A55407-1D60-4A0A-B178-90D1B00EEF38}"
EndProject
Project("{2150E333-8FDC-42A3-9474-1A3956D46DE8}") = "Sample", "Sample", "{E0866911-7033-412F-9809-ED3FA8724AAB}"
EndProject
Global
	GlobalSection(SolutionConfigurationPlatforms) = preSolution
		Debug|Any CPU = Debug|Any CPU
		Debug|x64 = Debug|x64
		Debug|x86 = Debug|x86
		Release|Any CPU = Release|Any CPU
		Release|x64 = Release|x64
		Release|x86 = Release|x86
	EndGlobalSection
	GlobalSection(ProjectConfigurationPlatforms) = postSolution
		{0BC4064A-EE16-4841-A22B-4ACC77E482E8}.Debug|Any CPU.ActiveCfg = Debug|Any CPU
		{0BC4064A-EE16-4841-A22B-4ACC77E482E8}.Debug|Any CPU.Build.0 = Debug|Any CPU
		{0BC4064A-EE16-4841-A22B-4ACC77E482E8}.Debug|x64.ActiveCfg = Debug|Any CPU
		{0BC4064A-EE16-4841-A22B-4ACC77E482E8}.Debug|x64.Build.0 = Debug|Any CPU
		{0BC4064A-EE16-4841-A22B-4ACC77E482E8}.Debug|x86.ActiveCfg = Debug|Any CPU
		{0BC4064A-EE16-4841-A22B-4ACC77E482E8}.Debug|x86.Build.0 = Debug|Any CPU
		{0BC4064A-EE16-4841-A22B-4ACC77E482E8}.Release|Any CPU.ActiveCfg = Release|Any CPU
		{0BC4064A-EE16-4841-A22B-4ACC77E482E8}.Release|Any CPU.Build.0 = Release|Any CPU
		{0BC4064A-EE16-4841-A22B-4ACC77E482E8}.Release|x64.ActiveCfg = Release|Any CPU
		{0BC4064A-EE16-4841-A22B-4ACC77E482E8}.Release|x64.Build.0 = Release|Any CPU
		{0BC4064A-EE16-4841-A22B-4ACC77E482E8}.Release|x86.ActiveCfg = Release|Any CPU
		{0BC4064A-EE16-4841-A22B-4ACC77E482E8}.Release|x86.Build.0 = Release|Any CPU
		{006A0E8A-C508-4D28-967F-9D7FE6E3167F}.Debug|Any CPU.ActiveCfg = Debug|Any CPU
		{006A0E8A-C508-4D28-967F-9D7FE6E3167F}.Debug|Any CPU.Build.0 = Debug|Any CPU
		{006A0E8A-C508-4D28-967F-9D7FE6E3167F}.Debug|x64.ActiveCfg = Debug|Any CPU
		{006A0E8A-C508-4D28-967F-9D7FE6E3167F}.Debug|x64.Build.0 = Debug|Any CPU
		{006A0E8A-C508-4D28-967F-9D7FE6E3167F}.Debug|x86.ActiveCfg = Debug|Any CPU
		{006A0E8A-C508-4D28-967F-9D7FE6E3167F}.Debug|x86.Build.0 = Debug|Any CPU
		{006A0E8A-C508-4D28-967F-9D7FE6E3167F}.Release|Any CPU.ActiveCfg = Release|Any CPU
		{006A0E8A-C508-4D28-967F-9D7FE6E3167F}.Release|Any CPU.Build.0 = Release|Any CPU
		{006A0E8A-C508-4D28-967F-9D7FE6E3167F}.Release|x64.ActiveCfg = Release|Any CPU
		{006A0E8A-C508-4D28-967F-9D7FE6E3167F}.Release|x64.Build.0 = Release|Any CPU
		{006A0E8A-C508-4D28-967F-9D7FE6E3167F}.Release|x86.ActiveCfg = Release|Any CPU
		{006A0E8A-C508-4D28-967F-9D7FE6E3167F}.Release|x86.Build.0 = Release|Any CPU
		{FCA716EA-608A-4EF5-BE07-A334E064DF72}.Debug|Any CPU.ActiveCfg = Debug|Any CPU
		{FCA716EA-608A-4EF5-BE07-A334E064DF72}.Debug|Any CPU.Build.0 = Debug|Any CPU
		{FCA716EA-608A-4EF5-BE07-A334E064DF72}.Debug|x64.ActiveCfg = Debug|Any CPU
		{FCA716EA-608A-4EF5-BE07-A334E064DF72}.Debug|x64.Build.0 = Debug|Any CPU
		{FCA716EA-608A-4EF5-BE07-A334E064DF72}.Debug|x86.ActiveCfg = Debug|Any CPU
		{FCA716EA-608A-4EF5-BE07-A334E064DF72}.Debug|x86.Build.0 = Debug|Any CPU
		{FCA716EA-608A-4EF5-BE07-A334E064DF72}.Release|Any CPU.ActiveCfg = Release|Any CPU
		{FCA716EA-608A-4EF5-BE07-A334E064DF72}.Release|Any CPU.Build.0 = Release|Any CPU
		{FCA716EA-608A-4EF5-BE07-A334E064DF72}.Release|x64.ActiveCfg = Release|Any CPU
		{FCA716EA-608A-4EF5-BE07-A334E064DF72}.Release|x64.Build.0 = Release|Any CPU
		{FCA716EA-608A-4EF5-BE07-A334E064DF72}.Release|x86.ActiveCfg = Release|Any CPU
		{FCA716EA-608A-4EF5-BE07-A334E064DF72}.Release|x86.Build.0 = Release|Any CPU
		{EA9CCC3F-8D8B-4378-8A2F-8DAF6AAA8C82}.Debug|Any CPU.ActiveCfg = Debug|Any CPU
		{EA9CCC3F-8D8B-4378-8A2F-8DAF6AAA8C82}.Debug|Any CPU.Build.0 = Debug|Any CPU
		{EA9CCC3F-8D8B-4378-8A2F-8DAF6AAA8C82}.Debug|x64.ActiveCfg = Debug|Any CPU
		{EA9CCC3F-8D8B-4378-8A2F-8DAF6AAA8C82}.Debug|x64.Build.0 = Debug|Any CPU
		{EA9CCC3F-8D8B-4378-8A2F-8DAF6AAA8C82}.Debug|x86.ActiveCfg = Debug|Any CPU
		{EA9CCC3F-8D8B-4378-8A2F-8DAF6AAA8C82}.Debug|x86.Build.0 = Debug|Any CPU
		{EA9CCC3F-8D8B-4378-8A2F-8DAF6AAA8C82}.Release|Any CPU.ActiveCfg = Release|Any CPU
		{EA9CCC3F-8D8B-4378-8A2F-8DAF6AAA8C82}.Release|Any CPU.Build.0 = Release|Any CPU
		{EA9CCC3F-8D8B-4378-8A2F-8DAF6AAA8C82}.Release|x64.ActiveCfg = Release|Any CPU
		{EA9CCC3F-8D8B-4378-8A2F-8DAF6AAA8C82}.Release|x64.Build.0 = Release|Any CPU
		{EA9CCC3F-8D8B-4378-8A2F-8DAF6AAA8C82}.Release|x86.ActiveCfg = Release|Any CPU
		{EA9CCC3F-8D8B-4378-8A2F-8DAF6AAA8C82}.Release|x86.Build.0 = Release|Any CPU
		{E03FD2DE-ECE2-4ED1-966F-473ACAFE0D02}.Debug|Any CPU.ActiveCfg = Debug|Any CPU
		{E03FD2DE-ECE2-4ED1-966F-473ACAFE0D02}.Debug|Any CPU.Build.0 = Debug|Any CPU
		{E03FD2DE-ECE2-4ED1-966F-473ACAFE0D02}.Debug|x64.ActiveCfg = Debug|Any CPU
		{E03FD2DE-ECE2-4ED1-966F-473ACAFE0D02}.Debug|x64.Build.0 = Debug|Any CPU
		{E03FD2DE-ECE2-4ED1-966F-473ACAFE0D02}.Debug|x86.ActiveCfg = Debug|Any CPU
		{E03FD2DE-ECE2-4ED1-966F-473ACAFE0D02}.Debug|x86.Build.0 = Debug|Any CPU
		{E03FD2DE-ECE2-4ED1-966F-473ACAFE0D02}.Release|Any CPU.ActiveCfg = Release|Any CPU
		{E03FD2DE-ECE2-4ED1-966F-473ACAFE0D02}.Release|Any CPU.Build.0 = Release|Any CPU
		{E03FD2DE-ECE2-4ED1-966F-473ACAFE0D02}.Release|x64.ActiveCfg = Release|Any CPU
		{E03FD2DE-ECE2-4ED1-966F-473ACAFE0D02}.Release|x64.Build.0 = Release|Any CPU
		{E03FD2DE-ECE2-4ED1-966F-473ACAFE0D02}.Release|x86.ActiveCfg = Release|Any CPU
		{E03FD2DE-ECE2-4ED1-966F-473ACAFE0D02}.Release|x86.Build.0 = Release|Any CPU
		{EE662357-A6E9-465B-AEF5-2DFFDE492AAD}.Debug|Any CPU.ActiveCfg = Debug|Any CPU
		{EE662357-A6E9-465B-AEF5-2DFFDE492AAD}.Debug|Any CPU.Build.0 = Debug|Any CPU
		{EE662357-A6E9-465B-AEF5-2DFFDE492AAD}.Debug|x64.ActiveCfg = Debug|Any CPU
		{EE662357-A6E9-465B-AEF5-2DFFDE492AAD}.Debug|x64.Build.0 = Debug|Any CPU
		{EE662357-A6E9-465B-AEF5-2DFFDE492AAD}.Debug|x86.ActiveCfg = Debug|Any CPU
		{EE662357-A6E9-465B-AEF5-2DFFDE492AAD}.Debug|x86.Build.0 = Debug|Any CPU
		{EE662357-A6E9-465B-AEF5-2DFFDE492AAD}.Release|Any CPU.ActiveCfg = Release|Any CPU
		{EE662357-A6E9-465B-AEF5-2DFFDE492AAD}.Release|Any CPU.Build.0 = Release|Any CPU
		{EE662357-A6E9-465B-AEF5-2DFFDE492AAD}.Release|x64.ActiveCfg = Release|Any CPU
		{EE662357-A6E9-465B-AEF5-2DFFDE492AAD}.Release|x64.Build.0 = Release|Any CPU
		{EE662357-A6E9-465B-AEF5-2DFFDE492AAD}.Release|x86.ActiveCfg = Release|Any CPU
		{EE662357-A6E9-465B-AEF5-2DFFDE492AAD}.Release|x86.Build.0 = Release|Any CPU
		{095C478C-5C86-4423-8E13-F516D37C1EA3}.Debug|Any CPU.ActiveCfg = Debug|Any CPU
		{095C478C-5C86-4423-8E13-F516D37C1EA3}.Debug|Any CPU.Build.0 = Debug|Any CPU
		{095C478C-5C86-4423-8E13-F516D37C1EA3}.Debug|x64.ActiveCfg = Debug|Any CPU
		{095C478C-5C86-4423-8E13-F516D37C1EA3}.Debug|x64.Build.0 = Debug|Any CPU
		{095C478C-5C86-4423-8E13-F516D37C1EA3}.Debug|x86.ActiveCfg = Debug|Any CPU
		{095C478C-5C86-4423-8E13-F516D37C1EA3}.Debug|x86.Build.0 = Debug|Any CPU
		{095C478C-5C86-4423-8E13-F516D37C1EA3}.Release|Any CPU.ActiveCfg = Release|Any CPU
		{095C478C-5C86-4423-8E13-F516D37C1EA3}.Release|Any CPU.Build.0 = Release|Any CPU
		{095C478C-5C86-4423-8E13-F516D37C1EA3}.Release|x64.ActiveCfg = Release|Any CPU
		{095C478C-5C86-4423-8E13-F516D37C1EA3}.Release|x64.Build.0 = Release|Any CPU
		{095C478C-5C86-4423-8E13-F516D37C1EA3}.Release|x86.ActiveCfg = Release|Any CPU
		{095C478C-5C86-4423-8E13-F516D37C1EA3}.Release|x86.Build.0 = Release|Any CPU
		{000F5F39-7245-48E5-B06D-73440DD769FB}.Debug|Any CPU.ActiveCfg = Debug|Any CPU
		{000F5F39-7245-48E5-B06D-73440DD769FB}.Debug|Any CPU.Build.0 = Debug|Any CPU
		{000F5F39-7245-48E5-B06D-73440DD769FB}.Debug|x64.ActiveCfg = Debug|Any CPU
		{000F5F39-7245-48E5-B06D-73440DD769FB}.Debug|x64.Build.0 = Debug|Any CPU
		{000F5F39-7245-48E5-B06D-73440DD769FB}.Debug|x86.ActiveCfg = Debug|Any CPU
		{000F5F39-7245-48E5-B06D-73440DD769FB}.Debug|x86.Build.0 = Debug|Any CPU
		{000F5F39-7245-48E5-B06D-73440DD769FB}.Release|Any CPU.ActiveCfg = Release|Any CPU
		{000F5F39-7245-48E5-B06D-73440DD769FB}.Release|Any CPU.Build.0 = Release|Any CPU
		{000F5F39-7245-48E5-B06D-73440DD769FB}.Release|x64.ActiveCfg = Release|Any CPU
		{000F5F39-7245-48E5-B06D-73440DD769FB}.Release|x64.Build.0 = Release|Any CPU
		{000F5F39-7245-48E5-B06D-73440DD769FB}.Release|x86.ActiveCfg = Release|Any CPU
		{000F5F39-7245-48E5-B06D-73440DD769FB}.Release|x86.Build.0 = Release|Any CPU
		{9123AF70-A6F7-428E-8506-0AA1CE4CC2AF}.Debug|Any CPU.ActiveCfg = Debug|Any CPU
		{9123AF70-A6F7-428E-8506-0AA1CE4CC2AF}.Debug|Any CPU.Build.0 = Debug|Any CPU
		{9123AF70-A6F7-428E-8506-0AA1CE4CC2AF}.Debug|x64.ActiveCfg = Debug|Any CPU
		{9123AF70-A6F7-428E-8506-0AA1CE4CC2AF}.Debug|x64.Build.0 = Debug|Any CPU
		{9123AF70-A6F7-428E-8506-0AA1CE4CC2AF}.Debug|x86.ActiveCfg = Debug|Any CPU
		{9123AF70-A6F7-428E-8506-0AA1CE4CC2AF}.Debug|x86.Build.0 = Debug|Any CPU
		{9123AF70-A6F7-428E-8506-0AA1CE4CC2AF}.Release|Any CPU.ActiveCfg = Release|Any CPU
		{9123AF70-A6F7-428E-8506-0AA1CE4CC2AF}.Release|Any CPU.Build.0 = Release|Any CPU
		{9123AF70-A6F7-428E-8506-0AA1CE4CC2AF}.Release|x64.ActiveCfg = Release|Any CPU
		{9123AF70-A6F7-428E-8506-0AA1CE4CC2AF}.Release|x64.Build.0 = Release|Any CPU
		{9123AF70-A6F7-428E-8506-0AA1CE4CC2AF}.Release|x86.ActiveCfg = Release|Any CPU
		{9123AF70-A6F7-428E-8506-0AA1CE4CC2AF}.Release|x86.Build.0 = Release|Any CPU
		{711E311B-66F3-4CF3-B33F-393D9EDDAE12}.Debug|Any CPU.ActiveCfg = Debug|Any CPU
		{711E311B-66F3-4CF3-B33F-393D9EDDAE12}.Debug|Any CPU.Build.0 = Debug|Any CPU
		{711E311B-66F3-4CF3-B33F-393D9EDDAE12}.Debug|x64.ActiveCfg = Debug|Any CPU
		{711E311B-66F3-4CF3-B33F-393D9EDDAE12}.Debug|x64.Build.0 = Debug|Any CPU
		{711E311B-66F3-4CF3-B33F-393D9EDDAE12}.Debug|x86.ActiveCfg = Debug|Any CPU
		{711E311B-66F3-4CF3-B33F-393D9EDDAE12}.Debug|x86.Build.0 = Debug|Any CPU
		{711E311B-66F3-4CF3-B33F-393D9EDDAE12}.Release|Any CPU.ActiveCfg = Release|Any CPU
		{711E311B-66F3-4CF3-B33F-393D9EDDAE12}.Release|Any CPU.Build.0 = Release|Any CPU
		{711E311B-66F3-4CF3-B33F-393D9EDDAE12}.Release|x64.ActiveCfg = Release|Any CPU
		{711E311B-66F3-4CF3-B33F-393D9EDDAE12}.Release|x64.Build.0 = Release|Any CPU
		{711E311B-66F3-4CF3-B33F-393D9EDDAE12}.Release|x86.ActiveCfg = Release|Any CPU
		{711E311B-66F3-4CF3-B33F-393D9EDDAE12}.Release|x86.Build.0 = Release|Any CPU
		{DC057012-F802-46B1-92E7-17F8B2937A90}.Debug|Any CPU.ActiveCfg = Debug|Any CPU
		{DC057012-F802-46B1-92E7-17F8B2937A90}.Debug|Any CPU.Build.0 = Debug|Any CPU
		{DC057012-F802-46B1-92E7-17F8B2937A90}.Debug|x64.ActiveCfg = Debug|Any CPU
		{DC057012-F802-46B1-92E7-17F8B2937A90}.Debug|x64.Build.0 = Debug|Any CPU
		{DC057012-F802-46B1-92E7-17F8B2937A90}.Debug|x86.ActiveCfg = Debug|Any CPU
		{DC057012-F802-46B1-92E7-17F8B2937A90}.Debug|x86.Build.0 = Debug|Any CPU
		{DC057012-F802-46B1-92E7-17F8B2937A90}.Release|Any CPU.ActiveCfg = Release|Any CPU
		{DC057012-F802-46B1-92E7-17F8B2937A90}.Release|Any CPU.Build.0 = Release|Any CPU
		{DC057012-F802-46B1-92E7-17F8B2937A90}.Release|x64.ActiveCfg = Release|Any CPU
		{DC057012-F802-46B1-92E7-17F8B2937A90}.Release|x64.Build.0 = Release|Any CPU
		{DC057012-F802-46B1-92E7-17F8B2937A90}.Release|x86.ActiveCfg = Release|Any CPU
		{DC057012-F802-46B1-92E7-17F8B2937A90}.Release|x86.Build.0 = Release|Any CPU
		{0E324CD4-0052-4B0B-95ED-54BBED0CECC7}.Debug|Any CPU.ActiveCfg = Debug|Any CPU
		{0E324CD4-0052-4B0B-95ED-54BBED0CECC7}.Debug|Any CPU.Build.0 = Debug|Any CPU
		{0E324CD4-0052-4B0B-95ED-54BBED0CECC7}.Debug|x64.ActiveCfg = Debug|Any CPU
		{0E324CD4-0052-4B0B-95ED-54BBED0CECC7}.Debug|x64.Build.0 = Debug|Any CPU
		{0E324CD4-0052-4B0B-95ED-54BBED0CECC7}.Debug|x86.ActiveCfg = Debug|Any CPU
		{0E324CD4-0052-4B0B-95ED-54BBED0CECC7}.Debug|x86.Build.0 = Debug|Any CPU
		{0E324CD4-0052-4B0B-95ED-54BBED0CECC7}.Release|Any CPU.ActiveCfg = Release|Any CPU
		{0E324CD4-0052-4B0B-95ED-54BBED0CECC7}.Release|Any CPU.Build.0 = Release|Any CPU
		{0E324CD4-0052-4B0B-95ED-54BBED0CECC7}.Release|x64.ActiveCfg = Release|Any CPU
		{0E324CD4-0052-4B0B-95ED-54BBED0CECC7}.Release|x64.Build.0 = Release|Any CPU
		{0E324CD4-0052-4B0B-95ED-54BBED0CECC7}.Release|x86.ActiveCfg = Release|Any CPU
		{0E324CD4-0052-4B0B-95ED-54BBED0CECC7}.Release|x86.Build.0 = Release|Any CPU
		{32C99D40-0D20-47C2-80C0-6DDC2EEECB4C}.Debug|Any CPU.ActiveCfg = Debug|Any CPU
		{32C99D40-0D20-47C2-80C0-6DDC2EEECB4C}.Debug|Any CPU.Build.0 = Debug|Any CPU
		{32C99D40-0D20-47C2-80C0-6DDC2EEECB4C}.Debug|x64.ActiveCfg = Debug|Any CPU
		{32C99D40-0D20-47C2-80C0-6DDC2EEECB4C}.Debug|x64.Build.0 = Debug|Any CPU
		{32C99D40-0D20-47C2-80C0-6DDC2EEECB4C}.Debug|x86.ActiveCfg = Debug|Any CPU
		{32C99D40-0D20-47C2-80C0-6DDC2EEECB4C}.Debug|x86.Build.0 = Debug|Any CPU
		{32C99D40-0D20-47C2-80C0-6DDC2EEECB4C}.Release|Any CPU.ActiveCfg = Release|Any CPU
		{32C99D40-0D20-47C2-80C0-6DDC2EEECB4C}.Release|Any CPU.Build.0 = Release|Any CPU
		{32C99D40-0D20-47C2-80C0-6DDC2EEECB4C}.Release|x64.ActiveCfg = Release|Any CPU
		{32C99D40-0D20-47C2-80C0-6DDC2EEECB4C}.Release|x64.Build.0 = Release|Any CPU
		{32C99D40-0D20-47C2-80C0-6DDC2EEECB4C}.Release|x86.ActiveCfg = Release|Any CPU
		{32C99D40-0D20-47C2-80C0-6DDC2EEECB4C}.Release|x86.Build.0 = Release|Any CPU
		{E62C1A7A-44EF-4B74-B6FC-7A1237072965}.Debug|Any CPU.ActiveCfg = Debug|Any CPU
		{E62C1A7A-44EF-4B74-B6FC-7A1237072965}.Debug|Any CPU.Build.0 = Debug|Any CPU
		{E62C1A7A-44EF-4B74-B6FC-7A1237072965}.Debug|x64.ActiveCfg = Debug|Any CPU
		{E62C1A7A-44EF-4B74-B6FC-7A1237072965}.Debug|x64.Build.0 = Debug|Any CPU
		{E62C1A7A-44EF-4B74-B6FC-7A1237072965}.Debug|x86.ActiveCfg = Debug|Any CPU
		{E62C1A7A-44EF-4B74-B6FC-7A1237072965}.Debug|x86.Build.0 = Debug|Any CPU
		{E62C1A7A-44EF-4B74-B6FC-7A1237072965}.Release|Any CPU.ActiveCfg = Release|Any CPU
		{E62C1A7A-44EF-4B74-B6FC-7A1237072965}.Release|Any CPU.Build.0 = Release|Any CPU
		{E62C1A7A-44EF-4B74-B6FC-7A1237072965}.Release|x64.ActiveCfg = Release|Any CPU
		{E62C1A7A-44EF-4B74-B6FC-7A1237072965}.Release|x64.Build.0 = Release|Any CPU
		{E62C1A7A-44EF-4B74-B6FC-7A1237072965}.Release|x86.ActiveCfg = Release|Any CPU
		{E62C1A7A-44EF-4B74-B6FC-7A1237072965}.Release|x86.Build.0 = Release|Any CPU
		{E9364554-7664-48FE-B2A2-9239F98CE7B5}.Debug|Any CPU.ActiveCfg = Debug|Any CPU
		{E9364554-7664-48FE-B2A2-9239F98CE7B5}.Debug|Any CPU.Build.0 = Debug|Any CPU
		{E9364554-7664-48FE-B2A2-9239F98CE7B5}.Debug|x64.ActiveCfg = Debug|Any CPU
		{E9364554-7664-48FE-B2A2-9239F98CE7B5}.Debug|x64.Build.0 = Debug|Any CPU
		{E9364554-7664-48FE-B2A2-9239F98CE7B5}.Debug|x86.ActiveCfg = Debug|Any CPU
		{E9364554-7664-48FE-B2A2-9239F98CE7B5}.Debug|x86.Build.0 = Debug|Any CPU
		{E9364554-7664-48FE-B2A2-9239F98CE7B5}.Release|Any CPU.ActiveCfg = Release|Any CPU
		{E9364554-7664-48FE-B2A2-9239F98CE7B5}.Release|Any CPU.Build.0 = Release|Any CPU
		{E9364554-7664-48FE-B2A2-9239F98CE7B5}.Release|x64.ActiveCfg = Release|Any CPU
		{E9364554-7664-48FE-B2A2-9239F98CE7B5}.Release|x64.Build.0 = Release|Any CPU
		{E9364554-7664-48FE-B2A2-9239F98CE7B5}.Release|x86.ActiveCfg = Release|Any CPU
		{E9364554-7664-48FE-B2A2-9239F98CE7B5}.Release|x86.Build.0 = Release|Any CPU
		{ED53A157-F363-408F-89C1-A0B8308100E8}.Debug|Any CPU.ActiveCfg = Debug|Any CPU
		{ED53A157-F363-408F-89C1-A0B8308100E8}.Debug|Any CPU.Build.0 = Debug|Any CPU
		{ED53A157-F363-408F-89C1-A0B8308100E8}.Debug|x64.ActiveCfg = Debug|Any CPU
		{ED53A157-F363-408F-89C1-A0B8308100E8}.Debug|x64.Build.0 = Debug|Any CPU
		{ED53A157-F363-408F-89C1-A0B8308100E8}.Debug|x86.ActiveCfg = Debug|Any CPU
		{ED53A157-F363-408F-89C1-A0B8308100E8}.Debug|x86.Build.0 = Debug|Any CPU
		{ED53A157-F363-408F-89C1-A0B8308100E8}.Release|Any CPU.ActiveCfg = Release|Any CPU
		{ED53A157-F363-408F-89C1-A0B8308100E8}.Release|Any CPU.Build.0 = Release|Any CPU
		{ED53A157-F363-408F-89C1-A0B8308100E8}.Release|x64.ActiveCfg = Release|Any CPU
		{ED53A157-F363-408F-89C1-A0B8308100E8}.Release|x64.Build.0 = Release|Any CPU
		{ED53A157-F363-408F-89C1-A0B8308100E8}.Release|x86.ActiveCfg = Release|Any CPU
		{ED53A157-F363-408F-89C1-A0B8308100E8}.Release|x86.Build.0 = Release|Any CPU
		{899B627B-BC25-4FD8-98B2-DF181EA30FD4}.Debug|Any CPU.ActiveCfg = Debug|Any CPU
		{899B627B-BC25-4FD8-98B2-DF181EA30FD4}.Debug|Any CPU.Build.0 = Debug|Any CPU
		{899B627B-BC25-4FD8-98B2-DF181EA30FD4}.Debug|x64.ActiveCfg = Debug|Any CPU
		{899B627B-BC25-4FD8-98B2-DF181EA30FD4}.Debug|x64.Build.0 = Debug|Any CPU
		{899B627B-BC25-4FD8-98B2-DF181EA30FD4}.Debug|x86.ActiveCfg = Debug|Any CPU
		{899B627B-BC25-4FD8-98B2-DF181EA30FD4}.Debug|x86.Build.0 = Debug|Any CPU
		{899B627B-BC25-4FD8-98B2-DF181EA30FD4}.Release|Any CPU.ActiveCfg = Release|Any CPU
		{899B627B-BC25-4FD8-98B2-DF181EA30FD4}.Release|Any CPU.Build.0 = Release|Any CPU
		{899B627B-BC25-4FD8-98B2-DF181EA30FD4}.Release|x64.ActiveCfg = Release|Any CPU
		{899B627B-BC25-4FD8-98B2-DF181EA30FD4}.Release|x64.Build.0 = Release|Any CPU
		{899B627B-BC25-4FD8-98B2-DF181EA30FD4}.Release|x86.ActiveCfg = Release|Any CPU
		{899B627B-BC25-4FD8-98B2-DF181EA30FD4}.Release|x86.Build.0 = Release|Any CPU
		{94FAAD46-029B-4B06-B934-70F69F82367B}.Debug|Any CPU.ActiveCfg = Debug|Any CPU
		{94FAAD46-029B-4B06-B934-70F69F82367B}.Debug|Any CPU.Build.0 = Debug|Any CPU
		{94FAAD46-029B-4B06-B934-70F69F82367B}.Debug|x64.ActiveCfg = Debug|Any CPU
		{94FAAD46-029B-4B06-B934-70F69F82367B}.Debug|x64.Build.0 = Debug|Any CPU
		{94FAAD46-029B-4B06-B934-70F69F82367B}.Debug|x86.ActiveCfg = Debug|Any CPU
		{94FAAD46-029B-4B06-B934-70F69F82367B}.Debug|x86.Build.0 = Debug|Any CPU
		{94FAAD46-029B-4B06-B934-70F69F82367B}.Release|Any CPU.ActiveCfg = Release|Any CPU
		{94FAAD46-029B-4B06-B934-70F69F82367B}.Release|Any CPU.Build.0 = Release|Any CPU
		{94FAAD46-029B-4B06-B934-70F69F82367B}.Release|x64.ActiveCfg = Release|Any CPU
		{94FAAD46-029B-4B06-B934-70F69F82367B}.Release|x64.Build.0 = Release|Any CPU
		{94FAAD46-029B-4B06-B934-70F69F82367B}.Release|x86.ActiveCfg = Release|Any CPU
		{94FAAD46-029B-4B06-B934-70F69F82367B}.Release|x86.Build.0 = Release|Any CPU
		{6D09BF9F-2DB3-47B6-809B-D825FE34578D}.Debug|Any CPU.ActiveCfg = Debug|Any CPU
		{6D09BF9F-2DB3-47B6-809B-D825FE34578D}.Debug|Any CPU.Build.0 = Debug|Any CPU
		{6D09BF9F-2DB3-47B6-809B-D825FE34578D}.Debug|x64.ActiveCfg = Debug|Any CPU
		{6D09BF9F-2DB3-47B6-809B-D825FE34578D}.Debug|x64.Build.0 = Debug|Any CPU
		{6D09BF9F-2DB3-47B6-809B-D825FE34578D}.Debug|x86.ActiveCfg = Debug|Any CPU
		{6D09BF9F-2DB3-47B6-809B-D825FE34578D}.Debug|x86.Build.0 = Debug|Any CPU
		{6D09BF9F-2DB3-47B6-809B-D825FE34578D}.Release|Any CPU.ActiveCfg = Release|Any CPU
		{6D09BF9F-2DB3-47B6-809B-D825FE34578D}.Release|Any CPU.Build.0 = Release|Any CPU
		{6D09BF9F-2DB3-47B6-809B-D825FE34578D}.Release|x64.ActiveCfg = Release|Any CPU
		{6D09BF9F-2DB3-47B6-809B-D825FE34578D}.Release|x64.Build.0 = Release|Any CPU
		{6D09BF9F-2DB3-47B6-809B-D825FE34578D}.Release|x86.ActiveCfg = Release|Any CPU
		{6D09BF9F-2DB3-47B6-809B-D825FE34578D}.Release|x86.Build.0 = Release|Any CPU
		{FEF0CD34-9208-4AA1-8B9B-36D589565E3C}.Debug|Any CPU.ActiveCfg = Debug|Any CPU
		{FEF0CD34-9208-4AA1-8B9B-36D589565E3C}.Debug|Any CPU.Build.0 = Debug|Any CPU
		{FEF0CD34-9208-4AA1-8B9B-36D589565E3C}.Debug|x64.ActiveCfg = Debug|Any CPU
		{FEF0CD34-9208-4AA1-8B9B-36D589565E3C}.Debug|x64.Build.0 = Debug|Any CPU
		{FEF0CD34-9208-4AA1-8B9B-36D589565E3C}.Debug|x86.ActiveCfg = Debug|Any CPU
		{FEF0CD34-9208-4AA1-8B9B-36D589565E3C}.Debug|x86.Build.0 = Debug|Any CPU
		{FEF0CD34-9208-4AA1-8B9B-36D589565E3C}.Release|Any CPU.ActiveCfg = Release|Any CPU
		{FEF0CD34-9208-4AA1-8B9B-36D589565E3C}.Release|Any CPU.Build.0 = Release|Any CPU
		{FEF0CD34-9208-4AA1-8B9B-36D589565E3C}.Release|x64.ActiveCfg = Release|Any CPU
		{FEF0CD34-9208-4AA1-8B9B-36D589565E3C}.Release|x64.Build.0 = Release|Any CPU
		{FEF0CD34-9208-4AA1-8B9B-36D589565E3C}.Release|x86.ActiveCfg = Release|Any CPU
		{FEF0CD34-9208-4AA1-8B9B-36D589565E3C}.Release|x86.Build.0 = Release|Any CPU
		{E94AA1CB-4191-4C66-8C1B-31526FF93C67}.Debug|Any CPU.ActiveCfg = Debug|Any CPU
		{E94AA1CB-4191-4C66-8C1B-31526FF93C67}.Debug|Any CPU.Build.0 = Debug|Any CPU
		{E94AA1CB-4191-4C66-8C1B-31526FF93C67}.Debug|x64.ActiveCfg = Debug|Any CPU
		{E94AA1CB-4191-4C66-8C1B-31526FF93C67}.Debug|x64.Build.0 = Debug|Any CPU
		{E94AA1CB-4191-4C66-8C1B-31526FF93C67}.Debug|x86.ActiveCfg = Debug|Any CPU
		{E94AA1CB-4191-4C66-8C1B-31526FF93C67}.Debug|x86.Build.0 = Debug|Any CPU
		{E94AA1CB-4191-4C66-8C1B-31526FF93C67}.Release|Any CPU.ActiveCfg = Release|Any CPU
		{E94AA1CB-4191-4C66-8C1B-31526FF93C67}.Release|Any CPU.Build.0 = Release|Any CPU
		{E94AA1CB-4191-4C66-8C1B-31526FF93C67}.Release|x64.ActiveCfg = Release|Any CPU
		{E94AA1CB-4191-4C66-8C1B-31526FF93C67}.Release|x64.Build.0 = Release|Any CPU
		{E94AA1CB-4191-4C66-8C1B-31526FF93C67}.Release|x86.ActiveCfg = Release|Any CPU
		{E94AA1CB-4191-4C66-8C1B-31526FF93C67}.Release|x86.Build.0 = Release|Any CPU
		{9EDF53D4-ADD9-481A-A0B5-A0F9CA0612B0}.Debug|Any CPU.ActiveCfg = Debug|Any CPU
		{9EDF53D4-ADD9-481A-A0B5-A0F9CA0612B0}.Debug|Any CPU.Build.0 = Debug|Any CPU
		{9EDF53D4-ADD9-481A-A0B5-A0F9CA0612B0}.Debug|x64.ActiveCfg = Debug|Any CPU
		{9EDF53D4-ADD9-481A-A0B5-A0F9CA0612B0}.Debug|x64.Build.0 = Debug|Any CPU
		{9EDF53D4-ADD9-481A-A0B5-A0F9CA0612B0}.Debug|x86.ActiveCfg = Debug|Any CPU
		{9EDF53D4-ADD9-481A-A0B5-A0F9CA0612B0}.Debug|x86.Build.0 = Debug|Any CPU
		{9EDF53D4-ADD9-481A-A0B5-A0F9CA0612B0}.Release|Any CPU.ActiveCfg = Release|Any CPU
		{9EDF53D4-ADD9-481A-A0B5-A0F9CA0612B0}.Release|Any CPU.Build.0 = Release|Any CPU
		{9EDF53D4-ADD9-481A-A0B5-A0F9CA0612B0}.Release|x64.ActiveCfg = Release|Any CPU
		{9EDF53D4-ADD9-481A-A0B5-A0F9CA0612B0}.Release|x64.Build.0 = Release|Any CPU
		{9EDF53D4-ADD9-481A-A0B5-A0F9CA0612B0}.Release|x86.ActiveCfg = Release|Any CPU
		{9EDF53D4-ADD9-481A-A0B5-A0F9CA0612B0}.Release|x86.Build.0 = Release|Any CPU
		{B09C53A7-188E-4B71-B694-92F6824657E0}.Debug|Any CPU.ActiveCfg = Debug|Any CPU
		{B09C53A7-188E-4B71-B694-92F6824657E0}.Debug|Any CPU.Build.0 = Debug|Any CPU
		{B09C53A7-188E-4B71-B694-92F6824657E0}.Debug|x64.ActiveCfg = Debug|Any CPU
		{B09C53A7-188E-4B71-B694-92F6824657E0}.Debug|x64.Build.0 = Debug|Any CPU
		{B09C53A7-188E-4B71-B694-92F6824657E0}.Debug|x86.ActiveCfg = Debug|Any CPU
		{B09C53A7-188E-4B71-B694-92F6824657E0}.Debug|x86.Build.0 = Debug|Any CPU
		{B09C53A7-188E-4B71-B694-92F6824657E0}.Release|Any CPU.ActiveCfg = Release|Any CPU
		{B09C53A7-188E-4B71-B694-92F6824657E0}.Release|Any CPU.Build.0 = Release|Any CPU
		{B09C53A7-188E-4B71-B694-92F6824657E0}.Release|x64.ActiveCfg = Release|Any CPU
		{B09C53A7-188E-4B71-B694-92F6824657E0}.Release|x64.Build.0 = Release|Any CPU
		{B09C53A7-188E-4B71-B694-92F6824657E0}.Release|x86.ActiveCfg = Release|Any CPU
		{B09C53A7-188E-4B71-B694-92F6824657E0}.Release|x86.Build.0 = Release|Any CPU
		{9AADFA92-0EB9-4446-9E03-138048AF2A50}.Debug|Any CPU.ActiveCfg = Debug|Any CPU
		{9AADFA92-0EB9-4446-9E03-138048AF2A50}.Debug|Any CPU.Build.0 = Debug|Any CPU
		{9AADFA92-0EB9-4446-9E03-138048AF2A50}.Debug|x64.ActiveCfg = Debug|Any CPU
		{9AADFA92-0EB9-4446-9E03-138048AF2A50}.Debug|x64.Build.0 = Debug|Any CPU
		{9AADFA92-0EB9-4446-9E03-138048AF2A50}.Debug|x86.ActiveCfg = Debug|Any CPU
		{9AADFA92-0EB9-4446-9E03-138048AF2A50}.Debug|x86.Build.0 = Debug|Any CPU
		{9AADFA92-0EB9-4446-9E03-138048AF2A50}.Release|Any CPU.ActiveCfg = Release|Any CPU
		{9AADFA92-0EB9-4446-9E03-138048AF2A50}.Release|Any CPU.Build.0 = Release|Any CPU
		{9AADFA92-0EB9-4446-9E03-138048AF2A50}.Release|x64.ActiveCfg = Release|Any CPU
		{9AADFA92-0EB9-4446-9E03-138048AF2A50}.Release|x64.Build.0 = Release|Any CPU
		{9AADFA92-0EB9-4446-9E03-138048AF2A50}.Release|x86.ActiveCfg = Release|Any CPU
		{9AADFA92-0EB9-4446-9E03-138048AF2A50}.Release|x86.Build.0 = Release|Any CPU
		{623B18C9-19C3-43E0-BBC7-6D6C5368C105}.Debug|Any CPU.ActiveCfg = Debug|Any CPU
		{623B18C9-19C3-43E0-BBC7-6D6C5368C105}.Debug|Any CPU.Build.0 = Debug|Any CPU
		{623B18C9-19C3-43E0-BBC7-6D6C5368C105}.Debug|x64.ActiveCfg = Debug|Any CPU
		{623B18C9-19C3-43E0-BBC7-6D6C5368C105}.Debug|x64.Build.0 = Debug|Any CPU
		{623B18C9-19C3-43E0-BBC7-6D6C5368C105}.Debug|x86.ActiveCfg = Debug|Any CPU
		{623B18C9-19C3-43E0-BBC7-6D6C5368C105}.Debug|x86.Build.0 = Debug|Any CPU
		{623B18C9-19C3-43E0-BBC7-6D6C5368C105}.Release|Any CPU.ActiveCfg = Release|Any CPU
		{623B18C9-19C3-43E0-BBC7-6D6C5368C105}.Release|Any CPU.Build.0 = Release|Any CPU
		{623B18C9-19C3-43E0-BBC7-6D6C5368C105}.Release|x64.ActiveCfg = Release|Any CPU
		{623B18C9-19C3-43E0-BBC7-6D6C5368C105}.Release|x64.Build.0 = Release|Any CPU
		{623B18C9-19C3-43E0-BBC7-6D6C5368C105}.Release|x86.ActiveCfg = Release|Any CPU
		{623B18C9-19C3-43E0-BBC7-6D6C5368C105}.Release|x86.Build.0 = Release|Any CPU
		{E21622BA-4563-471E-A8A2-E78108A40AC1}.Debug|Any CPU.ActiveCfg = Debug|Any CPU
		{E21622BA-4563-471E-A8A2-E78108A40AC1}.Debug|Any CPU.Build.0 = Debug|Any CPU
		{E21622BA-4563-471E-A8A2-E78108A40AC1}.Debug|x64.ActiveCfg = Debug|Any CPU
		{E21622BA-4563-471E-A8A2-E78108A40AC1}.Debug|x64.Build.0 = Debug|Any CPU
		{E21622BA-4563-471E-A8A2-E78108A40AC1}.Debug|x86.ActiveCfg = Debug|Any CPU
		{E21622BA-4563-471E-A8A2-E78108A40AC1}.Debug|x86.Build.0 = Debug|Any CPU
		{E21622BA-4563-471E-A8A2-E78108A40AC1}.Release|Any CPU.ActiveCfg = Release|Any CPU
		{E21622BA-4563-471E-A8A2-E78108A40AC1}.Release|Any CPU.Build.0 = Release|Any CPU
		{E21622BA-4563-471E-A8A2-E78108A40AC1}.Release|x64.ActiveCfg = Release|Any CPU
		{E21622BA-4563-471E-A8A2-E78108A40AC1}.Release|x64.Build.0 = Release|Any CPU
		{E21622BA-4563-471E-A8A2-E78108A40AC1}.Release|x86.ActiveCfg = Release|Any CPU
		{E21622BA-4563-471E-A8A2-E78108A40AC1}.Release|x86.Build.0 = Release|Any CPU
		{DFC58FE1-925D-4344-9B7A-4DE995795579}.Debug|Any CPU.ActiveCfg = Debug|Any CPU
		{DFC58FE1-925D-4344-9B7A-4DE995795579}.Debug|Any CPU.Build.0 = Debug|Any CPU
		{DFC58FE1-925D-4344-9B7A-4DE995795579}.Debug|x64.ActiveCfg = Debug|Any CPU
		{DFC58FE1-925D-4344-9B7A-4DE995795579}.Debug|x64.Build.0 = Debug|Any CPU
		{DFC58FE1-925D-4344-9B7A-4DE995795579}.Debug|x86.ActiveCfg = Debug|Any CPU
		{DFC58FE1-925D-4344-9B7A-4DE995795579}.Debug|x86.Build.0 = Debug|Any CPU
		{DFC58FE1-925D-4344-9B7A-4DE995795579}.Release|Any CPU.ActiveCfg = Release|Any CPU
		{DFC58FE1-925D-4344-9B7A-4DE995795579}.Release|Any CPU.Build.0 = Release|Any CPU
		{DFC58FE1-925D-4344-9B7A-4DE995795579}.Release|x64.ActiveCfg = Release|Any CPU
		{DFC58FE1-925D-4344-9B7A-4DE995795579}.Release|x64.Build.0 = Release|Any CPU
		{DFC58FE1-925D-4344-9B7A-4DE995795579}.Release|x86.ActiveCfg = Release|Any CPU
		{DFC58FE1-925D-4344-9B7A-4DE995795579}.Release|x86.Build.0 = Release|Any CPU
		{AFF3EA1A-FF0D-4059-BBD4-E6F6D2056B83}.Debug|Any CPU.ActiveCfg = Debug|Any CPU
		{AFF3EA1A-FF0D-4059-BBD4-E6F6D2056B83}.Debug|Any CPU.Build.0 = Debug|Any CPU
		{AFF3EA1A-FF0D-4059-BBD4-E6F6D2056B83}.Debug|x64.ActiveCfg = Debug|Any CPU
		{AFF3EA1A-FF0D-4059-BBD4-E6F6D2056B83}.Debug|x64.Build.0 = Debug|Any CPU
		{AFF3EA1A-FF0D-4059-BBD4-E6F6D2056B83}.Debug|x86.ActiveCfg = Debug|Any CPU
		{AFF3EA1A-FF0D-4059-BBD4-E6F6D2056B83}.Debug|x86.Build.0 = Debug|Any CPU
		{AFF3EA1A-FF0D-4059-BBD4-E6F6D2056B83}.Release|Any CPU.ActiveCfg = Release|Any CPU
		{AFF3EA1A-FF0D-4059-BBD4-E6F6D2056B83}.Release|Any CPU.Build.0 = Release|Any CPU
		{AFF3EA1A-FF0D-4059-BBD4-E6F6D2056B83}.Release|x64.ActiveCfg = Release|Any CPU
		{AFF3EA1A-FF0D-4059-BBD4-E6F6D2056B83}.Release|x64.Build.0 = Release|Any CPU
		{AFF3EA1A-FF0D-4059-BBD4-E6F6D2056B83}.Release|x86.ActiveCfg = Release|Any CPU
		{AFF3EA1A-FF0D-4059-BBD4-E6F6D2056B83}.Release|x86.Build.0 = Release|Any CPU
		{CCD16302-3DBE-46D2-A98E-BB9C738E24A1}.Debug|Any CPU.ActiveCfg = Debug|Any CPU
		{CCD16302-3DBE-46D2-A98E-BB9C738E24A1}.Debug|Any CPU.Build.0 = Debug|Any CPU
		{CCD16302-3DBE-46D2-A98E-BB9C738E24A1}.Debug|x64.ActiveCfg = Debug|Any CPU
		{CCD16302-3DBE-46D2-A98E-BB9C738E24A1}.Debug|x64.Build.0 = Debug|Any CPU
		{CCD16302-3DBE-46D2-A98E-BB9C738E24A1}.Debug|x86.ActiveCfg = Debug|Any CPU
		{CCD16302-3DBE-46D2-A98E-BB9C738E24A1}.Debug|x86.Build.0 = Debug|Any CPU
		{CCD16302-3DBE-46D2-A98E-BB9C738E24A1}.Release|Any CPU.ActiveCfg = Release|Any CPU
		{CCD16302-3DBE-46D2-A98E-BB9C738E24A1}.Release|Any CPU.Build.0 = Release|Any CPU
		{CCD16302-3DBE-46D2-A98E-BB9C738E24A1}.Release|x64.ActiveCfg = Release|Any CPU
		{CCD16302-3DBE-46D2-A98E-BB9C738E24A1}.Release|x64.Build.0 = Release|Any CPU
		{CCD16302-3DBE-46D2-A98E-BB9C738E24A1}.Release|x86.ActiveCfg = Release|Any CPU
		{CCD16302-3DBE-46D2-A98E-BB9C738E24A1}.Release|x86.Build.0 = Release|Any CPU
		{21176DC7-9B64-4496-9E39-F0EB2A4C1D8C}.Debug|Any CPU.ActiveCfg = Debug|Any CPU
		{21176DC7-9B64-4496-9E39-F0EB2A4C1D8C}.Debug|Any CPU.Build.0 = Debug|Any CPU
		{21176DC7-9B64-4496-9E39-F0EB2A4C1D8C}.Debug|x64.ActiveCfg = Debug|Any CPU
		{21176DC7-9B64-4496-9E39-F0EB2A4C1D8C}.Debug|x64.Build.0 = Debug|Any CPU
		{21176DC7-9B64-4496-9E39-F0EB2A4C1D8C}.Debug|x86.ActiveCfg = Debug|Any CPU
		{21176DC7-9B64-4496-9E39-F0EB2A4C1D8C}.Debug|x86.Build.0 = Debug|Any CPU
		{21176DC7-9B64-4496-9E39-F0EB2A4C1D8C}.Release|Any CPU.ActiveCfg = Release|Any CPU
		{21176DC7-9B64-4496-9E39-F0EB2A4C1D8C}.Release|Any CPU.Build.0 = Release|Any CPU
		{21176DC7-9B64-4496-9E39-F0EB2A4C1D8C}.Release|x64.ActiveCfg = Release|Any CPU
		{21176DC7-9B64-4496-9E39-F0EB2A4C1D8C}.Release|x64.Build.0 = Release|Any CPU
		{21176DC7-9B64-4496-9E39-F0EB2A4C1D8C}.Release|x86.ActiveCfg = Release|Any CPU
		{21176DC7-9B64-4496-9E39-F0EB2A4C1D8C}.Release|x86.Build.0 = Release|Any CPU
		{B59630D9-60BA-4EEB-BFE2-E84F0D2D72B1}.Debug|Any CPU.ActiveCfg = Debug|Any CPU
		{B59630D9-60BA-4EEB-BFE2-E84F0D2D72B1}.Debug|Any CPU.Build.0 = Debug|Any CPU
		{B59630D9-60BA-4EEB-BFE2-E84F0D2D72B1}.Debug|x64.ActiveCfg = Debug|Any CPU
		{B59630D9-60BA-4EEB-BFE2-E84F0D2D72B1}.Debug|x64.Build.0 = Debug|Any CPU
		{B59630D9-60BA-4EEB-BFE2-E84F0D2D72B1}.Debug|x86.ActiveCfg = Debug|Any CPU
		{B59630D9-60BA-4EEB-BFE2-E84F0D2D72B1}.Debug|x86.Build.0 = Debug|Any CPU
		{B59630D9-60BA-4EEB-BFE2-E84F0D2D72B1}.Release|Any CPU.ActiveCfg = Release|Any CPU
		{B59630D9-60BA-4EEB-BFE2-E84F0D2D72B1}.Release|Any CPU.Build.0 = Release|Any CPU
		{B59630D9-60BA-4EEB-BFE2-E84F0D2D72B1}.Release|x64.ActiveCfg = Release|Any CPU
		{B59630D9-60BA-4EEB-BFE2-E84F0D2D72B1}.Release|x64.Build.0 = Release|Any CPU
		{B59630D9-60BA-4EEB-BFE2-E84F0D2D72B1}.Release|x86.ActiveCfg = Release|Any CPU
		{B59630D9-60BA-4EEB-BFE2-E84F0D2D72B1}.Release|x86.Build.0 = Release|Any CPU
		{6D2B26E1-AAE1-4482-B3FA-4DD4D31E9A9C}.Debug|Any CPU.ActiveCfg = Debug|Any CPU
		{6D2B26E1-AAE1-4482-B3FA-4DD4D31E9A9C}.Debug|Any CPU.Build.0 = Debug|Any CPU
		{6D2B26E1-AAE1-4482-B3FA-4DD4D31E9A9C}.Debug|x64.ActiveCfg = Debug|Any CPU
		{6D2B26E1-AAE1-4482-B3FA-4DD4D31E9A9C}.Debug|x64.Build.0 = Debug|Any CPU
		{6D2B26E1-AAE1-4482-B3FA-4DD4D31E9A9C}.Debug|x86.ActiveCfg = Debug|Any CPU
		{6D2B26E1-AAE1-4482-B3FA-4DD4D31E9A9C}.Debug|x86.Build.0 = Debug|Any CPU
		{6D2B26E1-AAE1-4482-B3FA-4DD4D31E9A9C}.Release|Any CPU.ActiveCfg = Release|Any CPU
		{6D2B26E1-AAE1-4482-B3FA-4DD4D31E9A9C}.Release|Any CPU.Build.0 = Release|Any CPU
		{6D2B26E1-AAE1-4482-B3FA-4DD4D31E9A9C}.Release|x64.ActiveCfg = Release|Any CPU
		{6D2B26E1-AAE1-4482-B3FA-4DD4D31E9A9C}.Release|x64.Build.0 = Release|Any CPU
		{6D2B26E1-AAE1-4482-B3FA-4DD4D31E9A9C}.Release|x86.ActiveCfg = Release|Any CPU
		{6D2B26E1-AAE1-4482-B3FA-4DD4D31E9A9C}.Release|x86.Build.0 = Release|Any CPU
		{59D4A1D0-AF15-41F1-B463-ECCF264B9773}.Debug|Any CPU.ActiveCfg = Debug|Any CPU
		{59D4A1D0-AF15-41F1-B463-ECCF264B9773}.Debug|Any CPU.Build.0 = Debug|Any CPU
		{59D4A1D0-AF15-41F1-B463-ECCF264B9773}.Debug|x64.ActiveCfg = Debug|Any CPU
		{59D4A1D0-AF15-41F1-B463-ECCF264B9773}.Debug|x64.Build.0 = Debug|Any CPU
		{59D4A1D0-AF15-41F1-B463-ECCF264B9773}.Debug|x86.ActiveCfg = Debug|Any CPU
		{59D4A1D0-AF15-41F1-B463-ECCF264B9773}.Debug|x86.Build.0 = Debug|Any CPU
		{59D4A1D0-AF15-41F1-B463-ECCF264B9773}.Release|Any CPU.ActiveCfg = Release|Any CPU
		{59D4A1D0-AF15-41F1-B463-ECCF264B9773}.Release|Any CPU.Build.0 = Release|Any CPU
		{59D4A1D0-AF15-41F1-B463-ECCF264B9773}.Release|x64.ActiveCfg = Release|Any CPU
		{59D4A1D0-AF15-41F1-B463-ECCF264B9773}.Release|x64.Build.0 = Release|Any CPU
		{59D4A1D0-AF15-41F1-B463-ECCF264B9773}.Release|x86.ActiveCfg = Release|Any CPU
		{59D4A1D0-AF15-41F1-B463-ECCF264B9773}.Release|x86.Build.0 = Release|Any CPU
		{16C29799-B06C-4D3F-8D63-43DD05CD9E67}.Debug|Any CPU.ActiveCfg = Debug|Any CPU
		{16C29799-B06C-4D3F-8D63-43DD05CD9E67}.Debug|Any CPU.Build.0 = Debug|Any CPU
		{16C29799-B06C-4D3F-8D63-43DD05CD9E67}.Debug|x64.ActiveCfg = Debug|Any CPU
		{16C29799-B06C-4D3F-8D63-43DD05CD9E67}.Debug|x64.Build.0 = Debug|Any CPU
		{16C29799-B06C-4D3F-8D63-43DD05CD9E67}.Debug|x86.ActiveCfg = Debug|Any CPU
		{16C29799-B06C-4D3F-8D63-43DD05CD9E67}.Debug|x86.Build.0 = Debug|Any CPU
		{16C29799-B06C-4D3F-8D63-43DD05CD9E67}.Release|Any CPU.ActiveCfg = Release|Any CPU
		{16C29799-B06C-4D3F-8D63-43DD05CD9E67}.Release|Any CPU.Build.0 = Release|Any CPU
		{16C29799-B06C-4D3F-8D63-43DD05CD9E67}.Release|x64.ActiveCfg = Release|Any CPU
		{16C29799-B06C-4D3F-8D63-43DD05CD9E67}.Release|x64.Build.0 = Release|Any CPU
		{16C29799-B06C-4D3F-8D63-43DD05CD9E67}.Release|x86.ActiveCfg = Release|Any CPU
		{16C29799-B06C-4D3F-8D63-43DD05CD9E67}.Release|x86.Build.0 = Release|Any CPU
		{1C65656C-E756-4BA3-9C53-15DCA082976A}.Debug|Any CPU.ActiveCfg = Debug|Any CPU
		{1C65656C-E756-4BA3-9C53-15DCA082976A}.Debug|Any CPU.Build.0 = Debug|Any CPU
		{1C65656C-E756-4BA3-9C53-15DCA082976A}.Debug|x64.ActiveCfg = Debug|Any CPU
		{1C65656C-E756-4BA3-9C53-15DCA082976A}.Debug|x64.Build.0 = Debug|Any CPU
		{1C65656C-E756-4BA3-9C53-15DCA082976A}.Debug|x86.ActiveCfg = Debug|Any CPU
		{1C65656C-E756-4BA3-9C53-15DCA082976A}.Debug|x86.Build.0 = Debug|Any CPU
		{1C65656C-E756-4BA3-9C53-15DCA082976A}.Release|Any CPU.ActiveCfg = Release|Any CPU
		{1C65656C-E756-4BA3-9C53-15DCA082976A}.Release|Any CPU.Build.0 = Release|Any CPU
		{1C65656C-E756-4BA3-9C53-15DCA082976A}.Release|x64.ActiveCfg = Release|Any CPU
		{1C65656C-E756-4BA3-9C53-15DCA082976A}.Release|x64.Build.0 = Release|Any CPU
		{1C65656C-E756-4BA3-9C53-15DCA082976A}.Release|x86.ActiveCfg = Release|Any CPU
		{1C65656C-E756-4BA3-9C53-15DCA082976A}.Release|x86.Build.0 = Release|Any CPU
		{A4A55407-1D60-4A0A-B178-90D1B00EEF38}.Debug|Any CPU.ActiveCfg = Debug|Any CPU
		{A4A55407-1D60-4A0A-B178-90D1B00EEF38}.Debug|Any CPU.Build.0 = Debug|Any CPU
		{A4A55407-1D60-4A0A-B178-90D1B00EEF38}.Debug|x64.ActiveCfg = Debug|Any CPU
		{A4A55407-1D60-4A0A-B178-90D1B00EEF38}.Debug|x64.Build.0 = Debug|Any CPU
		{A4A55407-1D60-4A0A-B178-90D1B00EEF38}.Debug|x86.ActiveCfg = Debug|Any CPU
		{A4A55407-1D60-4A0A-B178-90D1B00EEF38}.Debug|x86.Build.0 = Debug|Any CPU
		{A4A55407-1D60-4A0A-B178-90D1B00EEF38}.Release|Any CPU.ActiveCfg = Release|Any CPU
		{A4A55407-1D60-4A0A-B178-90D1B00EEF38}.Release|Any CPU.Build.0 = Release|Any CPU
		{A4A55407-1D60-4A0A-B178-90D1B00EEF38}.Release|x64.ActiveCfg = Release|Any CPU
		{A4A55407-1D60-4A0A-B178-90D1B00EEF38}.Release|x64.Build.0 = Release|Any CPU
		{A4A55407-1D60-4A0A-B178-90D1B00EEF38}.Release|x86.ActiveCfg = Release|Any CPU
		{A4A55407-1D60-4A0A-B178-90D1B00EEF38}.Release|x86.Build.0 = Release|Any CPU
	EndGlobalSection
	GlobalSection(SolutionProperties) = preSolution
		HideSolutionNode = FALSE
	EndGlobalSection
	GlobalSection(NestedProjects) = preSolution
		{368DC489-458A-4B26-A2B0-DAAD0D30CC8E} = {6967A61C-9635-4066-82F0-596DD8ABDF1D}
		{0BC4064A-EE16-4841-A22B-4ACC77E482E8} = {368DC489-458A-4B26-A2B0-DAAD0D30CC8E}
		{006A0E8A-C508-4D28-967F-9D7FE6E3167F} = {368DC489-458A-4B26-A2B0-DAAD0D30CC8E}
		{FCA716EA-608A-4EF5-BE07-A334E064DF72} = {368DC489-458A-4B26-A2B0-DAAD0D30CC8E}
		{EA9CCC3F-8D8B-4378-8A2F-8DAF6AAA8C82} = {368DC489-458A-4B26-A2B0-DAAD0D30CC8E}
		{E03FD2DE-ECE2-4ED1-966F-473ACAFE0D02} = {368DC489-458A-4B26-A2B0-DAAD0D30CC8E}
		{EE662357-A6E9-465B-AEF5-2DFFDE492AAD} = {368DC489-458A-4B26-A2B0-DAAD0D30CC8E}
		{095C478C-5C86-4423-8E13-F516D37C1EA3} = {368DC489-458A-4B26-A2B0-DAAD0D30CC8E}
		{000F5F39-7245-48E5-B06D-73440DD769FB} = {368DC489-458A-4B26-A2B0-DAAD0D30CC8E}
		{9123AF70-A6F7-428E-8506-0AA1CE4CC2AF} = {368DC489-458A-4B26-A2B0-DAAD0D30CC8E}
		{711E311B-66F3-4CF3-B33F-393D9EDDAE12} = {368DC489-458A-4B26-A2B0-DAAD0D30CC8E}
		{DC057012-F802-46B1-92E7-17F8B2937A90} = {368DC489-458A-4B26-A2B0-DAAD0D30CC8E}
		{0E324CD4-0052-4B0B-95ED-54BBED0CECC7} = {368DC489-458A-4B26-A2B0-DAAD0D30CC8E}
		{32C99D40-0D20-47C2-80C0-6DDC2EEECB4C} = {368DC489-458A-4B26-A2B0-DAAD0D30CC8E}
		{E62C1A7A-44EF-4B74-B6FC-7A1237072965} = {368DC489-458A-4B26-A2B0-DAAD0D30CC8E}
		{E9364554-7664-48FE-B2A2-9239F98CE7B5} = {368DC489-458A-4B26-A2B0-DAAD0D30CC8E}
		{ED53A157-F363-408F-89C1-A0B8308100E8} = {368DC489-458A-4B26-A2B0-DAAD0D30CC8E}
		{899B627B-BC25-4FD8-98B2-DF181EA30FD4} = {368DC489-458A-4B26-A2B0-DAAD0D30CC8E}
		{6D09BF9F-2DB3-47B6-809B-D825FE34578D} = {C2C9F786-EE5A-04C1-9031-CD07D3143267}
		{FEF0CD34-9208-4AA1-8B9B-36D589565E3C} = {C2C9F786-EE5A-04C1-9031-CD07D3143267}
		{E94AA1CB-4191-4C66-8C1B-31526FF93C67} = {368DC489-458A-4B26-A2B0-DAAD0D30CC8E}
		{9EDF53D4-ADD9-481A-A0B5-A0F9CA0612B0} = {C2C9F786-EE5A-04C1-9031-CD07D3143267}
		{B09C53A7-188E-4B71-B694-92F6824657E0} = {368DC489-458A-4B26-A2B0-DAAD0D30CC8E}
		{9AADFA92-0EB9-4446-9E03-138048AF2A50} = {368DC489-458A-4B26-A2B0-DAAD0D30CC8E}
		{623B18C9-19C3-43E0-BBC7-6D6C5368C105} = {368DC489-458A-4B26-A2B0-DAAD0D30CC8E}
		{E21622BA-4563-471E-A8A2-E78108A40AC1} = {368DC489-458A-4B26-A2B0-DAAD0D30CC8E}
		{DFC58FE1-925D-4344-9B7A-4DE995795579} = {368DC489-458A-4B26-A2B0-DAAD0D30CC8E}
		{AFF3EA1A-FF0D-4059-BBD4-E6F6D2056B83} = {368DC489-458A-4B26-A2B0-DAAD0D30CC8E}
		{CCD16302-3DBE-46D2-A98E-BB9C738E24A1} = {368DC489-458A-4B26-A2B0-DAAD0D30CC8E}
		{21176DC7-9B64-4496-9E39-F0EB2A4C1D8C} = {368DC489-458A-4B26-A2B0-DAAD0D30CC8E}
		{B59630D9-60BA-4EEB-BFE2-E84F0D2D72B1} = {368DC489-458A-4B26-A2B0-DAAD0D30CC8E}
		{6D2B26E1-AAE1-4482-B3FA-4DD4D31E9A9C} = {368DC489-458A-4B26-A2B0-DAAD0D30CC8E}
		{59D4A1D0-AF15-41F1-B463-ECCF264B9773} = {368DC489-458A-4B26-A2B0-DAAD0D30CC8E}
		{16C29799-B06C-4D3F-8D63-43DD05CD9E67} = {368DC489-458A-4B26-A2B0-DAAD0D30CC8E}
		{1C65656C-E756-4BA3-9C53-15DCA082976A} = {368DC489-458A-4B26-A2B0-DAAD0D30CC8E}
		{A4A55407-1D60-4A0A-B178-90D1B00EEF38} = {368DC489-458A-4B26-A2B0-DAAD0D30CC8E}
		{E0866911-7033-412F-9809-ED3FA8724AAB} = {6967A61C-9635-4066-82F0-596DD8ABDF1D}
		{C2C9F786-EE5A-04C1-9031-CD07D3143267} = {E0866911-7033-412F-9809-ED3FA8724AAB}
	EndGlobalSection
EndGlobal
