
Microsoft Visual Studio Solution File, Format Version 12.00
# Visual Studio Version 17
VisualStudioVersion = 17.0.31903.59
MinimumVisualStudioVersion = 10.0.40219.1
Project("{2150E333-8FDC-42A3-9474-1A3956D46DE8}") = "src", "src", "{827E0CD3-B72D-47B6-A68D-7590B98EB39B}"
EndProject
Project("{FAE04EC0-301F-11D3-BF4B-00C04F79EFBC}") = "BlueprintNormal", "src\BlueprintNormal\BlueprintNormal.csproj", "{E4227F53-178B-4266-8BF6-45ED9F0952D7}"
EndProject
Project("{FAE04EC0-301F-11D3-BF4B-00C04F79EFBC}") = "BlueprintNormal.Infrastructure", "src\BlueprintNormal.Infrastructure\BlueprintNormal.Infrastructure.csproj", "{F419B869-B2CA-4C58-9630-5D0601E3EACC}"
EndProject
Project("{FAE04EC0-301F-11D3-BF4B-00C04F79EFBC}") = "BlueprintNormal.Domain", "src\BlueprintNormal.Domain\BlueprintNormal.Domain.csproj", "{E7966674-E8AD-4F0D-B174-16042D776243}"
EndProject
Project("{FAE04EC0-301F-11D3-BF4B-00C04F79EFBC}") = "BlueprintNormal.Crosscutting", "src\BlueprintNormal.Crosscutting\BlueprintNormal.Crosscutting.csproj", "{96136CCE-1FC0-4506-BA0E-233566CF4C20}"
EndProject
Project("{FAE04EC0-301F-11D3-BF4B-00C04F79EFBC}") = "BlueprintNormal.Dto", "src\BlueprintNormal.Dto\BlueprintNormal.Dto.csproj", "{2351FA5A-F08C-4DD4-B7FD-667700CF0D9E}"
EndProject
Project("{FAE04EC0-301F-11D3-BF4B-00C04F79EFBC}") = "BlueprintNormal.Domain.Services", "src\BlueprintNormal.Domain.Services\BlueprintNormal.Domain.Services.csproj", "{1DDF97A3-3001-4B12-AE28-5AD131DAD6FE}"
EndProject
Project("{2150E333-8FDC-42A3-9474-1A3956D46DE8}") = "test", "test", "{0C88DD14-F956-CE84-757C-A364CCF449FC}"
EndProject
Project("{FAE04EC0-301F-11D3-BF4B-00C04F79EFBC}") = "BlueprintNormal.Test", "test\BlueprintNormal.Test\BlueprintNormal.Test.csproj", "{7D41E028-C9BB-450F-A499-E3E69441F089}"
EndProject
Global
	GlobalSection(SolutionConfigurationPlatforms) = preSolution
		Debug|Any CPU = Debug|Any CPU
		Debug|x64 = Debug|x64
		Debug|x86 = Debug|x86
		Release|Any CPU = Release|Any CPU
		Release|x64 = Release|x64
		Release|x86 = Release|x86
	EndGlobalSection
	GlobalSection(ProjectConfigurationPlatforms) = postSolution
		{E4227F53-178B-4266-8BF6-45ED9F0952D7}.Debug|Any CPU.ActiveCfg = Debug|Any CPU
		{E4227F53-178B-4266-8BF6-45ED9F0952D7}.Debug|Any CPU.Build.0 = Debug|Any CPU
		{E4227F53-178B-4266-8BF6-45ED9F0952D7}.Debug|x64.ActiveCfg = Debug|Any CPU
		{E4227F53-178B-4266-8BF6-45ED9F0952D7}.Debug|x64.Build.0 = Debug|Any CPU
		{E4227F53-178B-4266-8BF6-45ED9F0952D7}.Debug|x86.ActiveCfg = Debug|Any CPU
		{E4227F53-178B-4266-8BF6-45ED9F0952D7}.Debug|x86.Build.0 = Debug|Any CPU
		{E4227F53-178B-4266-8BF6-45ED9F0952D7}.Release|Any CPU.ActiveCfg = Release|Any CPU
		{E4227F53-178B-4266-8BF6-45ED9F0952D7}.Release|Any CPU.Build.0 = Release|Any CPU
		{E4227F53-178B-4266-8BF6-45ED9F0952D7}.Release|x64.ActiveCfg = Release|Any CPU
		{E4227F53-178B-4266-8BF6-45ED9F0952D7}.Release|x64.Build.0 = Release|Any CPU
		{E4227F53-178B-4266-8BF6-45ED9F0952D7}.Release|x86.ActiveCfg = Release|Any CPU
		{E4227F53-178B-4266-8BF6-45ED9F0952D7}.Release|x86.Build.0 = Release|Any CPU
		{F419B869-B2CA-4C58-9630-5D0601E3EACC}.Debug|Any CPU.ActiveCfg = Debug|Any CPU
		{F419B869-B2CA-4C58-9630-5D0601E3EACC}.Debug|Any CPU.Build.0 = Debug|Any CPU
		{F419B869-B2CA-4C58-9630-5D0601E3EACC}.Debug|x64.ActiveCfg = Debug|Any CPU
		{F419B869-B2CA-4C58-9630-5D0601E3EACC}.Debug|x64.Build.0 = Debug|Any CPU
		{F419B869-B2CA-4C58-9630-5D0601E3EACC}.Debug|x86.ActiveCfg = Debug|Any CPU
		{F419B869-B2CA-4C58-9630-5D0601E3EACC}.Debug|x86.Build.0 = Debug|Any CPU
		{F419B869-B2CA-4C58-9630-5D0601E3EACC}.Release|Any CPU.ActiveCfg = Release|Any CPU
		{F419B869-B2CA-4C58-9630-5D0601E3EACC}.Release|Any CPU.Build.0 = Release|Any CPU
		{F419B869-B2CA-4C58-9630-5D0601E3EACC}.Release|x64.ActiveCfg = Release|Any CPU
		{F419B869-B2CA-4C58-9630-5D0601E3EACC}.Release|x64.Build.0 = Release|Any CPU
		{F419B869-B2CA-4C58-9630-5D0601E3EACC}.Release|x86.ActiveCfg = Release|Any CPU
		{F419B869-B2CA-4C58-9630-5D0601E3EACC}.Release|x86.Build.0 = Release|Any CPU
		{E7966674-E8AD-4F0D-B174-16042D776243}.Debug|Any CPU.ActiveCfg = Debug|Any CPU
		{E7966674-E8AD-4F0D-B174-16042D776243}.Debug|Any CPU.Build.0 = Debug|Any CPU
		{E7966674-E8AD-4F0D-B174-16042D776243}.Debug|x64.ActiveCfg = Debug|Any CPU
		{E7966674-E8AD-4F0D-B174-16042D776243}.Debug|x64.Build.0 = Debug|Any CPU
		{E7966674-E8AD-4F0D-B174-16042D776243}.Debug|x86.ActiveCfg = Debug|Any CPU
		{E7966674-E8AD-4F0D-B174-16042D776243}.Debug|x86.Build.0 = Debug|Any CPU
		{E7966674-E8AD-4F0D-B174-16042D776243}.Release|Any CPU.ActiveCfg = Release|Any CPU
		{E7966674-E8AD-4F0D-B174-16042D776243}.Release|Any CPU.Build.0 = Release|Any CPU
		{E7966674-E8AD-4F0D-B174-16042D776243}.Release|x64.ActiveCfg = Release|Any CPU
		{E7966674-E8AD-4F0D-B174-16042D776243}.Release|x64.Build.0 = Release|Any CPU
		{E7966674-E8AD-4F0D-B174-16042D776243}.Release|x86.ActiveCfg = Release|Any CPU
		{E7966674-E8AD-4F0D-B174-16042D776243}.Release|x86.Build.0 = Release|Any CPU
		{96136CCE-1FC0-4506-BA0E-233566CF4C20}.Debug|Any CPU.ActiveCfg = Debug|Any CPU
		{96136CCE-1FC0-4506-BA0E-233566CF4C20}.Debug|Any CPU.Build.0 = Debug|Any CPU
		{96136CCE-1FC0-4506-BA0E-233566CF4C20}.Debug|x64.ActiveCfg = Debug|Any CPU
		{96136CCE-1FC0-4506-BA0E-233566CF4C20}.Debug|x64.Build.0 = Debug|Any CPU
		{96136CCE-1FC0-4506-BA0E-233566CF4C20}.Debug|x86.ActiveCfg = Debug|Any CPU
		{96136CCE-1FC0-4506-BA0E-233566CF4C20}.Debug|x86.Build.0 = Debug|Any CPU
		{96136CCE-1FC0-4506-BA0E-233566CF4C20}.Release|Any CPU.ActiveCfg = Release|Any CPU
		{96136CCE-1FC0-4506-BA0E-233566CF4C20}.Release|Any CPU.Build.0 = Release|Any CPU
		{96136CCE-1FC0-4506-BA0E-233566CF4C20}.Release|x64.ActiveCfg = Release|Any CPU
		{96136CCE-1FC0-4506-BA0E-233566CF4C20}.Release|x64.Build.0 = Release|Any CPU
		{96136CCE-1FC0-4506-BA0E-233566CF4C20}.Release|x86.ActiveCfg = Release|Any CPU
		{96136CCE-1FC0-4506-BA0E-233566CF4C20}.Release|x86.Build.0 = Release|Any CPU
		{2351FA5A-F08C-4DD4-B7FD-667700CF0D9E}.Debug|Any CPU.ActiveCfg = Debug|Any CPU
		{2351FA5A-F08C-4DD4-B7FD-667700CF0D9E}.Debug|Any CPU.Build.0 = Debug|Any CPU
		{2351FA5A-F08C-4DD4-B7FD-667700CF0D9E}.Debug|x64.ActiveCfg = Debug|Any CPU
		{2351FA5A-F08C-4DD4-B7FD-667700CF0D9E}.Debug|x64.Build.0 = Debug|Any CPU
		{2351FA5A-F08C-4DD4-B7FD-667700CF0D9E}.Debug|x86.ActiveCfg = Debug|Any CPU
		{2351FA5A-F08C-4DD4-B7FD-667700CF0D9E}.Debug|x86.Build.0 = Debug|Any CPU
		{2351FA5A-F08C-4DD4-B7FD-667700CF0D9E}.Release|Any CPU.ActiveCfg = Release|Any CPU
		{2351FA5A-F08C-4DD4-B7FD-667700CF0D9E}.Release|Any CPU.Build.0 = Release|Any CPU
		{2351FA5A-F08C-4DD4-B7FD-667700CF0D9E}.Release|x64.ActiveCfg = Release|Any CPU
		{2351FA5A-F08C-4DD4-B7FD-667700CF0D9E}.Release|x64.Build.0 = Release|Any CPU
		{2351FA5A-F08C-4DD4-B7FD-667700CF0D9E}.Release|x86.ActiveCfg = Release|Any CPU
		{2351FA5A-F08C-4DD4-B7FD-667700CF0D9E}.Release|x86.Build.0 = Release|Any CPU
		{1DDF97A3-3001-4B12-AE28-5AD131DAD6FE}.Debug|Any CPU.ActiveCfg = Debug|Any CPU
		{1DDF97A3-3001-4B12-AE28-5AD131DAD6FE}.Debug|Any CPU.Build.0 = Debug|Any CPU
		{1DDF97A3-3001-4B12-AE28-5AD131DAD6FE}.Debug|x64.ActiveCfg = Debug|Any CPU
		{1DDF97A3-3001-4B12-AE28-5AD131DAD6FE}.Debug|x64.Build.0 = Debug|Any CPU
		{1DDF97A3-3001-4B12-AE28-5AD131DAD6FE}.Debug|x86.ActiveCfg = Debug|Any CPU
		{1DDF97A3-3001-4B12-AE28-5AD131DAD6FE}.Debug|x86.Build.0 = Debug|Any CPU
		{1DDF97A3-3001-4B12-AE28-5AD131DAD6FE}.Release|Any CPU.ActiveCfg = Release|Any CPU
		{1DDF97A3-3001-4B12-AE28-5AD131DAD6FE}.Release|Any CPU.Build.0 = Release|Any CPU
		{1DDF97A3-3001-4B12-AE28-5AD131DAD6FE}.Release|x64.ActiveCfg = Release|Any CPU
		{1DDF97A3-3001-4B12-AE28-5AD131DAD6FE}.Release|x64.Build.0 = Release|Any CPU
		{1DDF97A3-3001-4B12-AE28-5AD131DAD6FE}.Release|x86.ActiveCfg = Release|Any CPU
		{1DDF97A3-3001-4B12-AE28-5AD131DAD6FE}.Release|x86.Build.0 = Release|Any CPU
		{7D41E028-C9BB-450F-A499-E3E69441F089}.Debug|Any CPU.ActiveCfg = Debug|Any CPU
		{7D41E028-C9BB-450F-A499-E3E69441F089}.Debug|Any CPU.Build.0 = Debug|Any CPU
		{7D41E028-C9BB-450F-A499-E3E69441F089}.Debug|x64.ActiveCfg = Debug|Any CPU
		{7D41E028-C9BB-450F-A499-E3E69441F089}.Debug|x64.Build.0 = Debug|Any CPU
		{7D41E028-C9BB-450F-A499-E3E69441F089}.Debug|x86.ActiveCfg = Debug|Any CPU
		{7D41E028-C9BB-450F-A499-E3E69441F089}.Debug|x86.Build.0 = Debug|Any CPU
		{7D41E028-C9BB-450F-A499-E3E69441F089}.Release|Any CPU.ActiveCfg = Release|Any CPU
		{7D41E028-C9BB-450F-A499-E3E69441F089}.Release|Any CPU.Build.0 = Release|Any CPU
		{7D41E028-C9BB-450F-A499-E3E69441F089}.Release|x64.ActiveCfg = Release|Any CPU
		{7D41E028-C9BB-450F-A499-E3E69441F089}.Release|x64.Build.0 = Release|Any CPU
		{7D41E028-C9BB-450F-A499-E3E69441F089}.Release|x86.ActiveCfg = Release|Any CPU
		{7D41E028-C9BB-450F-A499-E3E69441F089}.Release|x86.Build.0 = Release|Any CPU
	EndGlobalSection
	GlobalSection(SolutionProperties) = preSolution
		HideSolutionNode = FALSE
	EndGlobalSection
	GlobalSection(NestedProjects) = preSolution
		{E4227F53-178B-4266-8BF6-45ED9F0952D7} = {827E0CD3-B72D-47B6-A68D-7590B98EB39B}
		{F419B869-B2CA-4C58-9630-5D0601E3EACC} = {827E0CD3-B72D-47B6-A68D-7590B98EB39B}
		{E7966674-E8AD-4F0D-B174-16042D776243} = {827E0CD3-B72D-47B6-A68D-7590B98EB39B}
		{96136CCE-1FC0-4506-BA0E-233566CF4C20} = {827E0CD3-B72D-47B6-A68D-7590B98EB39B}
		{2351FA5A-F08C-4DD4-B7FD-667700CF0D9E} = {827E0CD3-B72D-47B6-A68D-7590B98EB39B}
		{1DDF97A3-3001-4B12-AE28-5AD131DAD6FE} = {827E0CD3-B72D-47B6-A68D-7590B98EB39B}
		{7D41E028-C9BB-450F-A499-E3E69441F089} = {0C88DD14-F956-CE84-757C-A364CCF449FC}
	EndGlobalSection
EndGlobal
