
Microsoft Visual Studio Solution File, Format Version 12.00
# Visual Studio Version 17
VisualStudioVersion = 17.8.34330.188
MinimumVisualStudioVersion = 10.0.40219.1
Project("{9A19103F-16F7-4668-BE54-9A1E7A4F7556}") = "Liberty.Application", "Liberty.Application\Liberty.Application.csproj", "{B6917B0C-0842-4039-8E6A-ED87C0256FF3}"
EndProject
Project("{FAE04EC0-301F-11D3-BF4B-00C04F79EFBC}") = "Liberty.Application.Test", "Liberty.Application.Test\Liberty.Application.Test.csproj", "{DDC57D53-B71C-42A5-A790-BD6F608552E3}"
EndProject
Project("{FAE04EC0-301F-11D3-BF4B-00C04F79EFBC}") = "Liberty.Entity", "Liberty.Entity\Liberty.Entity.csproj", "{57C3212D-64AA-4E41-AC74-2581BEAF590C}"
EndProject
Project("{FAE04EC0-301F-11D3-BF4B-00C04F79EFBC}") = "Liberty.CQRS", "Liberty.CQRS\Liberty.CQRS.csproj", "{EE3DA725-9296-4798-A85B-ACD921740698}"
EndProject
Global
	GlobalSection(SolutionConfigurationPlatforms) = preSolution
		Debug|Any CPU = Debug|Any CPU
		Release|Any CPU = Release|Any CPU
	EndGlobalSection
	GlobalSection(ProjectConfigurationPlatforms) = postSolution
		{B6917B0C-0842-4039-8E6A-ED87C0256FF3}.Debug|Any CPU.ActiveCfg = Debug|Any CPU
		{B6917B0C-0842-4039-8E6A-ED87C0256FF3}.Debug|Any CPU.Build.0 = Debug|Any CPU
		{B6917B0C-0842-4039-8E6A-ED87C0256FF3}.Release|Any CPU.ActiveCfg = Release|Any CPU
		{B6917B0C-0842-4039-8E6A-ED87C0256FF3}.Release|Any CPU.Build.0 = Release|Any CPU
		{DDC57D53-B71C-42A5-A790-BD6F608552E3}.Debug|Any CPU.ActiveCfg = Debug|Any CPU
		{DDC57D53-B71C-42A5-A790-BD6F608552E3}.Debug|Any CPU.Build.0 = Debug|Any CPU
		{DDC57D53-B71C-42A5-A790-BD6F608552E3}.Release|Any CPU.ActiveCfg = Release|Any CPU
		{DDC57D53-B71C-42A5-A790-BD6F608552E3}.Release|Any CPU.Build.0 = Release|Any CPU
		{57C3212D-64AA-4E41-AC74-2581BEAF590C}.Debug|Any CPU.ActiveCfg = Debug|Any CPU
		{57C3212D-64AA-4E41-AC74-2581BEAF590C}.Debug|Any CPU.Build.0 = Debug|Any CPU
		{57C3212D-64AA-4E41-AC74-2581BEAF590C}.Release|Any CPU.ActiveCfg = Release|Any CPU
		{57C3212D-64AA-4E41-AC74-2581BEAF590C}.Release|Any CPU.Build.0 = Release|Any CPU
		{EE3DA725-9296-4798-A85B-ACD921740698}.Debug|Any CPU.ActiveCfg = Debug|Any CPU
		{EE3DA725-9296-4798-A85B-ACD921740698}.Debug|Any CPU.Build.0 = Debug|Any CPU
		{EE3DA725-9296-4798-A85B-ACD921740698}.Release|Any CPU.ActiveCfg = Release|Any CPU
		{EE3DA725-9296-4798-A85B-ACD921740698}.Release|Any CPU.Build.0 = Release|Any CPU
	EndGlobalSection
	GlobalSection(SolutionProperties) = preSolution
		HideSolutionNode = FALSE
	EndGlobalSection
	GlobalSection(ExtensibilityGlobals) = postSolution
		SolutionGuid = {8A9002E2-58A1-4FBA-8B79-D266785DE051}
	EndGlobalSection
EndGlobal
