
Microsoft Visual Studio Solution File, Format Version 12.00
# Visual Studio Version 17
VisualStudioVersion = 17.8.34330.188
MinimumVisualStudioVersion = 10.0.40219.1
Project("{FAE04EC0-301F-11D3-BF4B-00C04F79EFBC}") = "Liberty.Entity", "Liberty.Entity\Liberty.Entity.csproj", "{C6855397-A3FC-4387-B941-175D180D5D3D}"
EndProject
Project("{FAE04EC0-301F-11D3-BF4B-00C04F79EFBC}") = "Liberty.Pagination", "Liberty.Pagination\Liberty.Pagination.csproj", "{2CBBB05A-585A-4915-9A60-7D7337CA6A9D}"
EndProject
Project("{FAE04EC0-301F-11D3-BF4B-00C04F79EFBC}") = "Liberty.Specification", "Liberty.Specification\Liberty.Specification.csproj", "{E1ED1E04-813B-4D0F-A1CA-B2082FC68FA0}"
EndProject
Project("{FAE04EC0-301F-11D3-BF4B-00C04F79EFBC}") = "Liberty.UnitOfWork", "Liberty.UnitOfWork\Liberty.UnitOfWork.csproj", "{4754881C-4FB0-48BF-9EC2-D7CBB98ED5ED}"
EndProject
Project("{FAE04EC0-301F-11D3-BF4B-00C04F79EFBC}") = "Liberty.ApplicationShared", "Liberty.ApplicationShared\Liberty.ApplicationShared.csproj", "{43EFEB49-A5A0-4A8C-B3BF-92E92F0A0866}"
EndProject
Project("{FAE04EC0-301F-11D3-BF4B-00C04F79EFBC}") = "Liberty.Cache", "Liberty.Cache\Liberty.Cache.csproj", "{F9A2B50D-E10B-4A60-8476-C9C01F71C4A0}"
EndProject
Project("{FAE04EC0-301F-11D3-BF4B-00C04F79EFBC}") = "Liberty.GmoPaymentGateway", "Liberty.GmoPaymentGateway\Liberty.GmoPaymentGateway.csproj", "{17E899E4-0C51-41FE-AF21-6967B768B962}"
EndProject
Project("{FAE04EC0-301F-11D3-BF4B-00C04F79EFBC}") = "Liberty.Media", "Liberty.Media\Liberty.Media.csproj", "{7B6FBABC-A38D-447D-BF0A-0940E9A9BC84}"
EndProject
Project("{FAE04EC0-301F-11D3-BF4B-00C04F79EFBC}") = "Liberty.SentrySelfHosted", "Liberty.SentrySelfHosted\Liberty.SentrySelfHosted.csproj", "{9113F357-413A-4770-AC50-5A680C0D4BBD}"
EndProject
Project("{FAE04EC0-301F-11D3-BF4B-00C04F79EFBC}") = "Liberty.Serilog", "Liberty.Serilog\Liberty.Serilog.csproj", "{E70DC99A-DDC3-487A-B326-46D3E55CE4DA}"
EndProject
Project("{FAE04EC0-301F-11D3-BF4B-00C04F79EFBC}") = "Liberty.SysException", "Liberty.SysException\Liberty.SysException.csproj", "{DBA45FD9-0682-4EBB-8978-10F2CC820262}"
EndProject
Project("{FAE04EC0-301F-11D3-BF4B-00C04F79EFBC}") = "Liberty.ServiceDefaults", "Liberty.ServiceDefaults\Liberty.ServiceDefaults.csproj", "{3193E588-7D8A-452D-ABBD-5D32141CFAAD}"
EndProject
Project("{FAE04EC0-301F-11D3-BF4B-00C04F79EFBC}") = "Liberty.Hangfire", "Liberty.Hangfire\Liberty.Hangfire.csproj", "{41B2C5B3-3513-4759-B99F-F0B2511EAC34}"
EndProject
Project("{FAE04EC0-301F-11D3-BF4B-00C04F79EFBC}") = "Liberty.MassTransit", "Liberty.MassTransit\Liberty.MassTransit.csproj", "{6E2678AE-463D-485D-9383-033091B7D6CA}"
EndProject
Project("{FAE04EC0-301F-11D3-BF4B-00C04F79EFBC}") = "Liberty.SysIntegrationEvent", "Liberty.SysIntegrationEvent\Liberty.SysIntegrationEvent.csproj", "{A4427485-5F51-45DB-A124-A7B7A4F908B6}"
EndProject
Project("{FAE04EC0-301F-11D3-BF4B-00C04F79EFBC}") = "Liberty.Fax", "Liberty.Fax\Liberty.Fax.csproj", "{F24E7EB9-28CE-487E-9F1D-86BB71CB2308}"
EndProject
Global
	GlobalSection(SolutionConfigurationPlatforms) = preSolution
		Debug|Any CPU = Debug|Any CPU
		Debug|x64 = Debug|x64
		Debug|x86 = Debug|x86
		Release|Any CPU = Release|Any CPU
		Release|x64 = Release|x64
		Release|x86 = Release|x86
	EndGlobalSection
	GlobalSection(ProjectConfigurationPlatforms) = postSolution
		{C6855397-A3FC-4387-B941-175D180D5D3D}.Debug|Any CPU.ActiveCfg = Debug|Any CPU
		{C6855397-A3FC-4387-B941-175D180D5D3D}.Debug|Any CPU.Build.0 = Debug|Any CPU
		{C6855397-A3FC-4387-B941-175D180D5D3D}.Debug|x64.ActiveCfg = Debug|Any CPU
		{C6855397-A3FC-4387-B941-175D180D5D3D}.Debug|x64.Build.0 = Debug|Any CPU
		{C6855397-A3FC-4387-B941-175D180D5D3D}.Debug|x86.ActiveCfg = Debug|Any CPU
		{C6855397-A3FC-4387-B941-175D180D5D3D}.Debug|x86.Build.0 = Debug|Any CPU
		{C6855397-A3FC-4387-B941-175D180D5D3D}.Release|Any CPU.ActiveCfg = Release|Any CPU
		{C6855397-A3FC-4387-B941-175D180D5D3D}.Release|Any CPU.Build.0 = Release|Any CPU
		{C6855397-A3FC-4387-B941-175D180D5D3D}.Release|x64.ActiveCfg = Release|Any CPU
		{C6855397-A3FC-4387-B941-175D180D5D3D}.Release|x64.Build.0 = Release|Any CPU
		{C6855397-A3FC-4387-B941-175D180D5D3D}.Release|x86.ActiveCfg = Release|Any CPU
		{C6855397-A3FC-4387-B941-175D180D5D3D}.Release|x86.Build.0 = Release|Any CPU
		{2CBBB05A-585A-4915-9A60-7D7337CA6A9D}.Debug|Any CPU.ActiveCfg = Debug|Any CPU
		{2CBBB05A-585A-4915-9A60-7D7337CA6A9D}.Debug|Any CPU.Build.0 = Debug|Any CPU
		{2CBBB05A-585A-4915-9A60-7D7337CA6A9D}.Debug|x64.ActiveCfg = Debug|Any CPU
		{2CBBB05A-585A-4915-9A60-7D7337CA6A9D}.Debug|x64.Build.0 = Debug|Any CPU
		{2CBBB05A-585A-4915-9A60-7D7337CA6A9D}.Debug|x86.ActiveCfg = Debug|Any CPU
		{2CBBB05A-585A-4915-9A60-7D7337CA6A9D}.Debug|x86.Build.0 = Debug|Any CPU
		{2CBBB05A-585A-4915-9A60-7D7337CA6A9D}.Release|Any CPU.ActiveCfg = Release|Any CPU
		{2CBBB05A-585A-4915-9A60-7D7337CA6A9D}.Release|Any CPU.Build.0 = Release|Any CPU
		{2CBBB05A-585A-4915-9A60-7D7337CA6A9D}.Release|x64.ActiveCfg = Release|Any CPU
		{2CBBB05A-585A-4915-9A60-7D7337CA6A9D}.Release|x64.Build.0 = Release|Any CPU
		{2CBBB05A-585A-4915-9A60-7D7337CA6A9D}.Release|x86.ActiveCfg = Release|Any CPU
		{2CBBB05A-585A-4915-9A60-7D7337CA6A9D}.Release|x86.Build.0 = Release|Any CPU
		{E1ED1E04-813B-4D0F-A1CA-B2082FC68FA0}.Debug|Any CPU.ActiveCfg = Debug|Any CPU
		{E1ED1E04-813B-4D0F-A1CA-B2082FC68FA0}.Debug|Any CPU.Build.0 = Debug|Any CPU
		{E1ED1E04-813B-4D0F-A1CA-B2082FC68FA0}.Debug|x64.ActiveCfg = Debug|Any CPU
		{E1ED1E04-813B-4D0F-A1CA-B2082FC68FA0}.Debug|x64.Build.0 = Debug|Any CPU
		{E1ED1E04-813B-4D0F-A1CA-B2082FC68FA0}.Debug|x86.ActiveCfg = Debug|Any CPU
		{E1ED1E04-813B-4D0F-A1CA-B2082FC68FA0}.Debug|x86.Build.0 = Debug|Any CPU
		{E1ED1E04-813B-4D0F-A1CA-B2082FC68FA0}.Release|Any CPU.ActiveCfg = Release|Any CPU
		{E1ED1E04-813B-4D0F-A1CA-B2082FC68FA0}.Release|Any CPU.Build.0 = Release|Any CPU
		{E1ED1E04-813B-4D0F-A1CA-B2082FC68FA0}.Release|x64.ActiveCfg = Release|Any CPU
		{E1ED1E04-813B-4D0F-A1CA-B2082FC68FA0}.Release|x64.Build.0 = Release|Any CPU
		{E1ED1E04-813B-4D0F-A1CA-B2082FC68FA0}.Release|x86.ActiveCfg = Release|Any CPU
		{E1ED1E04-813B-4D0F-A1CA-B2082FC68FA0}.Release|x86.Build.0 = Release|Any CPU
		{4754881C-4FB0-48BF-9EC2-D7CBB98ED5ED}.Debug|Any CPU.ActiveCfg = Debug|Any CPU
		{4754881C-4FB0-48BF-9EC2-D7CBB98ED5ED}.Debug|Any CPU.Build.0 = Debug|Any CPU
		{4754881C-4FB0-48BF-9EC2-D7CBB98ED5ED}.Debug|x64.ActiveCfg = Debug|Any CPU
		{4754881C-4FB0-48BF-9EC2-D7CBB98ED5ED}.Debug|x64.Build.0 = Debug|Any CPU
		{4754881C-4FB0-48BF-9EC2-D7CBB98ED5ED}.Debug|x86.ActiveCfg = Debug|Any CPU
		{4754881C-4FB0-48BF-9EC2-D7CBB98ED5ED}.Debug|x86.Build.0 = Debug|Any CPU
		{4754881C-4FB0-48BF-9EC2-D7CBB98ED5ED}.Release|Any CPU.ActiveCfg = Release|Any CPU
		{4754881C-4FB0-48BF-9EC2-D7CBB98ED5ED}.Release|Any CPU.Build.0 = Release|Any CPU
		{4754881C-4FB0-48BF-9EC2-D7CBB98ED5ED}.Release|x64.ActiveCfg = Release|Any CPU
		{4754881C-4FB0-48BF-9EC2-D7CBB98ED5ED}.Release|x64.Build.0 = Release|Any CPU
		{4754881C-4FB0-48BF-9EC2-D7CBB98ED5ED}.Release|x86.ActiveCfg = Release|Any CPU
		{4754881C-4FB0-48BF-9EC2-D7CBB98ED5ED}.Release|x86.Build.0 = Release|Any CPU
		{43EFEB49-A5A0-4A8C-B3BF-92E92F0A0866}.Debug|Any CPU.ActiveCfg = Debug|Any CPU
		{43EFEB49-A5A0-4A8C-B3BF-92E92F0A0866}.Debug|Any CPU.Build.0 = Debug|Any CPU
		{43EFEB49-A5A0-4A8C-B3BF-92E92F0A0866}.Debug|x64.ActiveCfg = Debug|Any CPU
		{43EFEB49-A5A0-4A8C-B3BF-92E92F0A0866}.Debug|x64.Build.0 = Debug|Any CPU
		{43EFEB49-A5A0-4A8C-B3BF-92E92F0A0866}.Debug|x86.ActiveCfg = Debug|Any CPU
		{43EFEB49-A5A0-4A8C-B3BF-92E92F0A0866}.Debug|x86.Build.0 = Debug|Any CPU
		{43EFEB49-A5A0-4A8C-B3BF-92E92F0A0866}.Release|Any CPU.ActiveCfg = Release|Any CPU
		{43EFEB49-A5A0-4A8C-B3BF-92E92F0A0866}.Release|Any CPU.Build.0 = Release|Any CPU
		{43EFEB49-A5A0-4A8C-B3BF-92E92F0A0866}.Release|x64.ActiveCfg = Release|Any CPU
		{43EFEB49-A5A0-4A8C-B3BF-92E92F0A0866}.Release|x64.Build.0 = Release|Any CPU
		{43EFEB49-A5A0-4A8C-B3BF-92E92F0A0866}.Release|x86.ActiveCfg = Release|Any CPU
		{43EFEB49-A5A0-4A8C-B3BF-92E92F0A0866}.Release|x86.Build.0 = Release|Any CPU
		{F9A2B50D-E10B-4A60-8476-C9C01F71C4A0}.Debug|Any CPU.ActiveCfg = Debug|Any CPU
		{F9A2B50D-E10B-4A60-8476-C9C01F71C4A0}.Debug|Any CPU.Build.0 = Debug|Any CPU
		{F9A2B50D-E10B-4A60-8476-C9C01F71C4A0}.Debug|x64.ActiveCfg = Debug|Any CPU
		{F9A2B50D-E10B-4A60-8476-C9C01F71C4A0}.Debug|x64.Build.0 = Debug|Any CPU
		{F9A2B50D-E10B-4A60-8476-C9C01F71C4A0}.Debug|x86.ActiveCfg = Debug|Any CPU
		{F9A2B50D-E10B-4A60-8476-C9C01F71C4A0}.Debug|x86.Build.0 = Debug|Any CPU
		{F9A2B50D-E10B-4A60-8476-C9C01F71C4A0}.Release|Any CPU.ActiveCfg = Release|Any CPU
		{F9A2B50D-E10B-4A60-8476-C9C01F71C4A0}.Release|Any CPU.Build.0 = Release|Any CPU
		{F9A2B50D-E10B-4A60-8476-C9C01F71C4A0}.Release|x64.ActiveCfg = Release|Any CPU
		{F9A2B50D-E10B-4A60-8476-C9C01F71C4A0}.Release|x64.Build.0 = Release|Any CPU
		{F9A2B50D-E10B-4A60-8476-C9C01F71C4A0}.Release|x86.ActiveCfg = Release|Any CPU
		{F9A2B50D-E10B-4A60-8476-C9C01F71C4A0}.Release|x86.Build.0 = Release|Any CPU
		{17E899E4-0C51-41FE-AF21-6967B768B962}.Debug|Any CPU.ActiveCfg = Debug|Any CPU
		{17E899E4-0C51-41FE-AF21-6967B768B962}.Debug|Any CPU.Build.0 = Debug|Any CPU
		{17E899E4-0C51-41FE-AF21-6967B768B962}.Debug|x64.ActiveCfg = Debug|Any CPU
		{17E899E4-0C51-41FE-AF21-6967B768B962}.Debug|x64.Build.0 = Debug|Any CPU
		{17E899E4-0C51-41FE-AF21-6967B768B962}.Debug|x86.ActiveCfg = Debug|Any CPU
		{17E899E4-0C51-41FE-AF21-6967B768B962}.Debug|x86.Build.0 = Debug|Any CPU
		{17E899E4-0C51-41FE-AF21-6967B768B962}.Release|Any CPU.ActiveCfg = Release|Any CPU
		{17E899E4-0C51-41FE-AF21-6967B768B962}.Release|Any CPU.Build.0 = Release|Any CPU
		{17E899E4-0C51-41FE-AF21-6967B768B962}.Release|x64.ActiveCfg = Release|Any CPU
		{17E899E4-0C51-41FE-AF21-6967B768B962}.Release|x64.Build.0 = Release|Any CPU
		{17E899E4-0C51-41FE-AF21-6967B768B962}.Release|x86.ActiveCfg = Release|Any CPU
		{17E899E4-0C51-41FE-AF21-6967B768B962}.Release|x86.Build.0 = Release|Any CPU
		{7B6FBABC-A38D-447D-BF0A-0940E9A9BC84}.Debug|Any CPU.ActiveCfg = Debug|Any CPU
		{7B6FBABC-A38D-447D-BF0A-0940E9A9BC84}.Debug|Any CPU.Build.0 = Debug|Any CPU
		{7B6FBABC-A38D-447D-BF0A-0940E9A9BC84}.Debug|x64.ActiveCfg = Debug|Any CPU
		{7B6FBABC-A38D-447D-BF0A-0940E9A9BC84}.Debug|x64.Build.0 = Debug|Any CPU
		{7B6FBABC-A38D-447D-BF0A-0940E9A9BC84}.Debug|x86.ActiveCfg = Debug|Any CPU
		{7B6FBABC-A38D-447D-BF0A-0940E9A9BC84}.Debug|x86.Build.0 = Debug|Any CPU
		{7B6FBABC-A38D-447D-BF0A-0940E9A9BC84}.Release|Any CPU.ActiveCfg = Release|Any CPU
		{7B6FBABC-A38D-447D-BF0A-0940E9A9BC84}.Release|Any CPU.Build.0 = Release|Any CPU
		{7B6FBABC-A38D-447D-BF0A-0940E9A9BC84}.Release|x64.ActiveCfg = Release|Any CPU
		{7B6FBABC-A38D-447D-BF0A-0940E9A9BC84}.Release|x64.Build.0 = Release|Any CPU
		{7B6FBABC-A38D-447D-BF0A-0940E9A9BC84}.Release|x86.ActiveCfg = Release|Any CPU
		{7B6FBABC-A38D-447D-BF0A-0940E9A9BC84}.Release|x86.Build.0 = Release|Any CPU
		{9113F357-413A-4770-AC50-5A680C0D4BBD}.Debug|Any CPU.ActiveCfg = Debug|Any CPU
		{9113F357-413A-4770-AC50-5A680C0D4BBD}.Debug|Any CPU.Build.0 = Debug|Any CPU
		{9113F357-413A-4770-AC50-5A680C0D4BBD}.Debug|x64.ActiveCfg = Debug|Any CPU
		{9113F357-413A-4770-AC50-5A680C0D4BBD}.Debug|x64.Build.0 = Debug|Any CPU
		{9113F357-413A-4770-AC50-5A680C0D4BBD}.Debug|x86.ActiveCfg = Debug|Any CPU
		{9113F357-413A-4770-AC50-5A680C0D4BBD}.Debug|x86.Build.0 = Debug|Any CPU
		{9113F357-413A-4770-AC50-5A680C0D4BBD}.Release|Any CPU.ActiveCfg = Release|Any CPU
		{9113F357-413A-4770-AC50-5A680C0D4BBD}.Release|Any CPU.Build.0 = Release|Any CPU
		{9113F357-413A-4770-AC50-5A680C0D4BBD}.Release|x64.ActiveCfg = Release|Any CPU
		{9113F357-413A-4770-AC50-5A680C0D4BBD}.Release|x64.Build.0 = Release|Any CPU
		{9113F357-413A-4770-AC50-5A680C0D4BBD}.Release|x86.ActiveCfg = Release|Any CPU
		{9113F357-413A-4770-AC50-5A680C0D4BBD}.Release|x86.Build.0 = Release|Any CPU
		{E70DC99A-DDC3-487A-B326-46D3E55CE4DA}.Debug|Any CPU.ActiveCfg = Debug|Any CPU
		{E70DC99A-DDC3-487A-B326-46D3E55CE4DA}.Debug|Any CPU.Build.0 = Debug|Any CPU
		{E70DC99A-DDC3-487A-B326-46D3E55CE4DA}.Debug|x64.ActiveCfg = Debug|Any CPU
		{E70DC99A-DDC3-487A-B326-46D3E55CE4DA}.Debug|x64.Build.0 = Debug|Any CPU
		{E70DC99A-DDC3-487A-B326-46D3E55CE4DA}.Debug|x86.ActiveCfg = Debug|Any CPU
		{E70DC99A-DDC3-487A-B326-46D3E55CE4DA}.Debug|x86.Build.0 = Debug|Any CPU
		{E70DC99A-DDC3-487A-B326-46D3E55CE4DA}.Release|Any CPU.ActiveCfg = Release|Any CPU
		{E70DC99A-DDC3-487A-B326-46D3E55CE4DA}.Release|Any CPU.Build.0 = Release|Any CPU
		{E70DC99A-DDC3-487A-B326-46D3E55CE4DA}.Release|x64.ActiveCfg = Release|Any CPU
		{E70DC99A-DDC3-487A-B326-46D3E55CE4DA}.Release|x64.Build.0 = Release|Any CPU
		{E70DC99A-DDC3-487A-B326-46D3E55CE4DA}.Release|x86.ActiveCfg = Release|Any CPU
		{E70DC99A-DDC3-487A-B326-46D3E55CE4DA}.Release|x86.Build.0 = Release|Any CPU
		{DBA45FD9-0682-4EBB-8978-10F2CC820262}.Debug|Any CPU.ActiveCfg = Debug|Any CPU
		{DBA45FD9-0682-4EBB-8978-10F2CC820262}.Debug|Any CPU.Build.0 = Debug|Any CPU
		{DBA45FD9-0682-4EBB-8978-10F2CC820262}.Debug|x64.ActiveCfg = Debug|Any CPU
		{DBA45FD9-0682-4EBB-8978-10F2CC820262}.Debug|x64.Build.0 = Debug|Any CPU
		{DBA45FD9-0682-4EBB-8978-10F2CC820262}.Debug|x86.ActiveCfg = Debug|Any CPU
		{DBA45FD9-0682-4EBB-8978-10F2CC820262}.Debug|x86.Build.0 = Debug|Any CPU
		{DBA45FD9-0682-4EBB-8978-10F2CC820262}.Release|Any CPU.ActiveCfg = Release|Any CPU
		{DBA45FD9-0682-4EBB-8978-10F2CC820262}.Release|Any CPU.Build.0 = Release|Any CPU
		{DBA45FD9-0682-4EBB-8978-10F2CC820262}.Release|x64.ActiveCfg = Release|Any CPU
		{DBA45FD9-0682-4EBB-8978-10F2CC820262}.Release|x64.Build.0 = Release|Any CPU
		{DBA45FD9-0682-4EBB-8978-10F2CC820262}.Release|x86.ActiveCfg = Release|Any CPU
		{DBA45FD9-0682-4EBB-8978-10F2CC820262}.Release|x86.Build.0 = Release|Any CPU
		{3193E588-7D8A-452D-ABBD-5D32141CFAAD}.Debug|Any CPU.ActiveCfg = Debug|Any CPU
		{3193E588-7D8A-452D-ABBD-5D32141CFAAD}.Debug|Any CPU.Build.0 = Debug|Any CPU
		{3193E588-7D8A-452D-ABBD-5D32141CFAAD}.Debug|x64.ActiveCfg = Debug|Any CPU
		{3193E588-7D8A-452D-ABBD-5D32141CFAAD}.Debug|x64.Build.0 = Debug|Any CPU
		{3193E588-7D8A-452D-ABBD-5D32141CFAAD}.Debug|x86.ActiveCfg = Debug|Any CPU
		{3193E588-7D8A-452D-ABBD-5D32141CFAAD}.Debug|x86.Build.0 = Debug|Any CPU
		{3193E588-7D8A-452D-ABBD-5D32141CFAAD}.Release|Any CPU.ActiveCfg = Release|Any CPU
		{3193E588-7D8A-452D-ABBD-5D32141CFAAD}.Release|Any CPU.Build.0 = Release|Any CPU
		{3193E588-7D8A-452D-ABBD-5D32141CFAAD}.Release|x64.ActiveCfg = Release|Any CPU
		{3193E588-7D8A-452D-ABBD-5D32141CFAAD}.Release|x64.Build.0 = Release|Any CPU
		{3193E588-7D8A-452D-ABBD-5D32141CFAAD}.Release|x86.ActiveCfg = Release|Any CPU
		{3193E588-7D8A-452D-ABBD-5D32141CFAAD}.Release|x86.Build.0 = Release|Any CPU
		{41B2C5B3-3513-4759-B99F-F0B2511EAC34}.Debug|Any CPU.ActiveCfg = Debug|Any CPU
		{41B2C5B3-3513-4759-B99F-F0B2511EAC34}.Debug|Any CPU.Build.0 = Debug|Any CPU
		{41B2C5B3-3513-4759-B99F-F0B2511EAC34}.Debug|x64.ActiveCfg = Debug|Any CPU
		{41B2C5B3-3513-4759-B99F-F0B2511EAC34}.Debug|x64.Build.0 = Debug|Any CPU
		{41B2C5B3-3513-4759-B99F-F0B2511EAC34}.Debug|x86.ActiveCfg = Debug|Any CPU
		{41B2C5B3-3513-4759-B99F-F0B2511EAC34}.Debug|x86.Build.0 = Debug|Any CPU
		{41B2C5B3-3513-4759-B99F-F0B2511EAC34}.Release|Any CPU.ActiveCfg = Release|Any CPU
		{41B2C5B3-3513-4759-B99F-F0B2511EAC34}.Release|Any CPU.Build.0 = Release|Any CPU
		{41B2C5B3-3513-4759-B99F-F0B2511EAC34}.Release|x64.ActiveCfg = Release|Any CPU
		{41B2C5B3-3513-4759-B99F-F0B2511EAC34}.Release|x64.Build.0 = Release|Any CPU
		{41B2C5B3-3513-4759-B99F-F0B2511EAC34}.Release|x86.ActiveCfg = Release|Any CPU
		{41B2C5B3-3513-4759-B99F-F0B2511EAC34}.Release|x86.Build.0 = Release|Any CPU
		{6E2678AE-463D-485D-9383-033091B7D6CA}.Debug|Any CPU.ActiveCfg = Debug|Any CPU
		{6E2678AE-463D-485D-9383-033091B7D6CA}.Debug|Any CPU.Build.0 = Debug|Any CPU
		{6E2678AE-463D-485D-9383-033091B7D6CA}.Debug|x64.ActiveCfg = Debug|Any CPU
		{6E2678AE-463D-485D-9383-033091B7D6CA}.Debug|x64.Build.0 = Debug|Any CPU
		{6E2678AE-463D-485D-9383-033091B7D6CA}.Debug|x86.ActiveCfg = Debug|Any CPU
		{6E2678AE-463D-485D-9383-033091B7D6CA}.Debug|x86.Build.0 = Debug|Any CPU
		{6E2678AE-463D-485D-9383-033091B7D6CA}.Release|Any CPU.ActiveCfg = Release|Any CPU
		{6E2678AE-463D-485D-9383-033091B7D6CA}.Release|Any CPU.Build.0 = Release|Any CPU
		{6E2678AE-463D-485D-9383-033091B7D6CA}.Release|x64.ActiveCfg = Release|Any CPU
		{6E2678AE-463D-485D-9383-033091B7D6CA}.Release|x64.Build.0 = Release|Any CPU
		{6E2678AE-463D-485D-9383-033091B7D6CA}.Release|x86.ActiveCfg = Release|Any CPU
		{6E2678AE-463D-485D-9383-033091B7D6CA}.Release|x86.Build.0 = Release|Any CPU
		{A4427485-5F51-45DB-A124-A7B7A4F908B6}.Debug|Any CPU.ActiveCfg = Debug|Any CPU
		{A4427485-5F51-45DB-A124-A7B7A4F908B6}.Debug|Any CPU.Build.0 = Debug|Any CPU
		{A4427485-5F51-45DB-A124-A7B7A4F908B6}.Debug|x64.ActiveCfg = Debug|Any CPU
		{A4427485-5F51-45DB-A124-A7B7A4F908B6}.Debug|x64.Build.0 = Debug|Any CPU
		{A4427485-5F51-45DB-A124-A7B7A4F908B6}.Debug|x86.ActiveCfg = Debug|Any CPU
		{A4427485-5F51-45DB-A124-A7B7A4F908B6}.Debug|x86.Build.0 = Debug|Any CPU
		{A4427485-5F51-45DB-A124-A7B7A4F908B6}.Release|Any CPU.ActiveCfg = Release|Any CPU
		{A4427485-5F51-45DB-A124-A7B7A4F908B6}.Release|Any CPU.Build.0 = Release|Any CPU
		{A4427485-5F51-45DB-A124-A7B7A4F908B6}.Release|x64.ActiveCfg = Release|Any CPU
		{A4427485-5F51-45DB-A124-A7B7A4F908B6}.Release|x64.Build.0 = Release|Any CPU
		{A4427485-5F51-45DB-A124-A7B7A4F908B6}.Release|x86.ActiveCfg = Release|Any CPU
		{A4427485-5F51-45DB-A124-A7B7A4F908B6}.Release|x86.Build.0 = Release|Any CPU
		{F24E7EB9-28CE-487E-9F1D-86BB71CB2308}.Debug|Any CPU.ActiveCfg = Debug|Any CPU
		{F24E7EB9-28CE-487E-9F1D-86BB71CB2308}.Debug|Any CPU.Build.0 = Debug|Any CPU
		{F24E7EB9-28CE-487E-9F1D-86BB71CB2308}.Debug|x64.ActiveCfg = Debug|Any CPU
		{F24E7EB9-28CE-487E-9F1D-86BB71CB2308}.Debug|x64.Build.0 = Debug|Any CPU
		{F24E7EB9-28CE-487E-9F1D-86BB71CB2308}.Debug|x86.ActiveCfg = Debug|Any CPU
		{F24E7EB9-28CE-487E-9F1D-86BB71CB2308}.Debug|x86.Build.0 = Debug|Any CPU
		{F24E7EB9-28CE-487E-9F1D-86BB71CB2308}.Release|Any CPU.ActiveCfg = Release|Any CPU
		{F24E7EB9-28CE-487E-9F1D-86BB71CB2308}.Release|Any CPU.Build.0 = Release|Any CPU
		{F24E7EB9-28CE-487E-9F1D-86BB71CB2308}.Release|x64.ActiveCfg = Release|Any CPU
		{F24E7EB9-28CE-487E-9F1D-86BB71CB2308}.Release|x64.Build.0 = Release|Any CPU
		{F24E7EB9-28CE-487E-9F1D-86BB71CB2308}.Release|x86.ActiveCfg = Release|Any CPU
		{F24E7EB9-28CE-487E-9F1D-86BB71CB2308}.Release|x86.Build.0 = Release|Any CPU
	EndGlobalSection
	GlobalSection(SolutionProperties) = preSolution
		HideSolutionNode = FALSE
	EndGlobalSection
	GlobalSection(ExtensibilityGlobals) = postSolution
		SolutionGuid = {8A9002E2-58A1-4FBA-8B79-D266785DE051}
	EndGlobalSection
EndGlobal
