
Microsoft Visual Studio Solution File, Format Version 12.00
# Visual Studio Version 17
VisualStudioVersion = 17.0.31903.59
MinimumVisualStudioVersion = 10.0.40219.1
Project("{2150E333-8FDC-42A3-9474-1A3956D46DE8}") = "src", "src", "{827E0CD3-B72D-47B6-A68D-7590B98EB39B}"
EndProject
Project("{FAE04EC0-301F-11D3-BF4B-00C04F79EFBC}") = "BlueprintCqrs", "src\BlueprintCqrs\BlueprintCqrs.csproj", "{A6BBA0C4-9756-4C01-A76C-23F4E17BD75B}"
EndProject
Project("{FAE04EC0-301F-11D3-BF4B-00C04F79EFBC}") = "BlueprintCqrs.Infrastructure", "src\BlueprintCqrs.Infrastructure\BlueprintCqrs.Infrastructure.csproj", "{B9F0F5E3-DA0D-4B3D-9B20-4E06F392A73C}"
EndProject
Project("{FAE04EC0-301F-11D3-BF4B-00C04F79EFBC}") = "BlueprintCqrs.Domain", "src\BlueprintCqrs.Domain\BlueprintCqrs.Domain.csproj", "{C6778AE4-73DE-47BD-8744-0230DC9CF7F8}"
EndProject
Project("{FAE04EC0-301F-11D3-BF4B-00C04F79EFBC}") = "BlueprintCqrs.Crosscutting", "src\BlueprintCqrs.Crosscutting\BlueprintCqrs.Crosscutting.csproj", "{01AED175-18CA-49DF-8BE2-2130A3F18496}"
EndProject
Project("{FAE04EC0-301F-11D3-BF4B-00C04F79EFBC}") = "BlueprintCqrs.Dto", "src\BlueprintCqrs.Dto\BlueprintCqrs.Dto.csproj", "{870F088F-065B-4DE1-9231-6C4BB3EA5074}"
EndProject
Project("{FAE04EC0-301F-11D3-BF4B-00C04F79EFBC}") = "BlueprintCqrs.Domain.Services", "src\BlueprintCqrs.Domain.Services\BlueprintCqrs.Domain.Services.csproj", "{5D8F631E-F7B5-49D7-BF70-568556B98200}"
EndProject
Project("{FAE04EC0-301F-11D3-BF4B-00C04F79EFBC}") = "BlueprintCqrs.Application", "src\BlueprintCqrs.Application\BlueprintCqrs.Application.csproj", "{9FD248F1-2B77-4B38-86B8-ADED61B5995E}"
EndProject
Project("{2150E333-8FDC-42A3-9474-1A3956D46DE8}") = "test", "test", "{0C88DD14-F956-CE84-757C-A364CCF449FC}"
EndProject
Project("{FAE04EC0-301F-11D3-BF4B-00C04F79EFBC}") = "BlueprintCqrs.Test", "test\BlueprintCqrs.Test\BlueprintCqrs.Test.csproj", "{C16D3342-3B97-4FB0-A702-6B5357B18921}"
EndProject
Global
	GlobalSection(SolutionConfigurationPlatforms) = preSolution
		Debug|Any CPU = Debug|Any CPU
		Debug|x64 = Debug|x64
		Debug|x86 = Debug|x86
		Release|Any CPU = Release|Any CPU
		Release|x64 = Release|x64
		Release|x86 = Release|x86
	EndGlobalSection
	GlobalSection(ProjectConfigurationPlatforms) = postSolution
		{A6BBA0C4-9756-4C01-A76C-23F4E17BD75B}.Debug|Any CPU.ActiveCfg = Debug|Any CPU
		{A6BBA0C4-9756-4C01-A76C-23F4E17BD75B}.Debug|Any CPU.Build.0 = Debug|Any CPU
		{A6BBA0C4-9756-4C01-A76C-23F4E17BD75B}.Debug|x64.ActiveCfg = Debug|Any CPU
		{A6BBA0C4-9756-4C01-A76C-23F4E17BD75B}.Debug|x64.Build.0 = Debug|Any CPU
		{A6BBA0C4-9756-4C01-A76C-23F4E17BD75B}.Debug|x86.ActiveCfg = Debug|Any CPU
		{A6BBA0C4-9756-4C01-A76C-23F4E17BD75B}.Debug|x86.Build.0 = Debug|Any CPU
		{A6BBA0C4-9756-4C01-A76C-23F4E17BD75B}.Release|Any CPU.ActiveCfg = Release|Any CPU
		{A6BBA0C4-9756-4C01-A76C-23F4E17BD75B}.Release|Any CPU.Build.0 = Release|Any CPU
		{A6BBA0C4-9756-4C01-A76C-23F4E17BD75B}.Release|x64.ActiveCfg = Release|Any CPU
		{A6BBA0C4-9756-4C01-A76C-23F4E17BD75B}.Release|x64.Build.0 = Release|Any CPU
		{A6BBA0C4-9756-4C01-A76C-23F4E17BD75B}.Release|x86.ActiveCfg = Release|Any CPU
		{A6BBA0C4-9756-4C01-A76C-23F4E17BD75B}.Release|x86.Build.0 = Release|Any CPU
		{B9F0F5E3-DA0D-4B3D-9B20-4E06F392A73C}.Debug|Any CPU.ActiveCfg = Debug|Any CPU
		{B9F0F5E3-DA0D-4B3D-9B20-4E06F392A73C}.Debug|Any CPU.Build.0 = Debug|Any CPU
		{B9F0F5E3-DA0D-4B3D-9B20-4E06F392A73C}.Debug|x64.ActiveCfg = Debug|Any CPU
		{B9F0F5E3-DA0D-4B3D-9B20-4E06F392A73C}.Debug|x64.Build.0 = Debug|Any CPU
		{B9F0F5E3-DA0D-4B3D-9B20-4E06F392A73C}.Debug|x86.ActiveCfg = Debug|Any CPU
		{B9F0F5E3-DA0D-4B3D-9B20-4E06F392A73C}.Debug|x86.Build.0 = Debug|Any CPU
		{B9F0F5E3-DA0D-4B3D-9B20-4E06F392A73C}.Release|Any CPU.ActiveCfg = Release|Any CPU
		{B9F0F5E3-DA0D-4B3D-9B20-4E06F392A73C}.Release|Any CPU.Build.0 = Release|Any CPU
		{B9F0F5E3-DA0D-4B3D-9B20-4E06F392A73C}.Release|x64.ActiveCfg = Release|Any CPU
		{B9F0F5E3-DA0D-4B3D-9B20-4E06F392A73C}.Release|x64.Build.0 = Release|Any CPU
		{B9F0F5E3-DA0D-4B3D-9B20-4E06F392A73C}.Release|x86.ActiveCfg = Release|Any CPU
		{B9F0F5E3-DA0D-4B3D-9B20-4E06F392A73C}.Release|x86.Build.0 = Release|Any CPU
		{C6778AE4-73DE-47BD-8744-0230DC9CF7F8}.Debug|Any CPU.ActiveCfg = Debug|Any CPU
		{C6778AE4-73DE-47BD-8744-0230DC9CF7F8}.Debug|Any CPU.Build.0 = Debug|Any CPU
		{C6778AE4-73DE-47BD-8744-0230DC9CF7F8}.Debug|x64.ActiveCfg = Debug|Any CPU
		{C6778AE4-73DE-47BD-8744-0230DC9CF7F8}.Debug|x64.Build.0 = Debug|Any CPU
		{C6778AE4-73DE-47BD-8744-0230DC9CF7F8}.Debug|x86.ActiveCfg = Debug|Any CPU
		{C6778AE4-73DE-47BD-8744-0230DC9CF7F8}.Debug|x86.Build.0 = Debug|Any CPU
		{C6778AE4-73DE-47BD-8744-0230DC9CF7F8}.Release|Any CPU.ActiveCfg = Release|Any CPU
		{C6778AE4-73DE-47BD-8744-0230DC9CF7F8}.Release|Any CPU.Build.0 = Release|Any CPU
		{C6778AE4-73DE-47BD-8744-0230DC9CF7F8}.Release|x64.ActiveCfg = Release|Any CPU
		{C6778AE4-73DE-47BD-8744-0230DC9CF7F8}.Release|x64.Build.0 = Release|Any CPU
		{C6778AE4-73DE-47BD-8744-0230DC9CF7F8}.Release|x86.ActiveCfg = Release|Any CPU
		{C6778AE4-73DE-47BD-8744-0230DC9CF7F8}.Release|x86.Build.0 = Release|Any CPU
		{01AED175-18CA-49DF-8BE2-2130A3F18496}.Debug|Any CPU.ActiveCfg = Debug|Any CPU
		{01AED175-18CA-49DF-8BE2-2130A3F18496}.Debug|Any CPU.Build.0 = Debug|Any CPU
		{01AED175-18CA-49DF-8BE2-2130A3F18496}.Debug|x64.ActiveCfg = Debug|Any CPU
		{01AED175-18CA-49DF-8BE2-2130A3F18496}.Debug|x64.Build.0 = Debug|Any CPU
		{01AED175-18CA-49DF-8BE2-2130A3F18496}.Debug|x86.ActiveCfg = Debug|Any CPU
		{01AED175-18CA-49DF-8BE2-2130A3F18496}.Debug|x86.Build.0 = Debug|Any CPU
		{01AED175-18CA-49DF-8BE2-2130A3F18496}.Release|Any CPU.ActiveCfg = Release|Any CPU
		{01AED175-18CA-49DF-8BE2-2130A3F18496}.Release|Any CPU.Build.0 = Release|Any CPU
		{01AED175-18CA-49DF-8BE2-2130A3F18496}.Release|x64.ActiveCfg = Release|Any CPU
		{01AED175-18CA-49DF-8BE2-2130A3F18496}.Release|x64.Build.0 = Release|Any CPU
		{01AED175-18CA-49DF-8BE2-2130A3F18496}.Release|x86.ActiveCfg = Release|Any CPU
		{01AED175-18CA-49DF-8BE2-2130A3F18496}.Release|x86.Build.0 = Release|Any CPU
		{870F088F-065B-4DE1-9231-6C4BB3EA5074}.Debug|Any CPU.ActiveCfg = Debug|Any CPU
		{870F088F-065B-4DE1-9231-6C4BB3EA5074}.Debug|Any CPU.Build.0 = Debug|Any CPU
		{870F088F-065B-4DE1-9231-6C4BB3EA5074}.Debug|x64.ActiveCfg = Debug|Any CPU
		{870F088F-065B-4DE1-9231-6C4BB3EA5074}.Debug|x64.Build.0 = Debug|Any CPU
		{870F088F-065B-4DE1-9231-6C4BB3EA5074}.Debug|x86.ActiveCfg = Debug|Any CPU
		{870F088F-065B-4DE1-9231-6C4BB3EA5074}.Debug|x86.Build.0 = Debug|Any CPU
		{870F088F-065B-4DE1-9231-6C4BB3EA5074}.Release|Any CPU.ActiveCfg = Release|Any CPU
		{870F088F-065B-4DE1-9231-6C4BB3EA5074}.Release|Any CPU.Build.0 = Release|Any CPU
		{870F088F-065B-4DE1-9231-6C4BB3EA5074}.Release|x64.ActiveCfg = Release|Any CPU
		{870F088F-065B-4DE1-9231-6C4BB3EA5074}.Release|x64.Build.0 = Release|Any CPU
		{870F088F-065B-4DE1-9231-6C4BB3EA5074}.Release|x86.ActiveCfg = Release|Any CPU
		{870F088F-065B-4DE1-9231-6C4BB3EA5074}.Release|x86.Build.0 = Release|Any CPU
		{5D8F631E-F7B5-49D7-BF70-568556B98200}.Debug|Any CPU.ActiveCfg = Debug|Any CPU
		{5D8F631E-F7B5-49D7-BF70-568556B98200}.Debug|Any CPU.Build.0 = Debug|Any CPU
		{5D8F631E-F7B5-49D7-BF70-568556B98200}.Debug|x64.ActiveCfg = Debug|Any CPU
		{5D8F631E-F7B5-49D7-BF70-568556B98200}.Debug|x64.Build.0 = Debug|Any CPU
		{5D8F631E-F7B5-49D7-BF70-568556B98200}.Debug|x86.ActiveCfg = Debug|Any CPU
		{5D8F631E-F7B5-49D7-BF70-568556B98200}.Debug|x86.Build.0 = Debug|Any CPU
		{5D8F631E-F7B5-49D7-BF70-568556B98200}.Release|Any CPU.ActiveCfg = Release|Any CPU
		{5D8F631E-F7B5-49D7-BF70-568556B98200}.Release|Any CPU.Build.0 = Release|Any CPU
		{5D8F631E-F7B5-49D7-BF70-568556B98200}.Release|x64.ActiveCfg = Release|Any CPU
		{5D8F631E-F7B5-49D7-BF70-568556B98200}.Release|x64.Build.0 = Release|Any CPU
		{5D8F631E-F7B5-49D7-BF70-568556B98200}.Release|x86.ActiveCfg = Release|Any CPU
		{5D8F631E-F7B5-49D7-BF70-568556B98200}.Release|x86.Build.0 = Release|Any CPU
		{9FD248F1-2B77-4B38-86B8-ADED61B5995E}.Debug|Any CPU.ActiveCfg = Debug|Any CPU
		{9FD248F1-2B77-4B38-86B8-ADED61B5995E}.Debug|Any CPU.Build.0 = Debug|Any CPU
		{9FD248F1-2B77-4B38-86B8-ADED61B5995E}.Debug|x64.ActiveCfg = Debug|Any CPU
		{9FD248F1-2B77-4B38-86B8-ADED61B5995E}.Debug|x64.Build.0 = Debug|Any CPU
		{9FD248F1-2B77-4B38-86B8-ADED61B5995E}.Debug|x86.ActiveCfg = Debug|Any CPU
		{9FD248F1-2B77-4B38-86B8-ADED61B5995E}.Debug|x86.Build.0 = Debug|Any CPU
		{9FD248F1-2B77-4B38-86B8-ADED61B5995E}.Release|Any CPU.ActiveCfg = Release|Any CPU
		{9FD248F1-2B77-4B38-86B8-ADED61B5995E}.Release|Any CPU.Build.0 = Release|Any CPU
		{9FD248F1-2B77-4B38-86B8-ADED61B5995E}.Release|x64.ActiveCfg = Release|Any CPU
		{9FD248F1-2B77-4B38-86B8-ADED61B5995E}.Release|x64.Build.0 = Release|Any CPU
		{9FD248F1-2B77-4B38-86B8-ADED61B5995E}.Release|x86.ActiveCfg = Release|Any CPU
		{9FD248F1-2B77-4B38-86B8-ADED61B5995E}.Release|x86.Build.0 = Release|Any CPU
		{C16D3342-3B97-4FB0-A702-6B5357B18921}.Debug|Any CPU.ActiveCfg = Debug|Any CPU
		{C16D3342-3B97-4FB0-A702-6B5357B18921}.Debug|Any CPU.Build.0 = Debug|Any CPU
		{C16D3342-3B97-4FB0-A702-6B5357B18921}.Debug|x64.ActiveCfg = Debug|Any CPU
		{C16D3342-3B97-4FB0-A702-6B5357B18921}.Debug|x64.Build.0 = Debug|Any CPU
		{C16D3342-3B97-4FB0-A702-6B5357B18921}.Debug|x86.ActiveCfg = Debug|Any CPU
		{C16D3342-3B97-4FB0-A702-6B5357B18921}.Debug|x86.Build.0 = Debug|Any CPU
		{C16D3342-3B97-4FB0-A702-6B5357B18921}.Release|Any CPU.ActiveCfg = Release|Any CPU
		{C16D3342-3B97-4FB0-A702-6B5357B18921}.Release|Any CPU.Build.0 = Release|Any CPU
		{C16D3342-3B97-4FB0-A702-6B5357B18921}.Release|x64.ActiveCfg = Release|Any CPU
		{C16D3342-3B97-4FB0-A702-6B5357B18921}.Release|x64.Build.0 = Release|Any CPU
		{C16D3342-3B97-4FB0-A702-6B5357B18921}.Release|x86.ActiveCfg = Release|Any CPU
		{C16D3342-3B97-4FB0-A702-6B5357B18921}.Release|x86.Build.0 = Release|Any CPU
	EndGlobalSection
	GlobalSection(SolutionProperties) = preSolution
		HideSolutionNode = FALSE
	EndGlobalSection
	GlobalSection(NestedProjects) = preSolution
		{A6BBA0C4-9756-4C01-A76C-23F4E17BD75B} = {827E0CD3-B72D-47B6-A68D-7590B98EB39B}
		{B9F0F5E3-DA0D-4B3D-9B20-4E06F392A73C} = {827E0CD3-B72D-47B6-A68D-7590B98EB39B}
		{C6778AE4-73DE-47BD-8744-0230DC9CF7F8} = {827E0CD3-B72D-47B6-A68D-7590B98EB39B}
		{01AED175-18CA-49DF-8BE2-2130A3F18496} = {827E0CD3-B72D-47B6-A68D-7590B98EB39B}
		{870F088F-065B-4DE1-9231-6C4BB3EA5074} = {827E0CD3-B72D-47B6-A68D-7590B98EB39B}
		{5D8F631E-F7B5-49D7-BF70-568556B98200} = {827E0CD3-B72D-47B6-A68D-7590B98EB39B}
		{9FD248F1-2B77-4B38-86B8-ADED61B5995E} = {827E0CD3-B72D-47B6-A68D-7590B98EB39B}
		{C16D3342-3B97-4FB0-A702-6B5357B18921} = {0C88DD14-F956-CE84-757C-A364CCF449FC}
	EndGlobalSection
EndGlobal
